// !$*UTF8*$!
{
	archiveVersion = 1;
	classes = {
	};
	objectVersion = 51;
	objects = {

/* Begin PBXBuildFile section */
		64822FE41B7344A877526D23 /* Pods_NNPopObjcDemo.framework in Frameworks */ = {isa = PBXBuildFile; fileRef = 1268B790C55A451BBFC4410E /* Pods_NNPopObjcDemo.framework */; };
		67456E2F23481BEF00783A6A /* NNPopObjc.framework in Frameworks */ = {isa = PBXBuildFile; fileRef = 67456E2E23481BEF00783A6A /* NNPopObjc.framework */; };
		676979C02345C7A000E13282 /* AppDelegate.m in Sources */ = {isa = PBXBuildFile; fileRef = 676979BF2345C7A000E13282 /* AppDelegate.m */; };
		676979C62345C7A000E13282 /* ViewController.m in Sources */ = {isa = PBXBuildFile; fileRef = 676979C52345C7A000E13282 /* ViewController.m */; };
		676979C92345C7A000E13282 /* Main.storyboard in Resources */ = {isa = PBXBuildFile; fileRef = 676979C72345C7A000E13282 /* Main.storyboard */; };
		676979CB2345C7A200E13282 /* Assets.xcassets in Resources */ = {isa = PBXBuildFile; fileRef = 676979CA2345C7A200E13282 /* Assets.xcassets */; };
		676979CE2345C7A200E13282 /* LaunchScreen.storyboard in Resources */ = {isa = PBXBuildFile; fileRef = 676979CC2345C7A200E13282 /* LaunchScreen.storyboard */; };
		676979D12345C7A200E13282 /* main.m in Sources */ = {isa = PBXBuildFile; fileRef = 676979D02345C7A200E13282 /* main.m */; };
		676979DB2345C7A200E13282 /* NNPopObjcDemoTests.m in Sources */ = {isa = PBXBuildFile; fileRef = 676979DA2345C7A200E13282 /* NNPopObjcDemoTests.m */; };
		676979E62345C7A200E13282 /* NNPopObjcDemoUITests.m in Sources */ = {isa = PBXBuildFile; fileRef = 676979E52345C7A200E13282 /* NNPopObjcDemoUITests.m */; };
		67697A052345C8B600E13282 /* NNDemoProtocol.m in Sources */ = {isa = PBXBuildFile; fileRef = 676979FC2345C8B600E13282 /* NNDemoProtocol.m */; };
		67697A062345C8B600E13282 /* NNDemoObjc.m in Sources */ = {isa = PBXBuildFile; fileRef = 676979FD2345C8B600E13282 /* NNDemoObjc.m */; };
		67697A072345C8B600E13282 /* NNDemoSwift.m in Sources */ = {isa = PBXBuildFile; fileRef = 67697A022345C8B600E13282 /* NNDemoSwift.m */; };
		67697A0B2345D08700E13282 /* NNDemoC.m in Sources */ = {isa = PBXBuildFile; fileRef = 67697A0A2345D08700E13282 /* NNDemoC.m */; };
		67697A112345D12100E13282 /* NNDemoCpp.m in Sources */ = {isa = PBXBuildFile; fileRef = 67697A102345D12100E13282 /* NNDemoCpp.m */; };
/* End PBXBuildFile section */

/* Begin PBXContainerItemProxy section */
		676979D72345C7A200E13282 /* PBXContainerItemProxy */ = {
			isa = PBXContainerItemProxy;
			containerPortal = 676979B32345C7A000E13282 /* Project object */;
			proxyType = 1;
			remoteGlobalIDString = 676979BA2345C7A000E13282;
			remoteInfo = NNPopObjcDemo;
		};
		676979E22345C7A200E13282 /* PBXContainerItemProxy */ = {
			isa = PBXContainerItemProxy;
			containerPortal = 676979B32345C7A000E13282 /* Project object */;
			proxyType = 1;
			remoteGlobalIDString = 676979BA2345C7A000E13282;
			remoteInfo = NNPopObjcDemo;
		};
/* End PBXContainerItemProxy section */

/* Begin PBXFileReference section */
		1268B790C55A451BBFC4410E /* Pods_NNPopObjcDemo.framework */ = {isa = PBXFileReference; explicitFileType = wrapper.framework; includeInIndex = 0; path = Pods_NNPopObjcDemo.framework; sourceTree = BUILT_PRODUCTS_DIR; };
		67456E2E23481BEF00783A6A /* NNPopObjc.framework */ = {isa = PBXFileReference; explicitFileType = wrapper.framework; path = NNPopObjc.framework; sourceTree = BUILT_PRODUCTS_DIR; };
		676979BB2345C7A000E13282 /* NNPopObjcDemo.app */ = {isa = PBXFileReference; explicitFileType = wrapper.application; includeInIndex = 0; path = NNPopObjcDemo.app; sourceTree = BUILT_PRODUCTS_DIR; };
		676979BE2345C7A000E13282 /* AppDelegate.h */ = {isa = PBXFileReference; lastKnownFileType = sourcecode.c.h; path = AppDelegate.h; sourceTree = "<group>"; };
		676979BF2345C7A000E13282 /* AppDelegate.m */ = {isa = PBXFileReference; lastKnownFileType = sourcecode.c.objc; path = AppDelegate.m; sourceTree = "<group>"; };
		676979C42345C7A000E13282 /* ViewController.h */ = {isa = PBXFileReference; lastKnownFileType = sourcecode.c.h; path = ViewController.h; sourceTree = "<group>"; };
		676979C52345C7A000E13282 /* ViewController.m */ = {isa = PBXFileReference; lastKnownFileType = sourcecode.c.objc; path = ViewController.m; sourceTree = "<group>"; };
		676979C82345C7A000E13282 /* Base */ = {isa = PBXFileReference; lastKnownFileType = file.storyboard; name = Base; path = Base.lproj/Main.storyboard; sourceTree = "<group>"; };
		676979CA2345C7A200E13282 /* Assets.xcassets */ = {isa = PBXFileReference; lastKnownFileType = folder.assetcatalog; path = Assets.xcassets; sourceTree = "<group>"; };
		676979CD2345C7A200E13282 /* Base */ = {isa = PBXFileReference; lastKnownFileType = file.storyboard; name = Base; path = Base.lproj/LaunchScreen.storyboard; sourceTree = "<group>"; };
		676979CF2345C7A200E13282 /* Info.plist */ = {isa = PBXFileReference; lastKnownFileType = text.plist.xml; path = Info.plist; sourceTree = "<group>"; };
		676979D02345C7A200E13282 /* main.m */ = {isa = PBXFileReference; lastKnownFileType = sourcecode.c.objc; path = main.m; sourceTree = "<group>"; };
		676979D62345C7A200E13282 /* NNPopObjcDemoTests.xctest */ = {isa = PBXFileReference; explicitFileType = wrapper.cfbundle; includeInIndex = 0; path = NNPopObjcDemoTests.xctest; sourceTree = BUILT_PRODUCTS_DIR; };
		676979DA2345C7A200E13282 /* NNPopObjcDemoTests.m */ = {isa = PBXFileReference; lastKnownFileType = sourcecode.c.objc; path = NNPopObjcDemoTests.m; sourceTree = "<group>"; };
		676979DC2345C7A200E13282 /* Info.plist */ = {isa = PBXFileReference; lastKnownFileType = text.plist.xml; path = Info.plist; sourceTree = "<group>"; };
		676979E12345C7A200E13282 /* NNPopObjcDemoUITests.xctest */ = {isa = PBXFileReference; explicitFileType = wrapper.cfbundle; includeInIndex = 0; path = NNPopObjcDemoUITests.xctest; sourceTree = BUILT_PRODUCTS_DIR; };
		676979E52345C7A200E13282 /* NNPopObjcDemoUITests.m */ = {isa = PBXFileReference; lastKnownFileType = sourcecode.c.objc; path = NNPopObjcDemoUITests.m; sourceTree = "<group>"; };
		676979E72345C7A200E13282 /* Info.plist */ = {isa = PBXFileReference; lastKnownFileType = text.plist.xml; path = Info.plist; sourceTree = "<group>"; };
		676979FC2345C8B600E13282 /* NNDemoProtocol.m */ = {isa = PBXFileReference; fileEncoding = 4; lastKnownFileType = sourcecode.c.objc; path = NNDemoProtocol.m; sourceTree = "<group>"; };
		676979FD2345C8B600E13282 /* NNDemoObjc.m */ = {isa = PBXFileReference; fileEncoding = 4; lastKnownFileType = sourcecode.c.objc; path = NNDemoObjc.m; sourceTree = "<group>"; };
		676979FE2345C8B600E13282 /* NNDemoSwift.h */ = {isa = PBXFileReference; fileEncoding = 4; lastKnownFileType = sourcecode.c.h; path = NNDemoSwift.h; sourceTree = "<group>"; };
		676979FF2345C8B600E13282 /* NNDemoLog.h */ = {isa = PBXFileReference; fileEncoding = 4; lastKnownFileType = sourcecode.c.h; path = NNDemoLog.h; sourceTree = "<group>"; };
		67697A012345C8B600E13282 /* NNDemoProtocol.h */ = {isa = PBXFileReference; fileEncoding = 4; lastKnownFileType = sourcecode.c.h; path = NNDemoProtocol.h; sourceTree = "<group>"; };
		67697A022345C8B600E13282 /* NNDemoSwift.m */ = {isa = PBXFileReference; fileEncoding = 4; lastKnownFileType = sourcecode.c.objc; path = NNDemoSwift.m; sourceTree = "<group>"; };
		67697A032345C8B600E13282 /* NNDemoObjc.h */ = {isa = PBXFileReference; fileEncoding = 4; lastKnownFileType = sourcecode.c.h; path = NNDemoObjc.h; sourceTree = "<group>"; };
		67697A082345C97A00E13282 /* PrefixHeader.pch */ = {isa = PBXFileReference; lastKnownFileType = sourcecode.c.h; path = PrefixHeader.pch; sourceTree = "<group>"; };
		67697A092345D08700E13282 /* NNDemoC.h */ = {isa = PBXFileReference; lastKnownFileType = sourcecode.c.h; path = NNDemoC.h; sourceTree = "<group>"; };
		67697A0A2345D08700E13282 /* NNDemoC.m */ = {isa = PBXFileReference; lastKnownFileType = sourcecode.c.objc; path = NNDemoC.m; sourceTree = "<group>"; };
		67697A0F2345D12100E13282 /* NNDemoCpp.h */ = {isa = PBXFileReference; lastKnownFileType = sourcecode.c.h; path = NNDemoCpp.h; sourceTree = "<group>"; };
		67697A102345D12100E13282 /* NNDemoCpp.m */ = {isa = PBXFileReference; lastKnownFileType = sourcecode.c.objc; path = NNDemoCpp.m; sourceTree = "<group>"; };
		9800FE6F500BD0D25B0C6180 /* Pods-NNPopObjcDemo.release.xcconfig */ = {isa = PBXFileReference; includeInIndex = 1; lastKnownFileType = text.xcconfig; name = "Pods-NNPopObjcDemo.release.xcconfig"; path = "Target Support Files/Pods-NNPopObjcDemo/Pods-NNPopObjcDemo.release.xcconfig"; sourceTree = "<group>"; };
		B1AAC29DB22B62E90A706662 /* Pods-NNPopObjcDemo.debug.xcconfig */ = {isa = PBXFileReference; includeInIndex = 1; lastKnownFileType = text.xcconfig; name = "Pods-NNPopObjcDemo.debug.xcconfig"; path = "Target Support Files/Pods-NNPopObjcDemo/Pods-NNPopObjcDemo.debug.xcconfig"; sourceTree = "<group>"; };
/* End PBXFileReference section */

/* Begin PBXFrameworksBuildPhase section */
		676979B82345C7A000E13282 /* Frameworks */ = {
			isa = PBXFrameworksBuildPhase;
			buildActionMask = 2147483647;
			files = (
				67456E2F23481BEF00783A6A /* NNPopObjc.framework in Frameworks */,
				64822FE41B7344A877526D23 /* Pods_NNPopObjcDemo.framework in Frameworks */,
			);
			runOnlyForDeploymentPostprocessing = 0;
		};
		676979D32345C7A200E13282 /* Frameworks */ = {
			isa = PBXFrameworksBuildPhase;
			buildActionMask = 2147483647;
			files = (
			);
			runOnlyForDeploymentPostprocessing = 0;
		};
		676979DE2345C7A200E13282 /* Frameworks */ = {
			isa = PBXFrameworksBuildPhase;
			buildActionMask = 2147483647;
			files = (
			);
			runOnlyForDeploymentPostprocessing = 0;
		};
/* End PBXFrameworksBuildPhase section */

/* Begin PBXGroup section */
		676979B22345C7A000E13282 = {
			isa = PBXGroup;
			children = (
				676979BD2345C7A000E13282 /* NNPopObjcDemo */,
				676979D92345C7A200E13282 /* NNPopObjcDemoTests */,
				676979E42345C7A200E13282 /* NNPopObjcDemoUITests */,
				676979BC2345C7A000E13282 /* Products */,
				D69A5723BAE40BC2951F06A1 /* Pods */,
				D03380877EFB636E7BD0B681 /* Frameworks */,
			);
			sourceTree = "<group>";
		};
		676979BC2345C7A000E13282 /* Products */ = {
			isa = PBXGroup;
			children = (
				676979BB2345C7A000E13282 /* NNPopObjcDemo.app */,
				676979D62345C7A200E13282 /* NNPopObjcDemoTests.xctest */,
				676979E12345C7A200E13282 /* NNPopObjcDemoUITests.xctest */,
			);
			name = Products;
			sourceTree = "<group>";
		};
		676979BD2345C7A000E13282 /* NNPopObjcDemo */ = {
			isa = PBXGroup;
			children = (
				676979FF2345C8B600E13282 /* NNDemoLog.h */,
				676979FA2345C8B600E13282 /* Demo */,
				676979BE2345C7A000E13282 /* AppDelegate.h */,
				676979BF2345C7A000E13282 /* AppDelegate.m */,
				676979C42345C7A000E13282 /* ViewController.h */,
				676979C52345C7A000E13282 /* ViewController.m */,
				676979C72345C7A000E13282 /* Main.storyboard */,
				676979CA2345C7A200E13282 /* Assets.xcassets */,
				676979CC2345C7A200E13282 /* LaunchScreen.storyboard */,
				676979CF2345C7A200E13282 /* Info.plist */,
				676979D02345C7A200E13282 /* main.m */,
				67697A082345C97A00E13282 /* PrefixHeader.pch */,
			);
			path = NNPopObjcDemo;
			sourceTree = "<group>";
		};
		676979D92345C7A200E13282 /* NNPopObjcDemoTests */ = {
			isa = PBXGroup;
			children = (
				676979DA2345C7A200E13282 /* NNPopObjcDemoTests.m */,
				676979DC2345C7A200E13282 /* Info.plist */,
			);
			path = NNPopObjcDemoTests;
			sourceTree = "<group>";
		};
		676979E42345C7A200E13282 /* NNPopObjcDemoUITests */ = {
			isa = PBXGroup;
			children = (
				676979E52345C7A200E13282 /* NNPopObjcDemoUITests.m */,
				676979E72345C7A200E13282 /* Info.plist */,
			);
			path = NNPopObjcDemoUITests;
			sourceTree = "<group>";
		};
		676979FA2345C8B600E13282 /* Demo */ = {
			isa = PBXGroup;
			children = (
				67697A012345C8B600E13282 /* NNDemoProtocol.h */,
				676979FC2345C8B600E13282 /* NNDemoProtocol.m */,
				67697A092345D08700E13282 /* NNDemoC.h */,
				67697A0A2345D08700E13282 /* NNDemoC.m */,
				67697A0F2345D12100E13282 /* NNDemoCpp.h */,
				67697A102345D12100E13282 /* NNDemoCpp.m */,
				67697A032345C8B600E13282 /* NNDemoObjc.h */,
				676979FD2345C8B600E13282 /* NNDemoObjc.m */,
				676979FE2345C8B600E13282 /* NNDemoSwift.h */,
				67697A022345C8B600E13282 /* NNDemoSwift.m */,
			);
			path = Demo;
			sourceTree = "<group>";
		};
		D03380877EFB636E7BD0B681 /* Frameworks */ = {
			isa = PBXGroup;
			children = (
				67456E2E23481BEF00783A6A /* NNPopObjc.framework */,
				1268B790C55A451BBFC4410E /* Pods_NNPopObjcDemo.framework */,
			);
			name = Frameworks;
			sourceTree = "<group>";
		};
		D69A5723BAE40BC2951F06A1 /* Pods */ = {
			isa = PBXGroup;
			children = (
				B1AAC29DB22B62E90A706662 /* Pods-NNPopObjcDemo.debug.xcconfig */,
				9800FE6F500BD0D25B0C6180 /* Pods-NNPopObjcDemo.release.xcconfig */,
			);
			name = Pods;
			path = ../Pods;
			sourceTree = "<group>";
		};
/* End PBXGroup section */

/* Begin PBXNativeTarget section */
		676979BA2345C7A000E13282 /* NNPopObjcDemo */ = {
			isa = PBXNativeTarget;
			buildConfigurationList = 676979EA2345C7A200E13282 /* Build configuration list for PBXNativeTarget "NNPopObjcDemo" */;
			buildPhases = (
				38A6DC6E3CF9D745BB281C33 /* [CP] Check Pods Manifest.lock */,
				676979B72345C7A000E13282 /* Sources */,
				676979B82345C7A000E13282 /* Frameworks */,
				676979B92345C7A000E13282 /* Resources */,
				318D1E04E929E4B40EA7296E /* [CP] Embed Pods Frameworks */,
			);
			buildRules = (
			);
			dependencies = (
			);
			name = NNPopObjcDemo;
			productName = NNPopObjcDemo;
			productReference = 676979BB2345C7A000E13282 /* NNPopObjcDemo.app */;
			productType = "com.apple.product-type.application";
		};
		676979D52345C7A200E13282 /* NNPopObjcDemoTests */ = {
			isa = PBXNativeTarget;
			buildConfigurationList = 676979ED2345C7A200E13282 /* Build configuration list for PBXNativeTarget "NNPopObjcDemoTests" */;
			buildPhases = (
				676979D22345C7A200E13282 /* Sources */,
				676979D32345C7A200E13282 /* Frameworks */,
				676979D42345C7A200E13282 /* Resources */,
			);
			buildRules = (
			);
			dependencies = (
				676979D82345C7A200E13282 /* PBXTargetDependency */,
			);
			name = NNPopObjcDemoTests;
			productName = NNPopObjcDemoTests;
			productReference = 676979D62345C7A200E13282 /* NNPopObjcDemoTests.xctest */;
			productType = "com.apple.product-type.bundle.unit-test";
		};
		676979E02345C7A200E13282 /* NNPopObjcDemoUITests */ = {
			isa = PBXNativeTarget;
			buildConfigurationList = 676979F02345C7A200E13282 /* Build configuration list for PBXNativeTarget "NNPopObjcDemoUITests" */;
			buildPhases = (
				676979DD2345C7A200E13282 /* Sources */,
				676979DE2345C7A200E13282 /* Frameworks */,
				676979DF2345C7A200E13282 /* Resources */,
			);
			buildRules = (
			);
			dependencies = (
				676979E32345C7A200E13282 /* PBXTargetDependency */,
			);
			name = NNPopObjcDemoUITests;
			productName = NNPopObjcDemoUITests;
			productReference = 676979E12345C7A200E13282 /* NNPopObjcDemoUITests.xctest */;
			productType = "com.apple.product-type.bundle.ui-testing";
		};
/* End PBXNativeTarget section */

/* Begin PBXProject section */
		676979B32345C7A000E13282 /* Project object */ = {
			isa = PBXProject;
			attributes = {
				LastUpgradeCheck = 1100;
				ORGANIZATIONNAME = GuHaiJun;
				TargetAttributes = {
					676979BA2345C7A000E13282 = {
						CreatedOnToolsVersion = 11.0;
					};
					676979D52345C7A200E13282 = {
						CreatedOnToolsVersion = 11.0;
						TestTargetID = 676979BA2345C7A000E13282;
					};
					676979E02345C7A200E13282 = {
						CreatedOnToolsVersion = 11.0;
						TestTargetID = 676979BA2345C7A000E13282;
					};
				};
			};
			buildConfigurationList = 676979B62345C7A000E13282 /* Build configuration list for PBXProject "NNPopObjcDemo" */;
			compatibilityVersion = "Xcode 9.3";
			developmentRegion = en;
			hasScannedForEncodings = 0;
			knownRegions = (
				en,
				Base,
			);
			mainGroup = 676979B22345C7A000E13282;
			productRefGroup = 676979BC2345C7A000E13282 /* Products */;
			projectDirPath = "";
			projectRoot = "";
			targets = (
				676979BA2345C7A000E13282 /* NNPopObjcDemo */,
				676979D52345C7A200E13282 /* NNPopObjcDemoTests */,
				676979E02345C7A200E13282 /* NNPopObjcDemoUITests */,
			);
		};
/* End PBXProject section */

/* Begin PBXResourcesBuildPhase section */
		676979B92345C7A000E13282 /* Resources */ = {
			isa = PBXResourcesBuildPhase;
			buildActionMask = 2147483647;
			files = (
				676979CE2345C7A200E13282 /* LaunchScreen.storyboard in Resources */,
				676979CB2345C7A200E13282 /* Assets.xcassets in Resources */,
				676979C92345C7A000E13282 /* Main.storyboard in Resources */,
			);
			runOnlyForDeploymentPostprocessing = 0;
		};
		676979D42345C7A200E13282 /* Resources */ = {
			isa = PBXResourcesBuildPhase;
			buildActionMask = 2147483647;
			files = (
			);
			runOnlyForDeploymentPostprocessing = 0;
		};
		676979DF2345C7A200E13282 /* Resources */ = {
			isa = PBXResourcesBuildPhase;
			buildActionMask = 2147483647;
			files = (
			);
			runOnlyForDeploymentPostprocessing = 0;
		};
/* End PBXResourcesBuildPhase section */

/* Begin PBXShellScriptBuildPhase section */
		318D1E04E929E4B40EA7296E /* [CP] Embed Pods Frameworks */ = {
			isa = PBXShellScriptBuildPhase;
			buildActionMask = 2147483647;
			files = (
			);
			inputFileListPaths = (
				"${PODS_ROOT}/Target Support Files/Pods-NNPopObjcDemo/Pods-NNPopObjcDemo-frameworks-${CONFIGURATION}-input-files.xcfilelist",
			);
			name = "[CP] Embed Pods Frameworks";
			outputFileListPaths = (
				"${PODS_ROOT}/Target Support Files/Pods-NNPopObjcDemo/Pods-NNPopObjcDemo-frameworks-${CONFIGURATION}-output-files.xcfilelist",
			);
			runOnlyForDeploymentPostprocessing = 0;
			shellPath = /bin/sh;
			shellScript = "\"${PODS_ROOT}/Target Support Files/Pods-NNPopObjcDemo/Pods-NNPopObjcDemo-frameworks.sh\"\n";
			showEnvVarsInLog = 0;
		};
		38A6DC6E3CF9D745BB281C33 /* [CP] Check Pods Manifest.lock */ = {
			isa = PBXShellScriptBuildPhase;
			buildActionMask = 2147483647;
			files = (
			);
			inputFileListPaths = (
			);
			inputPaths = (
				"${PODS_PODFILE_DIR_PATH}/Podfile.lock",
				"${PODS_ROOT}/Manifest.lock",
			);
			name = "[CP] Check Pods Manifest.lock";
			outputFileListPaths = (
			);
			outputPaths = (
				"$(DERIVED_FILE_DIR)/Pods-NNPopObjcDemo-checkManifestLockResult.txt",
			);
			runOnlyForDeploymentPostprocessing = 0;
			shellPath = /bin/sh;
			shellScript = "diff \"${PODS_PODFILE_DIR_PATH}/Podfile.lock\" \"${PODS_ROOT}/Manifest.lock\" > /dev/null\nif [ $? != 0 ] ; then\n    # print error to STDERR\n    echo \"error: The sandbox is not in sync with the Podfile.lock. Run 'pod install' or update your CocoaPods installation.\" >&2\n    exit 1\nfi\n# This output is used by Xcode 'outputs' to avoid re-running this script phase.\necho \"SUCCESS\" > \"${SCRIPT_OUTPUT_FILE_0}\"\n";
			showEnvVarsInLog = 0;
		};
/* End PBXShellScriptBuildPhase section */

/* Begin PBXSourcesBuildPhase section */
		676979B72345C7A000E13282 /* Sources */ = {
			isa = PBXSourcesBuildPhase;
			buildActionMask = 2147483647;
			files = (
				67697A0B2345D08700E13282 /* NNDemoC.m in Sources */,
				67697A072345C8B600E13282 /* NNDemoSwift.m in Sources */,
				67697A112345D12100E13282 /* NNDemoCpp.m in Sources */,
				67697A062345C8B600E13282 /* NNDemoObjc.m in Sources */,
				676979C62345C7A000E13282 /* ViewController.m in Sources */,
				676979C02345C7A000E13282 /* AppDelegate.m in Sources */,
				676979D12345C7A200E13282 /* main.m in Sources */,
				67697A052345C8B600E13282 /* NNDemoProtocol.m in Sources */,
			);
			runOnlyForDeploymentPostprocessing = 0;
		};
		676979D22345C7A200E13282 /* Sources */ = {
			isa = PBXSourcesBuildPhase;
			buildActionMask = 2147483647;
			files = (
				676979DB2345C7A200E13282 /* NNPopObjcDemoTests.m in Sources */,
			);
			runOnlyForDeploymentPostprocessing = 0;
		};
		676979DD2345C7A200E13282 /* Sources */ = {
			isa = PBXSourcesBuildPhase;
			buildActionMask = 2147483647;
			files = (
				676979E62345C7A200E13282 /* NNPopObjcDemoUITests.m in Sources */,
			);
			runOnlyForDeploymentPostprocessing = 0;
		};
/* End PBXSourcesBuildPhase section */

/* Begin PBXTargetDependency section */
		676979D82345C7A200E13282 /* PBXTargetDependency */ = {
			isa = PBXTargetDependency;
			target = 676979BA2345C7A000E13282 /* NNPopObjcDemo */;
			targetProxy = 676979D72345C7A200E13282 /* PBXContainerItemProxy */;
		};
		676979E32345C7A200E13282 /* PBXTargetDependency */ = {
			isa = PBXTargetDependency;
			target = 676979BA2345C7A000E13282 /* NNPopObjcDemo */;
			targetProxy = 676979E22345C7A200E13282 /* PBXContainerItemProxy */;
		};
/* End PBXTargetDependency section */

/* Begin PBXVariantGroup section */
		676979C72345C7A000E13282 /* Main.storyboard */ = {
			isa = PBXVariantGroup;
			children = (
				676979C82345C7A000E13282 /* Base */,
			);
			name = Main.storyboard;
			sourceTree = "<group>";
		};
		676979CC2345C7A200E13282 /* LaunchScreen.storyboard */ = {
			isa = PBXVariantGroup;
			children = (
				676979CD2345C7A200E13282 /* Base */,
			);
			name = LaunchScreen.storyboard;
			sourceTree = "<group>";
		};
/* End PBXVariantGroup section */

/* Begin XCBuildConfiguration section */
		676979E82345C7A200E13282 /* Debug */ = {
			isa = XCBuildConfiguration;
			buildSettings = {
				ALWAYS_SEARCH_USER_PATHS = NO;
				CLANG_ANALYZER_NONNULL = YES;
				CLANG_ANALYZER_NUMBER_OBJECT_CONVERSION = YES_AGGRESSIVE;
				CLANG_CXX_LANGUAGE_STANDARD = "gnu++14";
				CLANG_CXX_LIBRARY = "libc++";
				CLANG_ENABLE_MODULES = YES;
				CLANG_ENABLE_OBJC_ARC = YES;
				CLANG_ENABLE_OBJC_WEAK = YES;
				CLANG_WARN_BLOCK_CAPTURE_AUTORELEASING = YES;
				CLANG_WARN_BOOL_CONVERSION = YES;
				CLANG_WARN_COMMA = YES;
				CLANG_WARN_CONSTANT_CONVERSION = YES;
				CLANG_WARN_DEPRECATED_OBJC_IMPLEMENTATIONS = YES;
				CLANG_WARN_DIRECT_OBJC_ISA_USAGE = YES_ERROR;
				CLANG_WARN_DOCUMENTATION_COMMENTS = YES;
				CLANG_WARN_EMPTY_BODY = YES;
				CLANG_WARN_ENUM_CONVERSION = YES;
				CLANG_WARN_INFINITE_RECURSION = YES;
				CLANG_WARN_INT_CONVERSION = YES;
				CLANG_WARN_NON_LITERAL_NULL_CONVERSION = YES;
				CLANG_WARN_OBJC_IMPLICIT_RETAIN_SELF = YES;
				CLANG_WARN_OBJC_LITERAL_CONVERSION = YES;
				CLANG_WARN_OBJC_ROOT_CLASS = YES_ERROR;
				CLANG_WARN_RANGE_LOOP_ANALYSIS = YES;
				CLANG_WARN_STRICT_PROTOTYPES = YES;
				CLANG_WARN_SUSPICIOUS_MOVE = YES;
				CLANG_WARN_UNGUARDED_AVAILABILITY = YES_AGGRESSIVE;
				CLANG_WARN_UNREACHABLE_CODE = YES;
				CLANG_WARN__DUPLICATE_METHOD_MATCH = YES;
				COPY_PHASE_STRIP = NO;
				DEBUG_INFORMATION_FORMAT = dwarf;
				ENABLE_STRICT_OBJC_MSGSEND = YES;
				ENABLE_TESTABILITY = YES;
				GCC_C_LANGUAGE_STANDARD = gnu11;
				GCC_DYNAMIC_NO_PIC = NO;
				GCC_NO_COMMON_BLOCKS = YES;
				GCC_OPTIMIZATION_LEVEL = 0;
				GCC_PREPROCESSOR_DEFINITIONS = (
					"DEBUG=1",
					"$(inherited)",
				);
				GCC_WARN_64_TO_32_BIT_CONVERSION = YES;
				GCC_WARN_ABOUT_RETURN_TYPE = YES_ERROR;
				GCC_WARN_UNDECLARED_SELECTOR = YES;
				GCC_WARN_UNINITIALIZED_AUTOS = YES_AGGRESSIVE;
				GCC_WARN_UNUSED_FUNCTION = YES;
				GCC_WARN_UNUSED_VARIABLE = YES;
				IPHONEOS_DEPLOYMENT_TARGET = 13.0;
				MTL_ENABLE_DEBUG_INFO = INCLUDE_SOURCE;
				MTL_FAST_MATH = YES;
				ONLY_ACTIVE_ARCH = YES;
				SDKROOT = iphoneos;
			};
			name = Debug;
		};
		676979E92345C7A200E13282 /* Release */ = {
			isa = XCBuildConfiguration;
			buildSettings = {
				ALWAYS_SEARCH_USER_PATHS = NO;
				CLANG_ANALYZER_NONNULL = YES;
				CLANG_ANALYZER_NUMBER_OBJECT_CONVERSION = YES_AGGRESSIVE;
				CLANG_CXX_LANGUAGE_STANDARD = "gnu++14";
				CLANG_CXX_LIBRARY = "libc++";
				CLANG_ENABLE_MODULES = YES;
				CLANG_ENABLE_OBJC_ARC = YES;
				CLANG_ENABLE_OBJC_WEAK = YES;
				CLANG_WARN_BLOCK_CAPTURE_AUTORELEASING = YES;
				CLANG_WARN_BOOL_CONVERSION = YES;
				CLANG_WARN_COMMA = YES;
				CLANG_WARN_CONSTANT_CONVERSION = YES;
				CLANG_WARN_DEPRECATED_OBJC_IMPLEMENTATIONS = YES;
				CLANG_WARN_DIRECT_OBJC_ISA_USAGE = YES_ERROR;
				CLANG_WARN_DOCUMENTATION_COMMENTS = YES;
				CLANG_WARN_EMPTY_BODY = YES;
				CLANG_WARN_ENUM_CONVERSION = YES;
				CLANG_WARN_INFINITE_RECURSION = YES;
				CLANG_WARN_INT_CONVERSION = YES;
				CLANG_WARN_NON_LITERAL_NULL_CONVERSION = YES;
				CLANG_WARN_OBJC_IMPLICIT_RETAIN_SELF = YES;
				CLANG_WARN_OBJC_LITERAL_CONVERSION = YES;
				CLANG_WARN_OBJC_ROOT_CLASS = YES_ERROR;
				CLANG_WARN_RANGE_LOOP_ANALYSIS = YES;
				CLANG_WARN_STRICT_PROTOTYPES = YES;
				CLANG_WARN_SUSPICIOUS_MOVE = YES;
				CLANG_WARN_UNGUARDED_AVAILABILITY = YES_AGGRESSIVE;
				CLANG_WARN_UNREACHABLE_CODE = YES;
				CLANG_WARN__DUPLICATE_METHOD_MATCH = YES;
				COPY_PHASE_STRIP = NO;
				DEBUG_INFORMATION_FORMAT = "dwarf-with-dsym";
				ENABLE_NS_ASSERTIONS = NO;
				ENABLE_STRICT_OBJC_MSGSEND = YES;
				GCC_C_LANGUAGE_STANDARD = gnu11;
				GCC_NO_COMMON_BLOCKS = YES;
				GCC_WARN_64_TO_32_BIT_CONVERSION = YES;
				GCC_WARN_ABOUT_RETURN_TYPE = YES_ERROR;
				GCC_WARN_UNDECLARED_SELECTOR = YES;
				GCC_WARN_UNINITIALIZED_AUTOS = YES_AGGRESSIVE;
				GCC_WARN_UNUSED_FUNCTION = YES;
				GCC_WARN_UNUSED_VARIABLE = YES;
				IPHONEOS_DEPLOYMENT_TARGET = 13.0;
				MTL_ENABLE_DEBUG_INFO = NO;
				MTL_FAST_MATH = YES;
				SDKROOT = iphoneos;
				VALIDATE_PRODUCT = YES;
			};
			name = Release;
		};
		676979EB2345C7A200E13282 /* Debug */ = {
			isa = XCBuildConfiguration;
			baseConfigurationReference = B1AAC29DB22B62E90A706662 /* Pods-NNPopObjcDemo.debug.xcconfig */;
			buildSettings = {
				ASSETCATALOG_COMPILER_APPICON_NAME = AppIcon;
				CODE_SIGN_STYLE = Automatic;
				GCC_PREFIX_HEADER = "$(SRCROOT)/NNPopObjcDemo/PrefixHeader.pch";
				INFOPLIST_FILE = NNPopObjcDemo/Info.plist;
				LD_RUNPATH_SEARCH_PATHS = (
					"$(inherited)",
					"@executable_path/Frameworks",
				);
				PRODUCT_BUNDLE_IDENTIFIER = com.nn.NNPopObjcDemo;
				PRODUCT_NAME = "$(TARGET_NAME)";
				TARGETED_DEVICE_FAMILY = "1,2";
			};
			name = Debug;
		};
		676979EC2345C7A200E13282 /* Release */ = {
			isa = XCBuildConfiguration;
			baseConfigurationReference = 9800FE6F500BD0D25B0C6180 /* Pods-NNPopObjcDemo.release.xcconfig */;
			buildSettings = {
				ASSETCATALOG_COMPILER_APPICON_NAME = AppIcon;
				CODE_SIGN_STYLE = Automatic;
				GCC_PREFIX_HEADER = "$(SRCROOT)/NNPopObjcDemo/PrefixHeader.pch";
				INFOPLIST_FILE = NNPopObjcDemo/Info.plist;
				LD_RUNPATH_SEARCH_PATHS = (
					"$(inherited)",
					"@executable_path/Frameworks",
				);
				PRODUCT_BUNDLE_IDENTIFIER = com.nn.NNPopObjcDemo;
				PRODUCT_NAME = "$(TARGET_NAME)";
				TARGETED_DEVICE_FAMILY = "1,2";
			};
			name = Release;
		};
		676979EE2345C7A200E13282 /* Debug */ = {
			isa = XCBuildConfiguration;
			buildSettings = {
				BUNDLE_LOADER = "$(TEST_HOST)";
				CODE_SIGN_STYLE = Automatic;
				INFOPLIST_FILE = NNPopObjcDemoTests/Info.plist;
				IPHONEOS_DEPLOYMENT_TARGET = 13.0;
				LD_RUNPATH_SEARCH_PATHS = (
					"$(inherited)",
					"@executable_path/Frameworks",
					"@loader_path/Frameworks",
				);
				PRODUCT_BUNDLE_IDENTIFIER = com.nn.NNPopObjcDemoTests;
				PRODUCT_NAME = "$(TARGET_NAME)";
				TARGETED_DEVICE_FAMILY = "1,2";
				TEST_HOST = "$(BUILT_PRODUCTS_DIR)/NNPopObjcDemo.app/NNPopObjcDemo";
			};
			name = Debug;
		};
		676979EF2345C7A200E13282 /* Release */ = {
			isa = XCBuildConfiguration;
			buildSettings = {
				BUNDLE_LOADER = "$(TEST_HOST)";
				CODE_SIGN_STYLE = Automatic;
				INFOPLIST_FILE = NNPopObjcDemoTests/Info.plist;
				IPHONEOS_DEPLOYMENT_TARGET = 13.0;
				LD_RUNPATH_SEARCH_PATHS = (
					"$(inherited)",
					"@executable_path/Frameworks",
					"@loader_path/Frameworks",
				);
				PRODUCT_BUNDLE_IDENTIFIER = com.nn.NNPopObjcDemoTests;
				PRODUCT_NAME = "$(TARGET_NAME)";
				TARGETED_DEVICE_FAMILY = "1,2";
				TEST_HOST = "$(BUILT_PRODUCTS_DIR)/NNPopObjcDemo.app/NNPopObjcDemo";
			};
			name = Release;
		};
		676979F12345C7A200E13282 /* Debug */ = {
			isa = XCBuildConfiguration;
			buildSettings = {
				CODE_SIGN_STYLE = Automatic;
				INFOPLIST_FILE = NNPopObjcDemoUITests/Info.plist;
				LD_RUNPATH_SEARCH_PATHS = (
					"$(inherited)",
					"@executable_path/Frameworks",
					"@loader_path/Frameworks",
				);
				PRODUCT_BUNDLE_IDENTIFIER = com.nn.NNPopObjcDemoUITests;
				PRODUCT_NAME = "$(TARGET_NAME)";
				TARGETED_DEVICE_FAMILY = "1,2";
				TEST_TARGET_NAME = NNPopObjcDemo;
			};
			name = Debug;
		};
		676979F22345C7A200E13282 /* Release */ = {
			isa = XCBuildConfiguration;
			buildSettings = {
				CODE_SIGN_STYLE = Automatic;
				INFOPLIST_FILE = NNPopObjcDemoUITests/Info.plist;
				LD_RUNPATH_SEARCH_PATHS = (
					"$(inherited)",
					"@executable_path/Frameworks",
					"@loader_path/Frameworks",
				);
				PRODUCT_BUNDLE_IDENTIFIER = com.nn.NNPopObjcDemoUITests;
				PRODUCT_NAME = "$(TARGET_NAME)";
				TARGETED_DEVICE_FAMILY = "1,2";
				TEST_TARGET_NAME = NNPopObjcDemo;
			};
			name = Release;
		};
/* End XCBuildConfiguration section */

/* Begin XCConfigurationList section */
		676979B62345C7A000E13282 /* Build configuration list for PBXProject "NNPopObjcDemo" */ = {
			isa = XCConfigurationList;
			buildConfigurations = (
				676979E82345C7A200E13282 /* Debug */,
				676979E92345C7A200E13282 /* Release */,
			);
			defaultConfigurationIsVisible = 0;
			defaultConfigurationName = Release;
		};
		676979EA2345C7A200E13282 /* Build configuration list for PBXNativeTarget "NNPopObjcDemo" */ = {
			isa = XCConfigurationList;
			buildConfigurations = (
				676979EB2345C7A200E13282 /* Debug */,
				676979EC2345C7A200E13282 /* Release */,
			);
			defaultConfigurationIsVisible = 0;
			defaultConfigurationName = Release;
		};
		676979ED2345C7A200E13282 /* Build configuration list for PBXNativeTarget "NNPopObjcDemoTests" */ = {
			isa = XCConfigurationList;
			buildConfigurations = (
				676979EE2345C7A200E13282 /* Debug */,
				676979EF2345C7A200E13282 /* Release */,
			);
			defaultConfigurationIsVisible = 0;
			defaultConfigurationName = Release;
		};
		676979F02345C7A200E13282 /* Build configuration list for PBXNativeTarget "NNPopObjcDemoUITests" */ = {
			isa = XCConfigurationList;
			buildConfigurations = (
				676979F12345C7A200E13282 /* Debug */,
				676979F22345C7A200E13282 /* Release */,
			);
			defaultConfigurationIsVisible = 0;
			defaultConfigurationName = Release;
		};
/* End XCConfigurationList section */
	};
	rootObject = 676979B32345C7A000E13282 /* Project object */;
}
