// !$*UTF8*$!
{
	archiveVersion = 1;
	classes = {
	};
	objectVersion = 50;
	objects = {

/* Begin PBXBuildFile section */
		7A0D5D17240F371F00BF2EC0 /* NNStatic.m in Sources */ = {isa = PBXBuildFile; fileRef = 7A0D5D13240F371F00BF2EC0 /* NNStatic.m */; };
		7A0D5D18240F371F00BF2EC0 /* NNStaticProtocol.m in Sources */ = {isa = PBXBuildFile; fileRef = 7A0D5D16240F371F00BF2EC0 /* NNStaticProtocol.m */; };
		7A0D5D25240F390E00BF2EC0 /* NNPopObjcStaticExample.h in Headers */ = {isa = PBXBuildFile; fileRef = 7A0D5D23240F383900BF2EC0 /* NNPopObjcStaticExample.h */; settings = {ATTRIBUTES = (Public, ); }; };
		7A0D5D26240F390E00BF2EC0 /* NNStatic.h in Headers */ = {isa = PBXBuildFile; fileRef = 7A0D5D14240F371F00BF2EC0 /* NNStatic.h */; settings = {ATTRIBUTES = (Public, ); }; };
		7A0D5D27240F390E00BF2EC0 /* NNStaticProtocol.h in Headers */ = {isa = PBXBuildFile; fileRef = 7A0D5D15240F371F00BF2EC0 /* NNStaticProtocol.h */; settings = {ATTRIBUTES = (Public, ); }; };
/* End PBXBuildFile section */

/* Begin PBXCopyFilesBuildPhase section */
		7A0D5D05240F36C200BF2EC0 /* CopyFiles */ = {
			isa = PBXCopyFilesBuildPhase;
			buildActionMask = 2147483647;
			dstPath = "include/$(PRODUCT_NAME)";
			dstSubfolderSpec = 16;
			files = (
			);
			runOnlyForDeploymentPostprocessing = 0;
		};
/* End PBXCopyFilesBuildPhase section */

/* Begin PBXFileReference section */
		7A0D5D07240F36C200BF2EC0 /* libNNPopObjcStaticExample.a */ = {isa = PBXFileReference; explicitFileType = archive.ar; includeInIndex = 0; path = libNNPopObjcStaticExample.a; sourceTree = BUILT_PRODUCTS_DIR; };
		7A0D5D13240F371F00BF2EC0 /* NNStatic.m */ = {isa = PBXFileReference; fileEncoding = 4; lastKnownFileType = sourcecode.c.objc; path = NNStatic.m; sourceTree = "<group>"; };
		7A0D5D14240F371F00BF2EC0 /* NNStatic.h */ = {isa = PBXFileReference; fileEncoding = 4; lastKnownFileType = sourcecode.c.h; path = NNStatic.h; sourceTree = "<group>"; };
		7A0D5D15240F371F00BF2EC0 /* NNStaticProtocol.h */ = {isa = PBXFileReference; fileEncoding = 4; lastKnownFileType = sourcecode.c.h; path = NNStaticProtocol.h; sourceTree = "<group>"; };
		7A0D5D16240F371F00BF2EC0 /* NNStaticProtocol.m */ = {isa = PBXFileReference; fileEncoding = 4; lastKnownFileType = sourcecode.c.objc; path = NNStaticProtocol.m; sourceTree = "<group>"; };
		7A0D5D23240F383900BF2EC0 /* NNPopObjcStaticExample.h */ = {isa = PBXFileReference; lastKnownFileType = sourcecode.c.h; path = NNPopObjcStaticExample.h; sourceTree = "<group>"; };
/* End PBXFileReference section */

/* Begin PBXFrameworksBuildPhase section */
		7A0D5D04240F36C200BF2EC0 /* Frameworks */ = {
			isa = PBXFrameworksBuildPhase;
			buildActionMask = 2147483647;
			files = (
			);
			runOnlyForDeploymentPostprocessing = 0;
		};
/* End PBXFrameworksBuildPhase section */

/* Begin PBXGroup section */
		7A0D5CFE240F36C200BF2EC0 = {
			isa = PBXGroup;
			children = (
				7A0D5D09240F36C200BF2EC0 /* NNPopObjcStaticExample */,
				7A0D5D08240F36C200BF2EC0 /* Products */,
			);
			sourceTree = "<group>";
		};
		7A0D5D08240F36C200BF2EC0 /* Products */ = {
			isa = PBXGroup;
			children = (
				7A0D5D07240F36C200BF2EC0 /* libNNPopObjcStaticExample.a */,
			);
			name = Products;
			sourceTree = "<group>";
		};
		7A0D5D09240F36C200BF2EC0 /* NNPopObjcStaticExample */ = {
			isa = PBXGroup;
			children = (
				7A0D5D23240F383900BF2EC0 /* NNPopObjcStaticExample.h */,
				7A0D5D14240F371F00BF2EC0 /* NNStatic.h */,
				7A0D5D13240F371F00BF2EC0 /* NNStatic.m */,
				7A0D5D15240F371F00BF2EC0 /* NNStaticProtocol.h */,
				7A0D5D16240F371F00BF2EC0 /* NNStaticProtocol.m */,
			);
			path = NNPopObjcStaticExample;
			sourceTree = "<group>";
		};
/* End PBXGroup section */

/* Begin PBXHeadersBuildPhase section */
		7A0D5D24240F390000BF2EC0 /* Headers */ = {
			isa = PBXHeadersBuildPhase;
			buildActionMask = 2147483647;
			files = (
				7A0D5D25240F390E00BF2EC0 /* NNPopObjcStaticExample.h in Headers */,
				7A0D5D26240F390E00BF2EC0 /* NNStatic.h in Headers */,
				7A0D5D27240F390E00BF2EC0 /* NNStaticProtocol.h in Headers */,
			);
			runOnlyForDeploymentPostprocessing = 0;
		};
/* End PBXHeadersBuildPhase section */

/* Begin PBXNativeTarget section */
		7A0D5D06240F36C200BF2EC0 /* NNPopObjcStaticExample */ = {
			isa = PBXNativeTarget;
			buildConfigurationList = 7A0D5D10240F36C200BF2EC0 /* Build configuration list for PBXNativeTarget "NNPopObjcStaticExample" */;
			buildPhases = (
				7A0D5D24240F390000BF2EC0 /* Headers */,
				7A0D5D03240F36C200BF2EC0 /* Sources */,
				7A0D5D04240F36C200BF2EC0 /* Frameworks */,
				7A0D5D05240F36C200BF2EC0 /* CopyFiles */,
			);
			buildRules = (
			);
			dependencies = (
			);
			name = NNPopObjcStaticExample;
			productName = NNPopObjcStaticExample;
			productReference = 7A0D5D07240F36C200BF2EC0 /* libNNPopObjcStaticExample.a */;
			productType = "com.apple.product-type.library.static";
		};
/* End PBXNativeTarget section */

/* Begin PBXProject section */
		7A0D5CFF240F36C200BF2EC0 /* Project object */ = {
			isa = PBXProject;
			attributes = {
				LastUpgradeCheck = 1130;
				ORGANIZATIONNAME = "顾海军";
				TargetAttributes = {
					7A0D5D06240F36C200BF2EC0 = {
						CreatedOnToolsVersion = 11.3.1;
					};
				};
			};
			buildConfigurationList = 7A0D5D02240F36C200BF2EC0 /* Build configuration list for PBXProject "NNPopObjcStaticExample" */;
			compatibilityVersion = "Xcode 9.3";
			developmentRegion = en;
			hasScannedForEncodings = 0;
			knownRegions = (
				en,
				Base,
			);
			mainGroup = 7A0D5CFE240F36C200BF2EC0;
			productRefGroup = 7A0D5D08240F36C200BF2EC0 /* Products */;
			projectDirPath = "";
			projectRoot = "";
			targets = (
				7A0D5D06240F36C200BF2EC0 /* NNPopObjcStaticExample */,
			);
		};
/* End PBXProject section */

/* Begin PBXSourcesBuildPhase section */
		7A0D5D03240F36C200BF2EC0 /* Sources */ = {
			isa = PBXSourcesBuildPhase;
			buildActionMask = 2147483647;
			files = (
				7A0D5D18240F371F00BF2EC0 /* NNStaticProtocol.m in Sources */,
				7A0D5D17240F371F00BF2EC0 /* NNStatic.m in Sources */,
			);
			runOnlyForDeploymentPostprocessing = 0;
		};
/* End PBXSourcesBuildPhase section */

/* Begin XCBuildConfiguration section */
		7A0D5D0E240F36C200BF2EC0 /* Debug */ = {
			isa = XCBuildConfiguration;
			buildSettings = {
				ALWAYS_SEARCH_USER_PATHS = NO;
				CLANG_ANALYZER_NONNULL = YES;
				CLANG_ANALYZER_NUMBER_OBJECT_CONVERSION = YES_AGGRESSIVE;
				CLANG_CXX_LANGUAGE_STANDARD = "gnu++14";
				CLANG_CXX_LIBRARY = "libc++";
				CLANG_ENABLE_MODULES = YES;
				CLANG_ENABLE_OBJC_ARC = YES;
				CLANG_ENABLE_OBJC_WEAK = YES;
				CLANG_WARN_BLOCK_CAPTURE_AUTORELEASING = YES;
				CLANG_WARN_BOOL_CONVERSION = YES;
				CLANG_WARN_COMMA = YES;
				CLANG_WARN_CONSTANT_CONVERSION = YES;
				CLANG_WARN_DEPRECATED_OBJC_IMPLEMENTATIONS = YES;
				CLANG_WARN_DIRECT_OBJC_ISA_USAGE = YES_ERROR;
				CLANG_WARN_DOCUMENTATION_COMMENTS = YES;
				CLANG_WARN_EMPTY_BODY = YES;
				CLANG_WARN_ENUM_CONVERSION = YES;
				CLANG_WARN_INFINITE_RECURSION = YES;
				CLANG_WARN_INT_CONVERSION = YES;
				CLANG_WARN_NON_LITERAL_NULL_CONVERSION = YES;
				CLANG_WARN_OBJC_IMPLICIT_RETAIN_SELF = YES;
				CLANG_WARN_OBJC_LITERAL_CONVERSION = YES;
				CLANG_WARN_OBJC_ROOT_CLASS = YES_ERROR;
				CLANG_WARN_RANGE_LOOP_ANALYSIS = YES;
				CLANG_WARN_STRICT_PROTOTYPES = YES;
				CLANG_WARN_SUSPICIOUS_MOVE = YES;
				CLANG_WARN_UNGUARDED_AVAILABILITY = YES_AGGRESSIVE;
				CLANG_WARN_UNREACHABLE_CODE = YES;
				CLANG_WARN__DUPLICATE_METHOD_MATCH = YES;
				COPY_PHASE_STRIP = NO;
				DEBUG_INFORMATION_FORMAT = dwarf;
				ENABLE_STRICT_OBJC_MSGSEND = YES;
				ENABLE_TESTABILITY = YES;
				GCC_C_LANGUAGE_STANDARD = gnu11;
				GCC_DYNAMIC_NO_PIC = NO;
				GCC_NO_COMMON_BLOCKS = YES;
				GCC_OPTIMIZATION_LEVEL = 0;
				GCC_PREPROCESSOR_DEFINITIONS = (
					"DEBUG=1",
					"$(inherited)",
				);
				GCC_WARN_64_TO_32_BIT_CONVERSION = YES;
				GCC_WARN_ABOUT_RETURN_TYPE = YES_ERROR;
				GCC_WARN_UNDECLARED_SELECTOR = YES;
				GCC_WARN_UNINITIALIZED_AUTOS = YES_AGGRESSIVE;
				GCC_WARN_UNUSED_FUNCTION = YES;
				GCC_WARN_UNUSED_VARIABLE = YES;
				IPHONEOS_DEPLOYMENT_TARGET = 13.2;
				MTL_ENABLE_DEBUG_INFO = INCLUDE_SOURCE;
				MTL_FAST_MATH = YES;
				ONLY_ACTIVE_ARCH = YES;
				SDKROOT = iphoneos;
			};
			name = Debug;
		};
		7A0D5D0F240F36C200BF2EC0 /* Release */ = {
			isa = XCBuildConfiguration;
			buildSettings = {
				ALWAYS_SEARCH_USER_PATHS = NO;
				CLANG_ANALYZER_NONNULL = YES;
				CLANG_ANALYZER_NUMBER_OBJECT_CONVERSION = YES_AGGRESSIVE;
				CLANG_CXX_LANGUAGE_STANDARD = "gnu++14";
				CLANG_CXX_LIBRARY = "libc++";
				CLANG_ENABLE_MODULES = YES;
				CLANG_ENABLE_OBJC_ARC = YES;
				CLANG_ENABLE_OBJC_WEAK = YES;
				CLANG_WARN_BLOCK_CAPTURE_AUTORELEASING = YES;
				CLANG_WARN_BOOL_CONVERSION = YES;
				CLANG_WARN_COMMA = YES;
				CLANG_WARN_CONSTANT_CONVERSION = YES;
				CLANG_WARN_DEPRECATED_OBJC_IMPLEMENTATIONS = YES;
				CLANG_WARN_DIRECT_OBJC_ISA_USAGE = YES_ERROR;
				CLANG_WARN_DOCUMENTATION_COMMENTS = YES;
				CLANG_WARN_EMPTY_BODY = YES;
				CLANG_WARN_ENUM_CONVERSION = YES;
				CLANG_WARN_INFINITE_RECURSION = YES;
				CLANG_WARN_INT_CONVERSION = YES;
				CLANG_WARN_NON_LITERAL_NULL_CONVERSION = YES;
				CLANG_WARN_OBJC_IMPLICIT_RETAIN_SELF = YES;
				CLANG_WARN_OBJC_LITERAL_CONVERSION = YES;
				CLANG_WARN_OBJC_ROOT_CLASS = YES_ERROR;
				CLANG_WARN_RANGE_LOOP_ANALYSIS = YES;
				CLANG_WARN_STRICT_PROTOTYPES = YES;
				CLANG_WARN_SUSPICIOUS_MOVE = YES;
				CLANG_WARN_UNGUARDED_AVAILABILITY = YES_AGGRESSIVE;
				CLANG_WARN_UNREACHABLE_CODE = YES;
				CLANG_WARN__DUPLICATE_METHOD_MATCH = YES;
				COPY_PHASE_STRIP = NO;
				DEBUG_INFORMATION_FORMAT = "dwarf-with-dsym";
				ENABLE_NS_ASSERTIONS = NO;
				ENABLE_STRICT_OBJC_MSGSEND = YES;
				GCC_C_LANGUAGE_STANDARD = gnu11;
				GCC_NO_COMMON_BLOCKS = YES;
				GCC_WARN_64_TO_32_BIT_CONVERSION = YES;
				GCC_WARN_ABOUT_RETURN_TYPE = YES_ERROR;
				GCC_WARN_UNDECLARED_SELECTOR = YES;
				GCC_WARN_UNINITIALIZED_AUTOS = YES_AGGRESSIVE;
				GCC_WARN_UNUSED_FUNCTION = YES;
				GCC_WARN_UNUSED_VARIABLE = YES;
				IPHONEOS_DEPLOYMENT_TARGET = 13.2;
				MTL_ENABLE_DEBUG_INFO = NO;
				MTL_FAST_MATH = YES;
				SDKROOT = iphoneos;
				VALIDATE_PRODUCT = YES;
			};
			name = Release;
		};
		7A0D5D11240F36C200BF2EC0 /* Debug */ = {
			isa = XCBuildConfiguration;
			buildSettings = {
				CODE_SIGN_STYLE = Automatic;
				OTHER_LDFLAGS = "-ObjC";
				PRODUCT_NAME = "$(TARGET_NAME)";
				SKIP_INSTALL = YES;
				TARGETED_DEVICE_FAMILY = "1,2";
			};
			name = Debug;
		};
		7A0D5D12240F36C200BF2EC0 /* Release */ = {
			isa = XCBuildConfiguration;
			buildSettings = {
				CODE_SIGN_STYLE = Automatic;
				OTHER_LDFLAGS = "-ObjC";
				PRODUCT_NAME = "$(TARGET_NAME)";
				SKIP_INSTALL = YES;
				TARGETED_DEVICE_FAMILY = "1,2";
			};
			name = Release;
		};
/* End XCBuildConfiguration section */

/* Begin XCConfigurationList section */
		7A0D5D02240F36C200BF2EC0 /* Build configuration list for PBXProject "NNPopObjcStaticExample" */ = {
			isa = XCConfigurationList;
			buildConfigurations = (
				7A0D5D0E240F36C200BF2EC0 /* Debug */,
				7A0D5D0F240F36C200BF2EC0 /* Release */,
			);
			defaultConfigurationIsVisible = 0;
			defaultConfigurationName = Release;
		};
		7A0D5D10240F36C200BF2EC0 /* Build configuration list for PBXNativeTarget "NNPopObjcStaticExample" */ = {
			isa = XCConfigurationList;
			buildConfigurations = (
				7A0D5D11240F36C200BF2EC0 /* Debug */,
				7A0D5D12240F36C200BF2EC0 /* Release */,
			);
			defaultConfigurationIsVisible = 0;
			defaultConfigurationName = Release;
		};
/* End XCConfigurationList section */
	};
	rootObject = 7A0D5CFF240F36C200BF2EC0 /* Project object */;
}
