PODS:
  - NNPopObjc (0.0.1):
    - NNPopObjc/extobjc (= 0.0.1)
    - NNPopObjc/Public (= 0.0.1)
    - NNPopObjc/Source (= 0.0.1)
  - NNPopObjc/extobjc (0.0.1)
  - NNPopObjc/Public (0.0.1)
  - NNPopObjc/Source (0.0.1):
    - NNPopObjc/extobjc
    - NNPopObjc/Public

DEPENDENCIES:
  - NNPopObjc (from `NNPopObjc.podspec`)

EXTERNAL SOURCES:
  NNPopObjc:
    :path: NNPopObjc.podspec

SPEC CHECKSUMS:
  NNPopObjc: 7873f6e282a7725be51d39fdaef21b6c8ca51c73

PODFILE CHECKSUM: 5dba2bf68d091aabbbbd35e1fb91422ad7d801c4

COCOAPODS: 1.8.4
