PODS:
  - NNPopObjc (0.0.1):
    - NNPopObjc/extobjc (= 0.0.1)
    - NNPopObjc/Public (= 0.0.1)
    - NNPopObjc/Source (= 0.0.1)
  - NNPopObjc/extobjc (0.0.1)
  - NNPopObjc/Public (0.0.1)
  - NNPopObjc/Source (0.0.1)

DEPENDENCIES:
  - NNPopObjc (from `NNPopObjc.podspec`)

EXTERNAL SOURCES:
  NNPopObjc:
    :path: NNPopObjc.podspec

SPEC CHECKSUMS:
  NNPopObjc: 6ad704cccf24e232fe4b0b44040426a0db2f43da

PODFILE CHECKSUM: 401b42909e034be08d46dc97703406638b58b622

COCOAPODS: 1.8.4
