// !$*UTF8*$!
{
	archiveVersion = 1;
	classes = {
	};
	objectVersion = 50;
	objects = {

/* Begin PBXBuildFile section */
		6712AA59240110F000624CF3 /* NNTestClassCase6.mm in Sources */ = {isa = PBXBuildFile; fileRef = 6712AA57240110F000624CF3 /* NNTestClassCase6.mm */; };
		6712AA5A240110F000624CF3 /* NNTestClassCase6+NNTestProtocol.mm in Sources */ = {isa = PBXBuildFile; fileRef = 6712AA58240110F000624CF3 /* NNTestClassCase6+NNTestProtocol.mm */; };
		676979A22345C78300E13282 /* NNPopObjc.framework in Frameworks */ = {isa = PBXBuildFile; fileRef = 676979982345C78200E13282 /* NNPopObjc.framework */; };
		676979A72345C78300E13282 /* NNPopObjcTests.mm in Sources */ = {isa = PBXBuildFile; fileRef = 676979A62345C78300E13282 /* NNPopObjcTests.mm */; };
		67832E04239C834E0096DCCE /* NNTestProtocol.mm in Sources */ = {isa = PBXBuildFile; fileRef = 67832E03239C834E0096DCCE /* NNTestProtocol.mm */; };
		67832E0C239C8D290096DCCE /* NNTestClassCase1.mm in Sources */ = {isa = PBXBuildFile; fileRef = 67832E0B239C8D290096DCCE /* NNTestClassCase1.mm */; };
		6795E4972402178F00FE6AD5 /* NNPopObjcTickTock.h in Headers */ = {isa = PBXBuildFile; fileRef = 6795E4952402178F00FE6AD5 /* NNPopObjcTickTock.h */; };
		6795E4982402178F00FE6AD5 /* NNPopObjcTickTock.mm in Sources */ = {isa = PBXBuildFile; fileRef = 6795E4962402178F00FE6AD5 /* NNPopObjcTickTock.mm */; };
		67B1B5E2241A748300EB5ECF /* NNPopObjc.h in Headers */ = {isa = PBXBuildFile; fileRef = 7A826850237E7ED500FF9359 /* NNPopObjc.h */; settings = {ATTRIBUTES = (Public, ); }; };
		67B1B5E3241A748300EB5ECF /* NNPopObjcDefines.h in Headers */ = {isa = PBXBuildFile; fileRef = 7A826853237E7ED600FF9359 /* NNPopObjcDefines.h */; settings = {ATTRIBUTES = (Public, ); }; };
		67B1B5E4241A748300EB5ECF /* NNPopObjcDescription.h in Headers */ = {isa = PBXBuildFile; fileRef = 7A826852237E7ED600FF9359 /* NNPopObjcDescription.h */; settings = {ATTRIBUTES = (Public, ); }; };
		67B1B5E5241A748300EB5ECF /* NNPopObjcExtension.h in Headers */ = {isa = PBXBuildFile; fileRef = 7A826855237E7ED600FF9359 /* NNPopObjcExtension.h */; settings = {ATTRIBUTES = (Public, ); }; };
		67B1B5E6241A748300EB5ECF /* NNPopObjcMacros.h in Headers */ = {isa = PBXBuildFile; fileRef = 7A826856237E7ED600FF9359 /* NNPopObjcMacros.h */; settings = {ATTRIBUTES = (Public, ); }; };
		67B1B5E7241A748300EB5ECF /* NNPopObjcLogging.h in Headers */ = {isa = PBXBuildFile; fileRef = 7A82688D238244D300FF9359 /* NNPopObjcLogging.h */; };
		67B1B5E8241A748300EB5ECF /* NNPopObjcScope.h in Headers */ = {isa = PBXBuildFile; fileRef = 7A67D44A2398D1C100EEDF5B /* NNPopObjcScope.h */; settings = {ATTRIBUTES = (Public, ); }; };
		67B1B5E9241A748300EB5ECF /* NNPopObjcWhere.h in Headers */ = {isa = PBXBuildFile; fileRef = 7A826854237E7ED600FF9359 /* NNPopObjcWhere.h */; settings = {ATTRIBUTES = (Public, ); }; };
		67B1B5EA241A748300EB5ECF /* NNPopObjcMetaMacros.h in Headers */ = {isa = PBXBuildFile; fileRef = 7A826858237E7ED600FF9359 /* NNPopObjcMetaMacros.h */; settings = {ATTRIBUTES = (Public, ); }; };
		67B1B5EB241A748300EB5ECF /* NNPopObjcTickTock.h in Headers */ = {isa = PBXBuildFile; fileRef = 6795E4952402178F00FE6AD5 /* NNPopObjcTickTock.h */; };
		67B1B5EC241A748300EB5ECF /* NNPopObjcInjection.h in Headers */ = {isa = PBXBuildFile; fileRef = 7A82685C237E7ED600FF9359 /* NNPopObjcInjection.h */; };
		67B1B5ED241A748300EB5ECF /* NNPopObjcMemory.h in Headers */ = {isa = PBXBuildFile; fileRef = 7A82685F237E7ED600FF9359 /* NNPopObjcMemory.h */; };
		67B1B5EE241A748300EB5ECF /* NNPopObjcProtocol.h in Headers */ = {isa = PBXBuildFile; fileRef = 7A82685E237E7ED600FF9359 /* NNPopObjcProtocol.h */; };
		67B1B5F0241A748300EB5ECF /* NNPopObjcMemory.mm in Sources */ = {isa = PBXBuildFile; fileRef = 7A82685A237E7ED600FF9359 /* NNPopObjcMemory.mm */; };
		67B1B5F1241A748300EB5ECF /* NNPopObjcTickTock.mm in Sources */ = {isa = PBXBuildFile; fileRef = 6795E4962402178F00FE6AD5 /* NNPopObjcTickTock.mm */; };
		67B1B5F2241A748300EB5ECF /* NNPopObjcInjection.mm in Sources */ = {isa = PBXBuildFile; fileRef = 7A82685B237E7ED600FF9359 /* NNPopObjcInjection.mm */; };
		67B1B5F3241A748300EB5ECF /* NNPopObjcProtocol.mm in Sources */ = {isa = PBXBuildFile; fileRef = 7A82685D237E7ED600FF9359 /* NNPopObjcProtocol.mm */; };
		67B1B5F4241A748300EB5ECF /* NNPopObjcLogging.mm in Sources */ = {isa = PBXBuildFile; fileRef = 7A82688E238244D300FF9359 /* NNPopObjcLogging.mm */; };
		67E4F2D6241A91B800A4469E /* NNPopObjcInjection.h in Headers */ = {isa = PBXBuildFile; fileRef = 7A82685C237E7ED600FF9359 /* NNPopObjcInjection.h */; };
		67E4F2D7241A91B800A4469E /* NNPopObjcInjection.mm in Sources */ = {isa = PBXBuildFile; fileRef = 7A82685B237E7ED600FF9359 /* NNPopObjcInjection.mm */; };
		67E4F2D8241A91B800A4469E /* NNPopObjcMemory.h in Headers */ = {isa = PBXBuildFile; fileRef = 7A82685F237E7ED600FF9359 /* NNPopObjcMemory.h */; };
		67E4F2D9241A91B800A4469E /* NNPopObjcMemory.mm in Sources */ = {isa = PBXBuildFile; fileRef = 7A82685A237E7ED600FF9359 /* NNPopObjcMemory.mm */; };
		67E4F2DA241A91B800A4469E /* NNPopObjcProtocol.h in Headers */ = {isa = PBXBuildFile; fileRef = 7A82685E237E7ED600FF9359 /* NNPopObjcProtocol.h */; };
		67E4F2DB241A91B800A4469E /* NNPopObjcProtocol.mm in Sources */ = {isa = PBXBuildFile; fileRef = 7A82685D237E7ED600FF9359 /* NNPopObjcProtocol.mm */; };
		67E4F2DC241A91B800A4469E /* NNPopObjcLogging.h in Headers */ = {isa = PBXBuildFile; fileRef = 7A82688D238244D300FF9359 /* NNPopObjcLogging.h */; };
		67E4F2DD241A91B800A4469E /* NNPopObjcLogging.mm in Sources */ = {isa = PBXBuildFile; fileRef = 7A82688E238244D300FF9359 /* NNPopObjcLogging.mm */; };
		67E4F2DE241A91B800A4469E /* NNPopObjcTickTock.h in Headers */ = {isa = PBXBuildFile; fileRef = 6795E4952402178F00FE6AD5 /* NNPopObjcTickTock.h */; };
		67E4F2DF241A91B800A4469E /* NNPopObjcTickTock.mm in Sources */ = {isa = PBXBuildFile; fileRef = 6795E4962402178F00FE6AD5 /* NNPopObjcTickTock.mm */; };
		67E4F2E0241A91BE00A4469E /* NNPopObjcDefines.h in Headers */ = {isa = PBXBuildFile; fileRef = 7A826853237E7ED600FF9359 /* NNPopObjcDefines.h */; settings = {ATTRIBUTES = (Public, ); }; };
		67E4F2E1241A91BE00A4469E /* NNPopObjcDescription.h in Headers */ = {isa = PBXBuildFile; fileRef = 7A826852237E7ED600FF9359 /* NNPopObjcDescription.h */; settings = {ATTRIBUTES = (Public, ); }; };
		67E4F2E2241A91BE00A4469E /* NNPopObjcExtension.h in Headers */ = {isa = PBXBuildFile; fileRef = 7A826855237E7ED600FF9359 /* NNPopObjcExtension.h */; settings = {ATTRIBUTES = (Public, ); }; };
		67E4F2E3241A91BE00A4469E /* NNPopObjcMacros.h in Headers */ = {isa = PBXBuildFile; fileRef = 7A826856237E7ED600FF9359 /* NNPopObjcMacros.h */; settings = {ATTRIBUTES = (Public, ); }; };
		67E4F2E4241A91BE00A4469E /* NNPopObjcWhere.h in Headers */ = {isa = PBXBuildFile; fileRef = 7A826854237E7ED600FF9359 /* NNPopObjcWhere.h */; settings = {ATTRIBUTES = (Public, ); }; };
		67E4F2E5241A91BE00A4469E /* NNPopObjcScope.h in Headers */ = {isa = PBXBuildFile; fileRef = 7A67D44A2398D1C100EEDF5B /* NNPopObjcScope.h */; settings = {ATTRIBUTES = (Public, ); }; };
		67E4F304241A925100A4469E /* NNPopObjcInjection.h in Headers */ = {isa = PBXBuildFile; fileRef = 7A82685C237E7ED600FF9359 /* NNPopObjcInjection.h */; };
		67E4F305241A925100A4469E /* NNPopObjcInjection.mm in Sources */ = {isa = PBXBuildFile; fileRef = 7A82685B237E7ED600FF9359 /* NNPopObjcInjection.mm */; };
		67E4F306241A925100A4469E /* NNPopObjcMemory.h in Headers */ = {isa = PBXBuildFile; fileRef = 7A82685F237E7ED600FF9359 /* NNPopObjcMemory.h */; };
		67E4F307241A925100A4469E /* NNPopObjcMemory.mm in Sources */ = {isa = PBXBuildFile; fileRef = 7A82685A237E7ED600FF9359 /* NNPopObjcMemory.mm */; };
		67E4F308241A925100A4469E /* NNPopObjcProtocol.h in Headers */ = {isa = PBXBuildFile; fileRef = 7A82685E237E7ED600FF9359 /* NNPopObjcProtocol.h */; };
		67E4F309241A925100A4469E /* NNPopObjcProtocol.mm in Sources */ = {isa = PBXBuildFile; fileRef = 7A82685D237E7ED600FF9359 /* NNPopObjcProtocol.mm */; };
		67E4F30A241A925100A4469E /* NNPopObjcLogging.h in Headers */ = {isa = PBXBuildFile; fileRef = 7A82688D238244D300FF9359 /* NNPopObjcLogging.h */; };
		67E4F30B241A925100A4469E /* NNPopObjcLogging.mm in Sources */ = {isa = PBXBuildFile; fileRef = 7A82688E238244D300FF9359 /* NNPopObjcLogging.mm */; };
		67E4F30C241A925100A4469E /* NNPopObjcTickTock.h in Headers */ = {isa = PBXBuildFile; fileRef = 6795E4952402178F00FE6AD5 /* NNPopObjcTickTock.h */; };
		67E4F30D241A925100A4469E /* NNPopObjcTickTock.mm in Sources */ = {isa = PBXBuildFile; fileRef = 6795E4962402178F00FE6AD5 /* NNPopObjcTickTock.mm */; };
		67E4F30E241A925500A4469E /* NNPopObjcDefines.h in Headers */ = {isa = PBXBuildFile; fileRef = 7A826853237E7ED600FF9359 /* NNPopObjcDefines.h */; settings = {ATTRIBUTES = (Public, ); }; };
		67E4F30F241A925500A4469E /* NNPopObjcDescription.h in Headers */ = {isa = PBXBuildFile; fileRef = 7A826852237E7ED600FF9359 /* NNPopObjcDescription.h */; settings = {ATTRIBUTES = (Public, ); }; };
		67E4F310241A925500A4469E /* NNPopObjcExtension.h in Headers */ = {isa = PBXBuildFile; fileRef = 7A826855237E7ED600FF9359 /* NNPopObjcExtension.h */; settings = {ATTRIBUTES = (Public, ); }; };
		67E4F311241A925500A4469E /* NNPopObjcMacros.h in Headers */ = {isa = PBXBuildFile; fileRef = 7A826856237E7ED600FF9359 /* NNPopObjcMacros.h */; settings = {ATTRIBUTES = (Public, ); }; };
		67E4F312241A925500A4469E /* NNPopObjcWhere.h in Headers */ = {isa = PBXBuildFile; fileRef = 7A826854237E7ED600FF9359 /* NNPopObjcWhere.h */; settings = {ATTRIBUTES = (Public, ); }; };
		67E4F313241A925500A4469E /* NNPopObjcScope.h in Headers */ = {isa = PBXBuildFile; fileRef = 7A67D44A2398D1C100EEDF5B /* NNPopObjcScope.h */; settings = {ATTRIBUTES = (Public, ); }; };
		67E4F32F241A96EC00A4469E /* NNPopObjc.framework in Frameworks */ = {isa = PBXBuildFile; fileRef = 67E4F2ED241A922700A4469E /* NNPopObjc.framework */; };
		67E4F335241A973A00A4469E /* NNTestTrack.mm in Sources */ = {isa = PBXBuildFile; fileRef = 7A9E8DC423A337E5007FC1EC /* NNTestTrack.mm */; };
		67E4F336241A973A00A4469E /* NNTestFunctionParse.mm in Sources */ = {isa = PBXBuildFile; fileRef = 7A9E8DC723A33825007FC1EC /* NNTestFunctionParse.mm */; };
		67E4F337241A973A00A4469E /* NSString+NNTestTrack.mm in Sources */ = {isa = PBXBuildFile; fileRef = 7A9E8DCA23A339ED007FC1EC /* NSString+NNTestTrack.mm */; };
		67E4F338241A973D00A4469E /* NNTestProtocol.mm in Sources */ = {isa = PBXBuildFile; fileRef = 67832E03239C834E0096DCCE /* NNTestProtocol.mm */; };
		67E4F339241A974000A4469E /* NNPopObjcTests.mm in Sources */ = {isa = PBXBuildFile; fileRef = 676979A62345C78300E13282 /* NNPopObjcTests.mm */; };
		67E4F33A241A975100A4469E /* NNTestClassCase0.mm in Sources */ = {isa = PBXBuildFile; fileRef = 7A81856A23A7456A0070DBAD /* NNTestClassCase0.mm */; };
		67E4F33B241A975100A4469E /* NNTestClassCase1.mm in Sources */ = {isa = PBXBuildFile; fileRef = 67832E0B239C8D290096DCCE /* NNTestClassCase1.mm */; };
		67E4F33C241A975100A4469E /* NNTestClassCase2.mm in Sources */ = {isa = PBXBuildFile; fileRef = 7A9E8D6D23A20DD2007FC1EC /* NNTestClassCase2.mm */; };
		67E4F33D241A975100A4469E /* NNTestClassCase3.mm in Sources */ = {isa = PBXBuildFile; fileRef = 7A9E8DB123A21A22007FC1EC /* NNTestClassCase3.mm */; };
		67E4F33E241A975100A4469E /* NNTestClassCase4.mm in Sources */ = {isa = PBXBuildFile; fileRef = 7A81856423A72B800070DBAD /* NNTestClassCase4.mm */; };
		67E4F33F241A975100A4469E /* NNTestClassCase4+NNTestProtocol.mm in Sources */ = {isa = PBXBuildFile; fileRef = 7A81856723A72CD00070DBAD /* NNTestClassCase4+NNTestProtocol.mm */; };
		67E4F340241A975100A4469E /* NNTestClassCase5.mm in Sources */ = {isa = PBXBuildFile; fileRef = 7AA701AD23A863980013E48F /* NNTestClassCase5.mm */; };
		67E4F341241A975100A4469E /* NNTestClassCase5+NNTestProtocol.mm in Sources */ = {isa = PBXBuildFile; fileRef = 7AA701B023A863AF0013E48F /* NNTestClassCase5+NNTestProtocol.mm */; };
		67E4F342241A975100A4469E /* NNTestClassCase6.mm in Sources */ = {isa = PBXBuildFile; fileRef = 6712AA57240110F000624CF3 /* NNTestClassCase6.mm */; };
		67E4F343241A975100A4469E /* NNTestClassCase6+NNTestProtocol.mm in Sources */ = {isa = PBXBuildFile; fileRef = 6712AA58240110F000624CF3 /* NNTestClassCase6+NNTestProtocol.mm */; };
		67E4F34F241A985200A4469E /* NNPopObjc.framework in Frameworks */ = {isa = PBXBuildFile; fileRef = 67B1B5FA241A748300EB5ECF /* NNPopObjc.framework */; };
		67E4F355241A986A00A4469E /* NNTestClassCase0.mm in Sources */ = {isa = PBXBuildFile; fileRef = 7A81856A23A7456A0070DBAD /* NNTestClassCase0.mm */; };
		67E4F356241A986A00A4469E /* NNTestClassCase1.mm in Sources */ = {isa = PBXBuildFile; fileRef = 67832E0B239C8D290096DCCE /* NNTestClassCase1.mm */; };
		67E4F357241A986A00A4469E /* NNTestClassCase2.mm in Sources */ = {isa = PBXBuildFile; fileRef = 7A9E8D6D23A20DD2007FC1EC /* NNTestClassCase2.mm */; };
		67E4F358241A986A00A4469E /* NNTestClassCase3.mm in Sources */ = {isa = PBXBuildFile; fileRef = 7A9E8DB123A21A22007FC1EC /* NNTestClassCase3.mm */; };
		67E4F359241A986A00A4469E /* NNTestClassCase4.mm in Sources */ = {isa = PBXBuildFile; fileRef = 7A81856423A72B800070DBAD /* NNTestClassCase4.mm */; };
		67E4F35A241A986A00A4469E /* NNTestClassCase4+NNTestProtocol.mm in Sources */ = {isa = PBXBuildFile; fileRef = 7A81856723A72CD00070DBAD /* NNTestClassCase4+NNTestProtocol.mm */; };
		67E4F35B241A986A00A4469E /* NNTestClassCase5.mm in Sources */ = {isa = PBXBuildFile; fileRef = 7AA701AD23A863980013E48F /* NNTestClassCase5.mm */; };
		67E4F35C241A986A00A4469E /* NNTestClassCase5+NNTestProtocol.mm in Sources */ = {isa = PBXBuildFile; fileRef = 7AA701B023A863AF0013E48F /* NNTestClassCase5+NNTestProtocol.mm */; };
		67E4F35D241A986A00A4469E /* NNTestClassCase6.mm in Sources */ = {isa = PBXBuildFile; fileRef = 6712AA57240110F000624CF3 /* NNTestClassCase6.mm */; };
		67E4F35E241A986A00A4469E /* NNTestClassCase6+NNTestProtocol.mm in Sources */ = {isa = PBXBuildFile; fileRef = 6712AA58240110F000624CF3 /* NNTestClassCase6+NNTestProtocol.mm */; };
		67E4F35F241A986D00A4469E /* NNPopObjcTests.mm in Sources */ = {isa = PBXBuildFile; fileRef = 676979A62345C78300E13282 /* NNPopObjcTests.mm */; };
		67E4F360241A987300A4469E /* NNTestTrack.mm in Sources */ = {isa = PBXBuildFile; fileRef = 7A9E8DC423A337E5007FC1EC /* NNTestTrack.mm */; };
		67E4F361241A987300A4469E /* NNTestFunctionParse.mm in Sources */ = {isa = PBXBuildFile; fileRef = 7A9E8DC723A33825007FC1EC /* NNTestFunctionParse.mm */; };
		67E4F362241A987300A4469E /* NSString+NNTestTrack.mm in Sources */ = {isa = PBXBuildFile; fileRef = 7A9E8DCA23A339ED007FC1EC /* NSString+NNTestTrack.mm */; };
		67E4F363241A987300A4469E /* NNTestProtocol.mm in Sources */ = {isa = PBXBuildFile; fileRef = 67832E03239C834E0096DCCE /* NNTestProtocol.mm */; };
		7A67D44B2398D26200EEDF5B /* NNPopObjcScope.h in Headers */ = {isa = PBXBuildFile; fileRef = 7A67D44A2398D1C100EEDF5B /* NNPopObjcScope.h */; settings = {ATTRIBUTES = (Public, ); }; };
		7A81856523A72B800070DBAD /* NNTestClassCase4.mm in Sources */ = {isa = PBXBuildFile; fileRef = 7A81856423A72B800070DBAD /* NNTestClassCase4.mm */; };
		7A81856823A72CD00070DBAD /* NNTestClassCase4+NNTestProtocol.mm in Sources */ = {isa = PBXBuildFile; fileRef = 7A81856723A72CD00070DBAD /* NNTestClassCase4+NNTestProtocol.mm */; };
		7A81856B23A7456A0070DBAD /* NNTestClassCase0.mm in Sources */ = {isa = PBXBuildFile; fileRef = 7A81856A23A7456A0070DBAD /* NNTestClassCase0.mm */; };
		7A826867237E7ED600FF9359 /* NNPopObjcMemory.mm in Sources */ = {isa = PBXBuildFile; fileRef = 7A82685A237E7ED600FF9359 /* NNPopObjcMemory.mm */; };
		7A826868237E7ED600FF9359 /* NNPopObjcInjection.mm in Sources */ = {isa = PBXBuildFile; fileRef = 7A82685B237E7ED600FF9359 /* NNPopObjcInjection.mm */; };
		7A82686A237E7ED600FF9359 /* NNPopObjcProtocol.mm in Sources */ = {isa = PBXBuildFile; fileRef = 7A82685D237E7ED600FF9359 /* NNPopObjcProtocol.mm */; };
		7A82686D237E8A5A00FF9359 /* NNPopObjcDefines.h in Headers */ = {isa = PBXBuildFile; fileRef = 7A826853237E7ED600FF9359 /* NNPopObjcDefines.h */; settings = {ATTRIBUTES = (Public, ); }; };
		7A82686E237E8A5A00FF9359 /* NNPopObjcDescription.h in Headers */ = {isa = PBXBuildFile; fileRef = 7A826852237E7ED600FF9359 /* NNPopObjcDescription.h */; settings = {ATTRIBUTES = (Public, ); }; };
		7A82686F237E8A5A00FF9359 /* NNPopObjcExtension.h in Headers */ = {isa = PBXBuildFile; fileRef = 7A826855237E7ED600FF9359 /* NNPopObjcExtension.h */; settings = {ATTRIBUTES = (Public, ); }; };
		7A826870237E8A5A00FF9359 /* NNPopObjcMacros.h in Headers */ = {isa = PBXBuildFile; fileRef = 7A826856237E7ED600FF9359 /* NNPopObjcMacros.h */; settings = {ATTRIBUTES = (Public, ); }; };
		7A826871237E8A5A00FF9359 /* NNPopObjcWhere.h in Headers */ = {isa = PBXBuildFile; fileRef = 7A826854237E7ED600FF9359 /* NNPopObjcWhere.h */; settings = {ATTRIBUTES = (Public, ); }; };
		7A826872237E8A5E00FF9359 /* NNPopObjc.h in Headers */ = {isa = PBXBuildFile; fileRef = 7A826850237E7ED500FF9359 /* NNPopObjc.h */; settings = {ATTRIBUTES = (Public, ); }; };
		7A826873237E8B2800FF9359 /* NNPopObjcMetaMacros.h in Headers */ = {isa = PBXBuildFile; fileRef = 7A826858237E7ED600FF9359 /* NNPopObjcMetaMacros.h */; settings = {ATTRIBUTES = (Public, ); }; };
		7A826874237E8B3500FF9359 /* NNPopObjcInjection.h in Headers */ = {isa = PBXBuildFile; fileRef = 7A82685C237E7ED600FF9359 /* NNPopObjcInjection.h */; };
		7A826875237E8B3500FF9359 /* NNPopObjcMemory.h in Headers */ = {isa = PBXBuildFile; fileRef = 7A82685F237E7ED600FF9359 /* NNPopObjcMemory.h */; };
		7A826876237E8B3500FF9359 /* NNPopObjcProtocol.h in Headers */ = {isa = PBXBuildFile; fileRef = 7A82685E237E7ED600FF9359 /* NNPopObjcProtocol.h */; };
		7A82688F238244D300FF9359 /* NNPopObjcLogging.h in Headers */ = {isa = PBXBuildFile; fileRef = 7A82688D238244D300FF9359 /* NNPopObjcLogging.h */; };
		7A826890238244D300FF9359 /* NNPopObjcLogging.mm in Sources */ = {isa = PBXBuildFile; fileRef = 7A82688E238244D300FF9359 /* NNPopObjcLogging.mm */; };
		7A9E8D6E23A20DD2007FC1EC /* NNTestClassCase2.mm in Sources */ = {isa = PBXBuildFile; fileRef = 7A9E8D6D23A20DD2007FC1EC /* NNTestClassCase2.mm */; };
		7A9E8DB223A21A22007FC1EC /* NNTestClassCase3.mm in Sources */ = {isa = PBXBuildFile; fileRef = 7A9E8DB123A21A22007FC1EC /* NNTestClassCase3.mm */; };
		7A9E8DC523A337E5007FC1EC /* NNTestTrack.mm in Sources */ = {isa = PBXBuildFile; fileRef = 7A9E8DC423A337E5007FC1EC /* NNTestTrack.mm */; };
		7A9E8DC823A33825007FC1EC /* NNTestFunctionParse.mm in Sources */ = {isa = PBXBuildFile; fileRef = 7A9E8DC723A33825007FC1EC /* NNTestFunctionParse.mm */; };
		7A9E8DCB23A339ED007FC1EC /* NSString+NNTestTrack.mm in Sources */ = {isa = PBXBuildFile; fileRef = 7A9E8DCA23A339ED007FC1EC /* NSString+NNTestTrack.mm */; };
		7AA701AE23A863980013E48F /* NNTestClassCase5.mm in Sources */ = {isa = PBXBuildFile; fileRef = 7AA701AD23A863980013E48F /* NNTestClassCase5.mm */; };
		7AA701B123A863AF0013E48F /* NNTestClassCase5+NNTestProtocol.mm in Sources */ = {isa = PBXBuildFile; fileRef = 7AA701B023A863AF0013E48F /* NNTestClassCase5+NNTestProtocol.mm */; };
/* End PBXBuildFile section */

/* Begin PBXContainerItemProxy section */
		676979A32345C78300E13282 /* PBXContainerItemProxy */ = {
			isa = PBXContainerItemProxy;
			containerPortal = 6769798F2345C78200E13282 /* Project object */;
			proxyType = 1;
			remoteGlobalIDString = 676979972345C78200E13282;
			remoteInfo = NNPopObjc;
		};
		67E4F330241A96EC00A4469E /* PBXContainerItemProxy */ = {
			isa = PBXContainerItemProxy;
			containerPortal = 6769798F2345C78200E13282 /* Project object */;
			proxyType = 1;
			remoteGlobalIDString = 67E4F2EC241A922700A4469E;
			remoteInfo = "NNPopObjc tvOS";
		};
		67E4F350241A985200A4469E /* PBXContainerItemProxy */ = {
			isa = PBXContainerItemProxy;
			containerPortal = 6769798F2345C78200E13282 /* Project object */;
			proxyType = 1;
			remoteGlobalIDString = 67B1B5E0241A748300EB5ECF;
			remoteInfo = "NNPopObjc macOS";
		};
/* End PBXContainerItemProxy section */

/* Begin PBXFileReference section */
		6712AA56240110F000624CF3 /* NNTestClassCase6.h */ = {isa = PBXFileReference; fileEncoding = 4; lastKnownFileType = sourcecode.c.h; path = NNTestClassCase6.h; sourceTree = "<group>"; };
		6712AA57240110F000624CF3 /* NNTestClassCase6.mm */ = {isa = PBXFileReference; fileEncoding = 4; lastKnownFileType = sourcecode.cpp.objcpp; path = NNTestClassCase6.mm; sourceTree = "<group>"; };
		6712AA58240110F000624CF3 /* NNTestClassCase6+NNTestProtocol.mm */ = {isa = PBXFileReference; fileEncoding = 4; lastKnownFileType = sourcecode.cpp.objcpp; path = "NNTestClassCase6+NNTestProtocol.mm"; sourceTree = "<group>"; };
		676979982345C78200E13282 /* NNPopObjc.framework */ = {isa = PBXFileReference; explicitFileType = wrapper.framework; includeInIndex = 0; path = NNPopObjc.framework; sourceTree = BUILT_PRODUCTS_DIR; };
		6769799C2345C78200E13282 /* Info.plist */ = {isa = PBXFileReference; lastKnownFileType = text.plist.xml; path = Info.plist; sourceTree = "<group>"; };
		676979A12345C78300E13282 /* NNPopObjc iOS Tests.xctest */ = {isa = PBXFileReference; explicitFileType = wrapper.cfbundle; includeInIndex = 0; path = "NNPopObjc iOS Tests.xctest"; sourceTree = BUILT_PRODUCTS_DIR; };
		676979A62345C78300E13282 /* NNPopObjcTests.mm */ = {isa = PBXFileReference; lastKnownFileType = sourcecode.cpp.objcpp; path = NNPopObjcTests.mm; sourceTree = "<group>"; wrapsLines = 1; };
		676979A82345C78300E13282 /* Info.plist */ = {isa = PBXFileReference; lastKnownFileType = text.plist.xml; path = Info.plist; sourceTree = "<group>"; };
		67832E02239C834E0096DCCE /* NNTestProtocol.h */ = {isa = PBXFileReference; lastKnownFileType = sourcecode.c.h; path = NNTestProtocol.h; sourceTree = "<group>"; };
		67832E03239C834E0096DCCE /* NNTestProtocol.mm */ = {isa = PBXFileReference; lastKnownFileType = sourcecode.cpp.objcpp; path = NNTestProtocol.mm; sourceTree = "<group>"; };
		67832E0A239C8D290096DCCE /* NNTestClassCase1.h */ = {isa = PBXFileReference; lastKnownFileType = sourcecode.c.h; path = NNTestClassCase1.h; sourceTree = "<group>"; };
		67832E0B239C8D290096DCCE /* NNTestClassCase1.mm */ = {isa = PBXFileReference; lastKnownFileType = sourcecode.cpp.objcpp; path = NNTestClassCase1.mm; sourceTree = "<group>"; };
		6795E4952402178F00FE6AD5 /* NNPopObjcTickTock.h */ = {isa = PBXFileReference; lastKnownFileType = sourcecode.c.h; path = NNPopObjcTickTock.h; sourceTree = "<group>"; };
		6795E4962402178F00FE6AD5 /* NNPopObjcTickTock.mm */ = {isa = PBXFileReference; lastKnownFileType = sourcecode.cpp.objcpp; path = NNPopObjcTickTock.mm; sourceTree = "<group>"; };
		67B1B5FA241A748300EB5ECF /* NNPopObjc.framework */ = {isa = PBXFileReference; explicitFileType = wrapper.framework; includeInIndex = 0; path = NNPopObjc.framework; sourceTree = BUILT_PRODUCTS_DIR; };
		67E4F2CE241A918800A4469E /* NNPopObjc.framework */ = {isa = PBXFileReference; explicitFileType = wrapper.framework; includeInIndex = 0; path = NNPopObjc.framework; sourceTree = BUILT_PRODUCTS_DIR; };
		67E4F2ED241A922700A4469E /* NNPopObjc.framework */ = {isa = PBXFileReference; explicitFileType = wrapper.framework; includeInIndex = 0; path = NNPopObjc.framework; sourceTree = BUILT_PRODUCTS_DIR; };
		67E4F32A241A96EC00A4469E /* NNPopObjc tvOS Tests.xctest */ = {isa = PBXFileReference; explicitFileType = wrapper.cfbundle; includeInIndex = 0; path = "NNPopObjc tvOS Tests.xctest"; sourceTree = BUILT_PRODUCTS_DIR; };
		67E4F34A241A985200A4469E /* NNPopObjc macOS Tests.xctest */ = {isa = PBXFileReference; explicitFileType = wrapper.cfbundle; includeInIndex = 0; path = "NNPopObjc macOS Tests.xctest"; sourceTree = BUILT_PRODUCTS_DIR; };
		7A67D44A2398D1C100EEDF5B /* NNPopObjcScope.h */ = {isa = PBXFileReference; lastKnownFileType = sourcecode.c.h; path = NNPopObjcScope.h; sourceTree = "<group>"; };
		7A81856323A72B800070DBAD /* NNTestClassCase4.h */ = {isa = PBXFileReference; lastKnownFileType = sourcecode.c.h; path = NNTestClassCase4.h; sourceTree = "<group>"; };
		7A81856423A72B800070DBAD /* NNTestClassCase4.mm */ = {isa = PBXFileReference; lastKnownFileType = sourcecode.cpp.objcpp; path = NNTestClassCase4.mm; sourceTree = "<group>"; };
		7A81856723A72CD00070DBAD /* NNTestClassCase4+NNTestProtocol.mm */ = {isa = PBXFileReference; lastKnownFileType = sourcecode.cpp.objcpp; path = "NNTestClassCase4+NNTestProtocol.mm"; sourceTree = "<group>"; };
		7A81856923A7456A0070DBAD /* NNTestClassCase0.h */ = {isa = PBXFileReference; lastKnownFileType = sourcecode.c.h; path = NNTestClassCase0.h; sourceTree = "<group>"; };
		7A81856A23A7456A0070DBAD /* NNTestClassCase0.mm */ = {isa = PBXFileReference; lastKnownFileType = sourcecode.cpp.objcpp; path = NNTestClassCase0.mm; sourceTree = "<group>"; };
		7A826850237E7ED500FF9359 /* NNPopObjc.h */ = {isa = PBXFileReference; fileEncoding = 4; lastKnownFileType = sourcecode.c.h; path = NNPopObjc.h; sourceTree = "<group>"; };
		7A826852237E7ED600FF9359 /* NNPopObjcDescription.h */ = {isa = PBXFileReference; fileEncoding = 4; lastKnownFileType = sourcecode.c.h; path = NNPopObjcDescription.h; sourceTree = "<group>"; };
		7A826853237E7ED600FF9359 /* NNPopObjcDefines.h */ = {isa = PBXFileReference; fileEncoding = 4; lastKnownFileType = sourcecode.c.h; path = NNPopObjcDefines.h; sourceTree = "<group>"; };
		7A826854237E7ED600FF9359 /* NNPopObjcWhere.h */ = {isa = PBXFileReference; fileEncoding = 4; lastKnownFileType = sourcecode.c.h; path = NNPopObjcWhere.h; sourceTree = "<group>"; };
		7A826855237E7ED600FF9359 /* NNPopObjcExtension.h */ = {isa = PBXFileReference; fileEncoding = 4; lastKnownFileType = sourcecode.c.h; path = NNPopObjcExtension.h; sourceTree = "<group>"; };
		7A826856237E7ED600FF9359 /* NNPopObjcMacros.h */ = {isa = PBXFileReference; fileEncoding = 4; lastKnownFileType = sourcecode.c.h; path = NNPopObjcMacros.h; sourceTree = "<group>"; };
		7A826858237E7ED600FF9359 /* NNPopObjcMetaMacros.h */ = {isa = PBXFileReference; fileEncoding = 4; lastKnownFileType = sourcecode.c.h; path = NNPopObjcMetaMacros.h; sourceTree = "<group>"; };
		7A82685A237E7ED600FF9359 /* NNPopObjcMemory.mm */ = {isa = PBXFileReference; fileEncoding = 4; lastKnownFileType = sourcecode.cpp.objcpp; path = NNPopObjcMemory.mm; sourceTree = "<group>"; };
		7A82685B237E7ED600FF9359 /* NNPopObjcInjection.mm */ = {isa = PBXFileReference; fileEncoding = 4; lastKnownFileType = sourcecode.cpp.objcpp; path = NNPopObjcInjection.mm; sourceTree = "<group>"; };
		7A82685C237E7ED600FF9359 /* NNPopObjcInjection.h */ = {isa = PBXFileReference; fileEncoding = 4; lastKnownFileType = sourcecode.c.h; path = NNPopObjcInjection.h; sourceTree = "<group>"; };
		7A82685D237E7ED600FF9359 /* NNPopObjcProtocol.mm */ = {isa = PBXFileReference; fileEncoding = 4; lastKnownFileType = sourcecode.cpp.objcpp; path = NNPopObjcProtocol.mm; sourceTree = "<group>"; };
		7A82685E237E7ED600FF9359 /* NNPopObjcProtocol.h */ = {isa = PBXFileReference; fileEncoding = 4; lastKnownFileType = sourcecode.c.h; path = NNPopObjcProtocol.h; sourceTree = "<group>"; };
		7A82685F237E7ED600FF9359 /* NNPopObjcMemory.h */ = {isa = PBXFileReference; fileEncoding = 4; lastKnownFileType = sourcecode.c.h; path = NNPopObjcMemory.h; sourceTree = "<group>"; };
		7A82688D238244D300FF9359 /* NNPopObjcLogging.h */ = {isa = PBXFileReference; fileEncoding = 4; lastKnownFileType = sourcecode.c.h; path = NNPopObjcLogging.h; sourceTree = "<group>"; };
		7A82688E238244D300FF9359 /* NNPopObjcLogging.mm */ = {isa = PBXFileReference; fileEncoding = 4; lastKnownFileType = sourcecode.cpp.objcpp; path = NNPopObjcLogging.mm; sourceTree = "<group>"; };
		7A9E8D6C23A20DD2007FC1EC /* NNTestClassCase2.h */ = {isa = PBXFileReference; lastKnownFileType = sourcecode.c.h; path = NNTestClassCase2.h; sourceTree = "<group>"; };
		7A9E8D6D23A20DD2007FC1EC /* NNTestClassCase2.mm */ = {isa = PBXFileReference; lastKnownFileType = sourcecode.cpp.objcpp; path = NNTestClassCase2.mm; sourceTree = "<group>"; };
		7A9E8DB023A21A22007FC1EC /* NNTestClassCase3.h */ = {isa = PBXFileReference; lastKnownFileType = sourcecode.c.h; path = NNTestClassCase3.h; sourceTree = "<group>"; };
		7A9E8DB123A21A22007FC1EC /* NNTestClassCase3.mm */ = {isa = PBXFileReference; lastKnownFileType = sourcecode.cpp.objcpp; path = NNTestClassCase3.mm; sourceTree = "<group>"; };
		7A9E8DC323A337E5007FC1EC /* NNTestTrack.h */ = {isa = PBXFileReference; lastKnownFileType = sourcecode.c.h; path = NNTestTrack.h; sourceTree = "<group>"; };
		7A9E8DC423A337E5007FC1EC /* NNTestTrack.mm */ = {isa = PBXFileReference; lastKnownFileType = sourcecode.cpp.objcpp; path = NNTestTrack.mm; sourceTree = "<group>"; };
		7A9E8DC623A33825007FC1EC /* NNTestFunctionParse.h */ = {isa = PBXFileReference; lastKnownFileType = sourcecode.c.h; path = NNTestFunctionParse.h; sourceTree = "<group>"; };
		7A9E8DC723A33825007FC1EC /* NNTestFunctionParse.mm */ = {isa = PBXFileReference; lastKnownFileType = sourcecode.cpp.objcpp; path = NNTestFunctionParse.mm; sourceTree = "<group>"; };
		7A9E8DC923A339ED007FC1EC /* NSString+NNTestTrack.h */ = {isa = PBXFileReference; lastKnownFileType = sourcecode.c.h; path = "NSString+NNTestTrack.h"; sourceTree = "<group>"; };
		7A9E8DCA23A339ED007FC1EC /* NSString+NNTestTrack.mm */ = {isa = PBXFileReference; lastKnownFileType = sourcecode.cpp.objcpp; path = "NSString+NNTestTrack.mm"; sourceTree = "<group>"; };
		7AA701AC23A863980013E48F /* NNTestClassCase5.h */ = {isa = PBXFileReference; lastKnownFileType = sourcecode.c.h; path = NNTestClassCase5.h; sourceTree = "<group>"; };
		7AA701AD23A863980013E48F /* NNTestClassCase5.mm */ = {isa = PBXFileReference; lastKnownFileType = sourcecode.cpp.objcpp; path = NNTestClassCase5.mm; sourceTree = "<group>"; };
		7AA701B023A863AF0013E48F /* NNTestClassCase5+NNTestProtocol.mm */ = {isa = PBXFileReference; lastKnownFileType = sourcecode.cpp.objcpp; path = "NNTestClassCase5+NNTestProtocol.mm"; sourceTree = "<group>"; };
/* End PBXFileReference section */

/* Begin PBXFrameworksBuildPhase section */
		676979952345C78200E13282 /* Frameworks */ = {
			isa = PBXFrameworksBuildPhase;
			buildActionMask = 2147483647;
			files = (
			);
			runOnlyForDeploymentPostprocessing = 0;
		};
		6769799E2345C78300E13282 /* Frameworks */ = {
			isa = PBXFrameworksBuildPhase;
			buildActionMask = 2147483647;
			files = (
				676979A22345C78300E13282 /* NNPopObjc.framework in Frameworks */,
			);
			runOnlyForDeploymentPostprocessing = 0;
		};
		67B1B5F5241A748300EB5ECF /* Frameworks */ = {
			isa = PBXFrameworksBuildPhase;
			buildActionMask = 2147483647;
			files = (
			);
			runOnlyForDeploymentPostprocessing = 0;
		};
		67E4F2CB241A918800A4469E /* Frameworks */ = {
			isa = PBXFrameworksBuildPhase;
			buildActionMask = 2147483647;
			files = (
			);
			runOnlyForDeploymentPostprocessing = 0;
		};
		67E4F2EA241A922700A4469E /* Frameworks */ = {
			isa = PBXFrameworksBuildPhase;
			buildActionMask = 2147483647;
			files = (
			);
			runOnlyForDeploymentPostprocessing = 0;
		};
		67E4F327241A96EC00A4469E /* Frameworks */ = {
			isa = PBXFrameworksBuildPhase;
			buildActionMask = 2147483647;
			files = (
				67E4F32F241A96EC00A4469E /* NNPopObjc.framework in Frameworks */,
			);
			runOnlyForDeploymentPostprocessing = 0;
		};
		67E4F347241A985200A4469E /* Frameworks */ = {
			isa = PBXFrameworksBuildPhase;
			buildActionMask = 2147483647;
			files = (
				67E4F34F241A985200A4469E /* NNPopObjc.framework in Frameworks */,
			);
			runOnlyForDeploymentPostprocessing = 0;
		};
/* End PBXFrameworksBuildPhase section */

/* Begin PBXGroup section */
		6769798E2345C78200E13282 = {
			isa = PBXGroup;
			children = (
				6769799A2345C78200E13282 /* NNPopObjc */,
				676979A52345C78300E13282 /* NNPopObjcTests */,
				676979992345C78200E13282 /* Products */,
				67B1B619241A755300EB5ECF /* Frameworks */,
			);
			sourceTree = "<group>";
		};
		676979992345C78200E13282 /* Products */ = {
			isa = PBXGroup;
			children = (
				676979982345C78200E13282 /* NNPopObjc.framework */,
				676979A12345C78300E13282 /* NNPopObjc iOS Tests.xctest */,
				67B1B5FA241A748300EB5ECF /* NNPopObjc.framework */,
				67E4F2CE241A918800A4469E /* NNPopObjc.framework */,
				67E4F2ED241A922700A4469E /* NNPopObjc.framework */,
				67E4F32A241A96EC00A4469E /* NNPopObjc tvOS Tests.xctest */,
				67E4F34A241A985200A4469E /* NNPopObjc macOS Tests.xctest */,
			);
			name = Products;
			sourceTree = "<group>";
		};
		6769799A2345C78200E13282 /* NNPopObjc */ = {
			isa = PBXGroup;
			children = (
				7A826850237E7ED500FF9359 /* NNPopObjc.h */,
				7A826851237E7ED600FF9359 /* Public */,
				7A826859237E7ED600FF9359 /* Source */,
				7A826857237E7ED600FF9359 /* extobjc */,
				6769799C2345C78200E13282 /* Info.plist */,
			);
			path = NNPopObjc;
			sourceTree = "<group>";
		};
		676979A52345C78300E13282 /* NNPopObjcTests */ = {
			isa = PBXGroup;
			children = (
				7A9E8DC223A336E7007FC1EC /* NNTestTrack */,
				67832E0D239C8DC30096DCCE /* NNTestProtocol */,
				67832E09239C8CFB0096DCCE /* NNTestClasses */,
				676979A62345C78300E13282 /* NNPopObjcTests.mm */,
				676979A82345C78300E13282 /* Info.plist */,
			);
			path = NNPopObjcTests;
			sourceTree = "<group>";
		};
		67832E09239C8CFB0096DCCE /* NNTestClasses */ = {
			isa = PBXGroup;
			children = (
				7A81856923A7456A0070DBAD /* NNTestClassCase0.h */,
				7A81856A23A7456A0070DBAD /* NNTestClassCase0.mm */,
				67832E0A239C8D290096DCCE /* NNTestClassCase1.h */,
				67832E0B239C8D290096DCCE /* NNTestClassCase1.mm */,
				7A9E8D6C23A20DD2007FC1EC /* NNTestClassCase2.h */,
				7A9E8D6D23A20DD2007FC1EC /* NNTestClassCase2.mm */,
				7A9E8DB023A21A22007FC1EC /* NNTestClassCase3.h */,
				7A9E8DB123A21A22007FC1EC /* NNTestClassCase3.mm */,
				7A81856323A72B800070DBAD /* NNTestClassCase4.h */,
				7A81856423A72B800070DBAD /* NNTestClassCase4.mm */,
				7A81856723A72CD00070DBAD /* NNTestClassCase4+NNTestProtocol.mm */,
				7AA701AC23A863980013E48F /* NNTestClassCase5.h */,
				7AA701AD23A863980013E48F /* NNTestClassCase5.mm */,
				7AA701B023A863AF0013E48F /* NNTestClassCase5+NNTestProtocol.mm */,
				6712AA56240110F000624CF3 /* NNTestClassCase6.h */,
				6712AA57240110F000624CF3 /* NNTestClassCase6.mm */,
				6712AA58240110F000624CF3 /* NNTestClassCase6+NNTestProtocol.mm */,
			);
			path = NNTestClasses;
			sourceTree = "<group>";
		};
		67832E0D239C8DC30096DCCE /* NNTestProtocol */ = {
			isa = PBXGroup;
			children = (
				67832E02239C834E0096DCCE /* NNTestProtocol.h */,
				67832E03239C834E0096DCCE /* NNTestProtocol.mm */,
			);
			path = NNTestProtocol;
			sourceTree = "<group>";
		};
		67B1B619241A755300EB5ECF /* Frameworks */ = {
			isa = PBXGroup;
			children = (
			);
			name = Frameworks;
			sourceTree = "<group>";
		};
		7A826851237E7ED600FF9359 /* Public */ = {
			isa = PBXGroup;
			children = (
				7A826853237E7ED600FF9359 /* NNPopObjcDefines.h */,
				7A826852237E7ED600FF9359 /* NNPopObjcDescription.h */,
				7A826855237E7ED600FF9359 /* NNPopObjcExtension.h */,
				7A826856237E7ED600FF9359 /* NNPopObjcMacros.h */,
				7A826854237E7ED600FF9359 /* NNPopObjcWhere.h */,
				7A67D44A2398D1C100EEDF5B /* NNPopObjcScope.h */,
			);
			path = Public;
			sourceTree = "<group>";
		};
		7A826857237E7ED600FF9359 /* extobjc */ = {
			isa = PBXGroup;
			children = (
				7A826858237E7ED600FF9359 /* NNPopObjcMetaMacros.h */,
			);
			path = extobjc;
			sourceTree = "<group>";
		};
		7A826859237E7ED600FF9359 /* Source */ = {
			isa = PBXGroup;
			children = (
				7A82685C237E7ED600FF9359 /* NNPopObjcInjection.h */,
				7A82685B237E7ED600FF9359 /* NNPopObjcInjection.mm */,
				7A82685F237E7ED600FF9359 /* NNPopObjcMemory.h */,
				7A82685A237E7ED600FF9359 /* NNPopObjcMemory.mm */,
				7A82685E237E7ED600FF9359 /* NNPopObjcProtocol.h */,
				7A82685D237E7ED600FF9359 /* NNPopObjcProtocol.mm */,
				7A82688D238244D300FF9359 /* NNPopObjcLogging.h */,
				7A82688E238244D300FF9359 /* NNPopObjcLogging.mm */,
				6795E4952402178F00FE6AD5 /* NNPopObjcTickTock.h */,
				6795E4962402178F00FE6AD5 /* NNPopObjcTickTock.mm */,
			);
			path = Source;
			sourceTree = "<group>";
		};
		7A9E8DC223A336E7007FC1EC /* NNTestTrack */ = {
			isa = PBXGroup;
			children = (
				7A9E8DC323A337E5007FC1EC /* NNTestTrack.h */,
				7A9E8DC423A337E5007FC1EC /* NNTestTrack.mm */,
				7A9E8DC623A33825007FC1EC /* NNTestFunctionParse.h */,
				7A9E8DC723A33825007FC1EC /* NNTestFunctionParse.mm */,
				7A9E8DC923A339ED007FC1EC /* NSString+NNTestTrack.h */,
				7A9E8DCA23A339ED007FC1EC /* NSString+NNTestTrack.mm */,
			);
			path = NNTestTrack;
			sourceTree = "<group>";
		};
/* End PBXGroup section */

/* Begin PBXHeadersBuildPhase section */
		676979932345C78200E13282 /* Headers */ = {
			isa = PBXHeadersBuildPhase;
			buildActionMask = 2147483647;
			files = (
				7A826872237E8A5E00FF9359 /* NNPopObjc.h in Headers */,
				7A82686D237E8A5A00FF9359 /* NNPopObjcDefines.h in Headers */,
				7A82686E237E8A5A00FF9359 /* NNPopObjcDescription.h in Headers */,
				7A82686F237E8A5A00FF9359 /* NNPopObjcExtension.h in Headers */,
				7A826870237E8A5A00FF9359 /* NNPopObjcMacros.h in Headers */,
				7A82688F238244D300FF9359 /* NNPopObjcLogging.h in Headers */,
				7A67D44B2398D26200EEDF5B /* NNPopObjcScope.h in Headers */,
				7A826871237E8A5A00FF9359 /* NNPopObjcWhere.h in Headers */,
				7A826873237E8B2800FF9359 /* NNPopObjcMetaMacros.h in Headers */,
				6795E4972402178F00FE6AD5 /* NNPopObjcTickTock.h in Headers */,
				7A826874237E8B3500FF9359 /* NNPopObjcInjection.h in Headers */,
				7A826875237E8B3500FF9359 /* NNPopObjcMemory.h in Headers */,
				7A826876237E8B3500FF9359 /* NNPopObjcProtocol.h in Headers */,
			);
			runOnlyForDeploymentPostprocessing = 0;
		};
		67B1B5E1241A748300EB5ECF /* Headers */ = {
			isa = PBXHeadersBuildPhase;
			buildActionMask = 2147483647;
			files = (
				67B1B5E2241A748300EB5ECF /* NNPopObjc.h in Headers */,
				67B1B5E3241A748300EB5ECF /* NNPopObjcDefines.h in Headers */,
				67B1B5E4241A748300EB5ECF /* NNPopObjcDescription.h in Headers */,
				67B1B5E5241A748300EB5ECF /* NNPopObjcExtension.h in Headers */,
				67B1B5E6241A748300EB5ECF /* NNPopObjcMacros.h in Headers */,
				67B1B5E7241A748300EB5ECF /* NNPopObjcLogging.h in Headers */,
				67B1B5E8241A748300EB5ECF /* NNPopObjcScope.h in Headers */,
				67B1B5E9241A748300EB5ECF /* NNPopObjcWhere.h in Headers */,
				67B1B5EA241A748300EB5ECF /* NNPopObjcMetaMacros.h in Headers */,
				67B1B5EB241A748300EB5ECF /* NNPopObjcTickTock.h in Headers */,
				67B1B5EC241A748300EB5ECF /* NNPopObjcInjection.h in Headers */,
				67B1B5ED241A748300EB5ECF /* NNPopObjcMemory.h in Headers */,
				67B1B5EE241A748300EB5ECF /* NNPopObjcProtocol.h in Headers */,
			);
			runOnlyForDeploymentPostprocessing = 0;
		};
		67E4F2C9241A918800A4469E /* Headers */ = {
			isa = PBXHeadersBuildPhase;
			buildActionMask = 2147483647;
			files = (
				67E4F2DE241A91B800A4469E /* NNPopObjcTickTock.h in Headers */,
				67E4F2E5241A91BE00A4469E /* NNPopObjcScope.h in Headers */,
				67E4F2E1241A91BE00A4469E /* NNPopObjcDescription.h in Headers */,
				67E4F2DA241A91B800A4469E /* NNPopObjcProtocol.h in Headers */,
				67E4F2E0241A91BE00A4469E /* NNPopObjcDefines.h in Headers */,
				67E4F2E4241A91BE00A4469E /* NNPopObjcWhere.h in Headers */,
				67E4F2E2241A91BE00A4469E /* NNPopObjcExtension.h in Headers */,
				67E4F2D6241A91B800A4469E /* NNPopObjcInjection.h in Headers */,
				67E4F2E3241A91BE00A4469E /* NNPopObjcMacros.h in Headers */,
				67E4F2D8241A91B800A4469E /* NNPopObjcMemory.h in Headers */,
				67E4F2DC241A91B800A4469E /* NNPopObjcLogging.h in Headers */,
			);
			runOnlyForDeploymentPostprocessing = 0;
		};
		67E4F2E8241A922700A4469E /* Headers */ = {
			isa = PBXHeadersBuildPhase;
			buildActionMask = 2147483647;
			files = (
				67E4F310241A925500A4469E /* NNPopObjcExtension.h in Headers */,
				67E4F30A241A925100A4469E /* NNPopObjcLogging.h in Headers */,
				67E4F30C241A925100A4469E /* NNPopObjcTickTock.h in Headers */,
				67E4F313241A925500A4469E /* NNPopObjcScope.h in Headers */,
				67E4F308241A925100A4469E /* NNPopObjcProtocol.h in Headers */,
				67E4F304241A925100A4469E /* NNPopObjcInjection.h in Headers */,
				67E4F30F241A925500A4469E /* NNPopObjcDescription.h in Headers */,
				67E4F312241A925500A4469E /* NNPopObjcWhere.h in Headers */,
				67E4F306241A925100A4469E /* NNPopObjcMemory.h in Headers */,
				67E4F30E241A925500A4469E /* NNPopObjcDefines.h in Headers */,
				67E4F311241A925500A4469E /* NNPopObjcMacros.h in Headers */,
			);
			runOnlyForDeploymentPostprocessing = 0;
		};
/* End PBXHeadersBuildPhase section */

/* Begin PBXNativeTarget section */
		676979972345C78200E13282 /* NNPopObjc iOS */ = {
			isa = PBXNativeTarget;
			buildConfigurationList = 676979AC2345C78300E13282 /* Build configuration list for PBXNativeTarget "NNPopObjc iOS" */;
			buildPhases = (
				676979932345C78200E13282 /* Headers */,
				676979942345C78200E13282 /* Sources */,
				676979952345C78200E13282 /* Frameworks */,
				676979962345C78200E13282 /* Resources */,
			);
			buildRules = (
			);
			dependencies = (
			);
			name = "NNPopObjc iOS";
			productName = NNPopObjc;
			productReference = 676979982345C78200E13282 /* NNPopObjc.framework */;
			productType = "com.apple.product-type.framework";
		};
		676979A02345C78300E13282 /* NNPopObjc iOS Tests */ = {
			isa = PBXNativeTarget;
			buildConfigurationList = 676979AF2345C78300E13282 /* Build configuration list for PBXNativeTarget "NNPopObjc iOS Tests" */;
			buildPhases = (
				6769799D2345C78300E13282 /* Sources */,
				6769799E2345C78300E13282 /* Frameworks */,
				6769799F2345C78300E13282 /* Resources */,
			);
			buildRules = (
			);
			dependencies = (
				676979A42345C78300E13282 /* PBXTargetDependency */,
			);
			name = "NNPopObjc iOS Tests";
			productName = NNPopObjcTests;
			productReference = 676979A12345C78300E13282 /* NNPopObjc iOS Tests.xctest */;
			productType = "com.apple.product-type.bundle.unit-test";
		};
		67B1B5E0241A748300EB5ECF /* NNPopObjc macOS */ = {
			isa = PBXNativeTarget;
			buildConfigurationList = 67B1B5F7241A748300EB5ECF /* Build configuration list for PBXNativeTarget "NNPopObjc macOS" */;
			buildPhases = (
				67B1B5E1241A748300EB5ECF /* Headers */,
				67B1B5EF241A748300EB5ECF /* Sources */,
				67B1B5F5241A748300EB5ECF /* Frameworks */,
				67B1B5F6241A748300EB5ECF /* Resources */,
			);
			buildRules = (
			);
			dependencies = (
			);
			name = "NNPopObjc macOS";
			productName = NNPopObjc;
			productReference = 67B1B5FA241A748300EB5ECF /* NNPopObjc.framework */;
			productType = "com.apple.product-type.framework";
		};
		67E4F2CD241A918800A4469E /* NNPopObjc watchOS */ = {
			isa = PBXNativeTarget;
			buildConfigurationList = 67E4F2D3241A918800A4469E /* Build configuration list for PBXNativeTarget "NNPopObjc watchOS" */;
			buildPhases = (
				67E4F2C9241A918800A4469E /* Headers */,
				67E4F2CA241A918800A4469E /* Sources */,
				67E4F2CB241A918800A4469E /* Frameworks */,
				67E4F2CC241A918800A4469E /* Resources */,
			);
			buildRules = (
			);
			dependencies = (
			);
			name = "NNPopObjc watchOS";
			productName = "NNPopObjc watchOS";
			productReference = 67E4F2CE241A918800A4469E /* NNPopObjc.framework */;
			productType = "com.apple.product-type.framework";
		};
		67E4F2EC241A922700A4469E /* NNPopObjc tvOS */ = {
			isa = PBXNativeTarget;
			buildConfigurationList = 67E4F2FE241A922800A4469E /* Build configuration list for PBXNativeTarget "NNPopObjc tvOS" */;
			buildPhases = (
				67E4F2E8241A922700A4469E /* Headers */,
				67E4F2E9241A922700A4469E /* Sources */,
				67E4F2EA241A922700A4469E /* Frameworks */,
				67E4F2EB241A922700A4469E /* Resources */,
			);
			buildRules = (
			);
			dependencies = (
			);
			name = "NNPopObjc tvOS";
			productName = "NNPopObjc tvOS";
			productReference = 67E4F2ED241A922700A4469E /* NNPopObjc.framework */;
			productType = "com.apple.product-type.framework";
		};
		67E4F329241A96EC00A4469E /* NNPopObjc tvOS Tests */ = {
			isa = PBXNativeTarget;
			buildConfigurationList = 67E4F332241A96EC00A4469E /* Build configuration list for PBXNativeTarget "NNPopObjc tvOS Tests" */;
			buildPhases = (
				67E4F326241A96EC00A4469E /* Sources */,
				67E4F327241A96EC00A4469E /* Frameworks */,
				67E4F328241A96EC00A4469E /* Resources */,
			);
			buildRules = (
			);
			dependencies = (
				67E4F331241A96EC00A4469E /* PBXTargetDependency */,
			);
			name = "NNPopObjc tvOS Tests";
			productName = "NNPopObjc tvOS Tests";
			productReference = 67E4F32A241A96EC00A4469E /* NNPopObjc tvOS Tests.xctest */;
			productType = "com.apple.product-type.bundle.unit-test";
		};
		67E4F349241A985200A4469E /* NNPopObjc macOS Tests */ = {
			isa = PBXNativeTarget;
			buildConfigurationList = 67E4F352241A985200A4469E /* Build configuration list for PBXNativeTarget "NNPopObjc macOS Tests" */;
			buildPhases = (
				67E4F346241A985200A4469E /* Sources */,
				67E4F347241A985200A4469E /* Frameworks */,
				67E4F348241A985200A4469E /* Resources */,
			);
			buildRules = (
			);
			dependencies = (
				67E4F351241A985200A4469E /* PBXTargetDependency */,
			);
			name = "NNPopObjc macOS Tests";
			productName = "NNPopObjc macOS Tests";
			productReference = 67E4F34A241A985200A4469E /* NNPopObjc macOS Tests.xctest */;
			productType = "com.apple.product-type.bundle.unit-test";
		};
/* End PBXNativeTarget section */

/* Begin PBXProject section */
		6769798F2345C78200E13282 /* Project object */ = {
			isa = PBXProject;
			attributes = {
				LastUpgradeCheck = 1100;
				ORGANIZATIONNAME = GuHaiJun;
				TargetAttributes = {
					676979972345C78200E13282 = {
						CreatedOnToolsVersion = 11.0;
					};
					676979A02345C78300E13282 = {
						CreatedOnToolsVersion = 11.0;
					};
					67E4F2CD241A918800A4469E = {
						CreatedOnToolsVersion = 11.3.1;
					};
					67E4F2EC241A922700A4469E = {
						CreatedOnToolsVersion = 11.3.1;
					};
					67E4F329241A96EC00A4469E = {
						CreatedOnToolsVersion = 11.3.1;
					};
					67E4F349241A985200A4469E = {
						CreatedOnToolsVersion = 11.3.1;
					};
				};
			};
			buildConfigurationList = 676979922345C78200E13282 /* Build configuration list for PBXProject "NNPopObjc" */;
			compatibilityVersion = "Xcode 9.3";
			developmentRegion = en;
			hasScannedForEncodings = 0;
			knownRegions = (
				en,
				Base,
			);
			mainGroup = 6769798E2345C78200E13282;
			productRefGroup = 676979992345C78200E13282 /* Products */;
			projectDirPath = "";
			projectRoot = "";
			targets = (
				676979972345C78200E13282 /* NNPopObjc iOS */,
				67B1B5E0241A748300EB5ECF /* NNPopObjc macOS */,
				67E4F2EC241A922700A4469E /* NNPopObjc tvOS */,
				67E4F2CD241A918800A4469E /* NNPopObjc watchOS */,
				676979A02345C78300E13282 /* NNPopObjc iOS Tests */,
				67E4F329241A96EC00A4469E /* NNPopObjc tvOS Tests */,
				67E4F349241A985200A4469E /* NNPopObjc macOS Tests */,
			);
		};
/* End PBXProject section */

/* Begin PBXResourcesBuildPhase section */
		676979962345C78200E13282 /* Resources */ = {
			isa = PBXResourcesBuildPhase;
			buildActionMask = 2147483647;
			files = (
			);
			runOnlyForDeploymentPostprocessing = 0;
		};
		6769799F2345C78300E13282 /* Resources */ = {
			isa = PBXResourcesBuildPhase;
			buildActionMask = 2147483647;
			files = (
			);
			runOnlyForDeploymentPostprocessing = 0;
		};
		67B1B5F6241A748300EB5ECF /* Resources */ = {
			isa = PBXResourcesBuildPhase;
			buildActionMask = 2147483647;
			files = (
			);
			runOnlyForDeploymentPostprocessing = 0;
		};
		67E4F2CC241A918800A4469E /* Resources */ = {
			isa = PBXResourcesBuildPhase;
			buildActionMask = 2147483647;
			files = (
			);
			runOnlyForDeploymentPostprocessing = 0;
		};
		67E4F2EB241A922700A4469E /* Resources */ = {
			isa = PBXResourcesBuildPhase;
			buildActionMask = 2147483647;
			files = (
			);
			runOnlyForDeploymentPostprocessing = 0;
		};
		67E4F328241A96EC00A4469E /* Resources */ = {
			isa = PBXResourcesBuildPhase;
			buildActionMask = 2147483647;
			files = (
			);
			runOnlyForDeploymentPostprocessing = 0;
		};
		67E4F348241A985200A4469E /* Resources */ = {
			isa = PBXResourcesBuildPhase;
			buildActionMask = 2147483647;
			files = (
			);
			runOnlyForDeploymentPostprocessing = 0;
		};
/* End PBXResourcesBuildPhase section */

/* Begin PBXSourcesBuildPhase section */
		676979942345C78200E13282 /* Sources */ = {
			isa = PBXSourcesBuildPhase;
			buildActionMask = 2147483647;
			files = (
				7A826867237E7ED600FF9359 /* NNPopObjcMemory.mm in Sources */,
				6795E4982402178F00FE6AD5 /* NNPopObjcTickTock.mm in Sources */,
				7A826868237E7ED600FF9359 /* NNPopObjcInjection.mm in Sources */,
				7A82686A237E7ED600FF9359 /* NNPopObjcProtocol.mm in Sources */,
				7A826890238244D300FF9359 /* NNPopObjcLogging.mm in Sources */,
			);
			runOnlyForDeploymentPostprocessing = 0;
		};
		6769799D2345C78300E13282 /* Sources */ = {
			isa = PBXSourcesBuildPhase;
			buildActionMask = 2147483647;
			files = (
				7A9E8D6E23A20DD2007FC1EC /* NNTestClassCase2.mm in Sources */,
				7A81856B23A7456A0070DBAD /* NNTestClassCase0.mm in Sources */,
				676979A72345C78300E13282 /* NNPopObjcTests.mm in Sources */,
				67832E0C239C8D290096DCCE /* NNTestClassCase1.mm in Sources */,
				7A9E8DC523A337E5007FC1EC /* NNTestTrack.mm in Sources */,
				7A81856523A72B800070DBAD /* NNTestClassCase4.mm in Sources */,
				67832E04239C834E0096DCCE /* NNTestProtocol.mm in Sources */,
				6712AA59240110F000624CF3 /* NNTestClassCase6.mm in Sources */,
				7A9E8DCB23A339ED007FC1EC /* NSString+NNTestTrack.mm in Sources */,
				7AA701B123A863AF0013E48F /* NNTestClassCase5+NNTestProtocol.mm in Sources */,
				6712AA5A240110F000624CF3 /* NNTestClassCase6+NNTestProtocol.mm in Sources */,
				7AA701AE23A863980013E48F /* NNTestClassCase5.mm in Sources */,
				7A9E8DB223A21A22007FC1EC /* NNTestClassCase3.mm in Sources */,
				7A81856823A72CD00070DBAD /* NNTestClassCase4+NNTestProtocol.mm in Sources */,
				7A9E8DC823A33825007FC1EC /* NNTestFunctionParse.mm in Sources */,
			);
			runOnlyForDeploymentPostprocessing = 0;
		};
		67B1B5EF241A748300EB5ECF /* Sources */ = {
			isa = PBXSourcesBuildPhase;
			buildActionMask = 2147483647;
			files = (
				67B1B5F0241A748300EB5ECF /* NNPopObjcMemory.mm in Sources */,
				67B1B5F1241A748300EB5ECF /* NNPopObjcTickTock.mm in Sources */,
				67B1B5F2241A748300EB5ECF /* NNPopObjcInjection.mm in Sources */,
				67B1B5F3241A748300EB5ECF /* NNPopObjcProtocol.mm in Sources */,
				67B1B5F4241A748300EB5ECF /* NNPopObjcLogging.mm in Sources */,
			);
			runOnlyForDeploymentPostprocessing = 0;
		};
		67E4F2CA241A918800A4469E /* Sources */ = {
			isa = PBXSourcesBuildPhase;
			buildActionMask = 2147483647;
			files = (
				67E4F2D9241A91B800A4469E /* NNPopObjcMemory.mm in Sources */,
				67E4F2D7241A91B800A4469E /* NNPopObjcInjection.mm in Sources */,
				67E4F2DB241A91B800A4469E /* NNPopObjcProtocol.mm in Sources */,
				67E4F2DF241A91B800A4469E /* NNPopObjcTickTock.mm in Sources */,
				67E4F2DD241A91B800A4469E /* NNPopObjcLogging.mm in Sources */,
			);
			runOnlyForDeploymentPostprocessing = 0;
		};
		67E4F2E9241A922700A4469E /* Sources */ = {
			isa = PBXSourcesBuildPhase;
			buildActionMask = 2147483647;
			files = (
				67E4F307241A925100A4469E /* NNPopObjcMemory.mm in Sources */,
				67E4F305241A925100A4469E /* NNPopObjcInjection.mm in Sources */,
				67E4F309241A925100A4469E /* NNPopObjcProtocol.mm in Sources */,
				67E4F30D241A925100A4469E /* NNPopObjcTickTock.mm in Sources */,
				67E4F30B241A925100A4469E /* NNPopObjcLogging.mm in Sources */,
			);
			runOnlyForDeploymentPostprocessing = 0;
		};
		67E4F326241A96EC00A4469E /* Sources */ = {
			isa = PBXSourcesBuildPhase;
			buildActionMask = 2147483647;
			files = (
				67E4F33F241A975100A4469E /* NNTestClassCase4+NNTestProtocol.mm in Sources */,
				67E4F335241A973A00A4469E /* NNTestTrack.mm in Sources */,
				67E4F340241A975100A4469E /* NNTestClassCase5.mm in Sources */,
				67E4F33E241A975100A4469E /* NNTestClassCase4.mm in Sources */,
				67E4F33B241A975100A4469E /* NNTestClassCase1.mm in Sources */,
				67E4F33D241A975100A4469E /* NNTestClassCase3.mm in Sources */,
				67E4F336241A973A00A4469E /* NNTestFunctionParse.mm in Sources */,
				67E4F342241A975100A4469E /* NNTestClassCase6.mm in Sources */,
				67E4F33C241A975100A4469E /* NNTestClassCase2.mm in Sources */,
				67E4F339241A974000A4469E /* NNPopObjcTests.mm in Sources */,
				67E4F343241A975100A4469E /* NNTestClassCase6+NNTestProtocol.mm in Sources */,
				67E4F341241A975100A4469E /* NNTestClassCase5+NNTestProtocol.mm in Sources */,
				67E4F337241A973A00A4469E /* NSString+NNTestTrack.mm in Sources */,
				67E4F338241A973D00A4469E /* NNTestProtocol.mm in Sources */,
				67E4F33A241A975100A4469E /* NNTestClassCase0.mm in Sources */,
			);
			runOnlyForDeploymentPostprocessing = 0;
		};
		67E4F346241A985200A4469E /* Sources */ = {
			isa = PBXSourcesBuildPhase;
			buildActionMask = 2147483647;
			files = (
				67E4F358241A986A00A4469E /* NNTestClassCase3.mm in Sources */,
				67E4F363241A987300A4469E /* NNTestProtocol.mm in Sources */,
				67E4F362241A987300A4469E /* NSString+NNTestTrack.mm in Sources */,
				67E4F359241A986A00A4469E /* NNTestClassCase4.mm in Sources */,
				67E4F35D241A986A00A4469E /* NNTestClassCase6.mm in Sources */,
				67E4F356241A986A00A4469E /* NNTestClassCase1.mm in Sources */,
				67E4F35F241A986D00A4469E /* NNPopObjcTests.mm in Sources */,
				67E4F35B241A986A00A4469E /* NNTestClassCase5.mm in Sources */,
				67E4F35E241A986A00A4469E /* NNTestClassCase6+NNTestProtocol.mm in Sources */,
				67E4F360241A987300A4469E /* NNTestTrack.mm in Sources */,
				67E4F361241A987300A4469E /* NNTestFunctionParse.mm in Sources */,
				67E4F35A241A986A00A4469E /* NNTestClassCase4+NNTestProtocol.mm in Sources */,
				67E4F355241A986A00A4469E /* NNTestClassCase0.mm in Sources */,
				67E4F35C241A986A00A4469E /* NNTestClassCase5+NNTestProtocol.mm in Sources */,
				67E4F357241A986A00A4469E /* NNTestClassCase2.mm in Sources */,
			);
			runOnlyForDeploymentPostprocessing = 0;
		};
/* End PBXSourcesBuildPhase section */

/* Begin PBXTargetDependency section */
		676979A42345C78300E13282 /* PBXTargetDependency */ = {
			isa = PBXTargetDependency;
			target = 676979972345C78200E13282 /* NNPopObjc iOS */;
			targetProxy = 676979A32345C78300E13282 /* PBXContainerItemProxy */;
		};
		67E4F331241A96EC00A4469E /* PBXTargetDependency */ = {
			isa = PBXTargetDependency;
			target = 67E4F2EC241A922700A4469E /* NNPopObjc tvOS */;
			targetProxy = 67E4F330241A96EC00A4469E /* PBXContainerItemProxy */;
		};
		67E4F351241A985200A4469E /* PBXTargetDependency */ = {
			isa = PBXTargetDependency;
			target = 67B1B5E0241A748300EB5ECF /* NNPopObjc macOS */;
			targetProxy = 67E4F350241A985200A4469E /* PBXContainerItemProxy */;
		};
/* End PBXTargetDependency section */

/* Begin XCBuildConfiguration section */
		676979AA2345C78300E13282 /* Debug */ = {
			isa = XCBuildConfiguration;
			buildSettings = {
				ALWAYS_SEARCH_USER_PATHS = NO;
				CLANG_ANALYZER_NONNULL = YES;
				CLANG_ANALYZER_NUMBER_OBJECT_CONVERSION = YES_AGGRESSIVE;
				CLANG_CXX_LANGUAGE_STANDARD = "gnu++14";
				CLANG_CXX_LIBRARY = "libc++";
				CLANG_ENABLE_MODULES = YES;
				CLANG_ENABLE_OBJC_ARC = YES;
				CLANG_ENABLE_OBJC_WEAK = YES;
				CLANG_WARN_BLOCK_CAPTURE_AUTORELEASING = YES;
				CLANG_WARN_BOOL_CONVERSION = YES;
				CLANG_WARN_COMMA = YES;
				CLANG_WARN_CONSTANT_CONVERSION = YES;
				CLANG_WARN_DEPRECATED_OBJC_IMPLEMENTATIONS = YES;
				CLANG_WARN_DIRECT_OBJC_ISA_USAGE = YES_ERROR;
				CLANG_WARN_DOCUMENTATION_COMMENTS = YES;
				CLANG_WARN_EMPTY_BODY = YES;
				CLANG_WARN_ENUM_CONVERSION = YES;
				CLANG_WARN_INFINITE_RECURSION = YES;
				CLANG_WARN_INT_CONVERSION = YES;
				CLANG_WARN_NON_LITERAL_NULL_CONVERSION = YES;
				CLANG_WARN_OBJC_IMPLICIT_RETAIN_SELF = YES;
				CLANG_WARN_OBJC_LITERAL_CONVERSION = YES;
				CLANG_WARN_OBJC_ROOT_CLASS = YES_ERROR;
				CLANG_WARN_RANGE_LOOP_ANALYSIS = YES;
				CLANG_WARN_STRICT_PROTOTYPES = YES;
				CLANG_WARN_SUSPICIOUS_MOVE = YES;
				CLANG_WARN_UNGUARDED_AVAILABILITY = YES_AGGRESSIVE;
				CLANG_WARN_UNREACHABLE_CODE = YES;
				CLANG_WARN__DUPLICATE_METHOD_MATCH = YES;
				COPY_PHASE_STRIP = NO;
				CURRENT_PROJECT_VERSION = 1;
				DEBUG_INFORMATION_FORMAT = dwarf;
				ENABLE_STRICT_OBJC_MSGSEND = YES;
				ENABLE_TESTABILITY = YES;
				GCC_C_LANGUAGE_STANDARD = gnu11;
				GCC_DYNAMIC_NO_PIC = NO;
				GCC_NO_COMMON_BLOCKS = YES;
				GCC_OPTIMIZATION_LEVEL = 0;
				GCC_PREPROCESSOR_DEFINITIONS = (
					"DEBUG=1",
					"$(inherited)",
				);
				GCC_WARN_64_TO_32_BIT_CONVERSION = YES;
				GCC_WARN_ABOUT_RETURN_TYPE = YES_ERROR;
				GCC_WARN_UNDECLARED_SELECTOR = YES;
				GCC_WARN_UNINITIALIZED_AUTOS = YES_AGGRESSIVE;
				GCC_WARN_UNUSED_FUNCTION = YES;
				GCC_WARN_UNUSED_VARIABLE = YES;
				IPHONEOS_DEPLOYMENT_TARGET = 8.0;
				MACOSX_DEPLOYMENT_TARGET = 10.6;
				MTL_ENABLE_DEBUG_INFO = INCLUDE_SOURCE;
				MTL_FAST_MATH = YES;
				ONLY_ACTIVE_ARCH = YES;
				SDKROOT = iphoneos;
				TARGETED_DEVICE_FAMILY = "1,2";
				TVOS_DEPLOYMENT_TARGET = 9.0;
				VERSIONING_SYSTEM = "apple-generic";
				VERSION_INFO_PREFIX = "";
				WATCHOS_DEPLOYMENT_TARGET = 2.0;
			};
			name = Debug;
		};
		676979AB2345C78300E13282 /* Release */ = {
			isa = XCBuildConfiguration;
			buildSettings = {
				ALWAYS_SEARCH_USER_PATHS = NO;
				CLANG_ANALYZER_NONNULL = YES;
				CLANG_ANALYZER_NUMBER_OBJECT_CONVERSION = YES_AGGRESSIVE;
				CLANG_CXX_LANGUAGE_STANDARD = "gnu++14";
				CLANG_CXX_LIBRARY = "libc++";
				CLANG_ENABLE_MODULES = YES;
				CLANG_ENABLE_OBJC_ARC = YES;
				CLANG_ENABLE_OBJC_WEAK = YES;
				CLANG_WARN_BLOCK_CAPTURE_AUTORELEASING = YES;
				CLANG_WARN_BOOL_CONVERSION = YES;
				CLANG_WARN_COMMA = YES;
				CLANG_WARN_CONSTANT_CONVERSION = YES;
				CLANG_WARN_DEPRECATED_OBJC_IMPLEMENTATIONS = YES;
				CLANG_WARN_DIRECT_OBJC_ISA_USAGE = YES_ERROR;
				CLANG_WARN_DOCUMENTATION_COMMENTS = YES;
				CLANG_WARN_EMPTY_BODY = YES;
				CLANG_WARN_ENUM_CONVERSION = YES;
				CLANG_WARN_INFINITE_RECURSION = YES;
				CLANG_WARN_INT_CONVERSION = YES;
				CLANG_WARN_NON_LITERAL_NULL_CONVERSION = YES;
				CLANG_WARN_OBJC_IMPLICIT_RETAIN_SELF = YES;
				CLANG_WARN_OBJC_LITERAL_CONVERSION = YES;
				CLANG_WARN_OBJC_ROOT_CLASS = YES_ERROR;
				CLANG_WARN_RANGE_LOOP_ANALYSIS = YES;
				CLANG_WARN_STRICT_PROTOTYPES = YES;
				CLANG_WARN_SUSPICIOUS_MOVE = YES;
				CLANG_WARN_UNGUARDED_AVAILABILITY = YES_AGGRESSIVE;
				CLANG_WARN_UNREACHABLE_CODE = YES;
				CLANG_WARN__DUPLICATE_METHOD_MATCH = YES;
				COPY_PHASE_STRIP = NO;
				CURRENT_PROJECT_VERSION = 1;
				DEBUG_INFORMATION_FORMAT = "dwarf-with-dsym";
				ENABLE_NS_ASSERTIONS = NO;
				ENABLE_STRICT_OBJC_MSGSEND = YES;
				GCC_C_LANGUAGE_STANDARD = gnu11;
				GCC_NO_COMMON_BLOCKS = YES;
				GCC_WARN_64_TO_32_BIT_CONVERSION = YES;
				GCC_WARN_ABOUT_RETURN_TYPE = YES_ERROR;
				GCC_WARN_UNDECLARED_SELECTOR = YES;
				GCC_WARN_UNINITIALIZED_AUTOS = YES_AGGRESSIVE;
				GCC_WARN_UNUSED_FUNCTION = YES;
				GCC_WARN_UNUSED_VARIABLE = YES;
				IPHONEOS_DEPLOYMENT_TARGET = 8.0;
				MACOSX_DEPLOYMENT_TARGET = 10.6;
				MTL_ENABLE_DEBUG_INFO = NO;
				MTL_FAST_MATH = YES;
				SDKROOT = iphoneos;
				TARGETED_DEVICE_FAMILY = "1,2";
				TVOS_DEPLOYMENT_TARGET = 9.0;
				VALIDATE_PRODUCT = YES;
				VERSIONING_SYSTEM = "apple-generic";
				VERSION_INFO_PREFIX = "";
				WATCHOS_DEPLOYMENT_TARGET = 2.0;
			};
			name = Release;
		};
		676979AD2345C78300E13282 /* Debug */ = {
			isa = XCBuildConfiguration;
			buildSettings = {
				CODE_SIGN_IDENTITY = "Apple Development";
				CODE_SIGN_STYLE = Automatic;
				DEFINES_MODULE = YES;
				DEVELOPMENT_TEAM = "";
				DYLIB_COMPATIBILITY_VERSION = 1;
				DYLIB_CURRENT_VERSION = 1;
				DYLIB_INSTALL_NAME_BASE = "@rpath";
				INFOPLIST_FILE = NNPopObjc/Info.plist;
				INSTALL_PATH = "$(LOCAL_LIBRARY_DIR)/Frameworks";
				LD_RUNPATH_SEARCH_PATHS = (
					"$(inherited)",
					"@executable_path/Frameworks",
					"@loader_path/Frameworks",
				);
				MACH_O_TYPE = mh_dylib;
				MACOSX_DEPLOYMENT_TARGET = 10.7;
				PRODUCT_BUNDLE_IDENTIFIER = com.nn.NNPopObjc;
				PRODUCT_NAME = NNPopObjc;
				PROVISIONING_PROFILE_SPECIFIER = "";
				SKIP_INSTALL = YES;
				SUPPORTS_MACCATALYST = NO;
				TARGETED_DEVICE_FAMILY = "1,2";
				TVOS_DEPLOYMENT_TARGET = 9.0;
				WATCHOS_DEPLOYMENT_TARGET = 2.0;
			};
			name = Debug;
		};
		676979AE2345C78300E13282 /* Release */ = {
			isa = XCBuildConfiguration;
			buildSettings = {
				CODE_SIGN_IDENTITY = "Apple Development";
				CODE_SIGN_STYLE = Automatic;
				DEFINES_MODULE = YES;
				DEVELOPMENT_TEAM = "";
				DYLIB_COMPATIBILITY_VERSION = 1;
				DYLIB_CURRENT_VERSION = 1;
				DYLIB_INSTALL_NAME_BASE = "@rpath";
				INFOPLIST_FILE = NNPopObjc/Info.plist;
				INSTALL_PATH = "$(LOCAL_LIBRARY_DIR)/Frameworks";
				LD_RUNPATH_SEARCH_PATHS = (
					"$(inherited)",
					"@executable_path/Frameworks",
					"@loader_path/Frameworks",
				);
				MACH_O_TYPE = mh_dylib;
				MACOSX_DEPLOYMENT_TARGET = 10.7;
				PRODUCT_BUNDLE_IDENTIFIER = com.nn.NNPopObjc;
				PRODUCT_NAME = NNPopObjc;
				PROVISIONING_PROFILE_SPECIFIER = "";
				SKIP_INSTALL = YES;
				SUPPORTS_MACCATALYST = NO;
				TARGETED_DEVICE_FAMILY = "1,2";
				TVOS_DEPLOYMENT_TARGET = 9.0;
				WATCHOS_DEPLOYMENT_TARGET = 2.0;
			};
			name = Release;
		};
		676979B02345C78300E13282 /* Debug */ = {
			isa = XCBuildConfiguration;
			buildSettings = {
				CODE_SIGN_STYLE = Automatic;
				INFOPLIST_FILE = NNPopObjcTests/Info.plist;
				LD_RUNPATH_SEARCH_PATHS = (
					"$(inherited)",
					"@executable_path/Frameworks",
					"@loader_path/Frameworks",
				);
				MACH_O_TYPE = mh_bundle;
				MACOSX_DEPLOYMENT_TARGET = 10.8;
				PRODUCT_BUNDLE_IDENTIFIER = com.nn.NNPopObjcTests;
				PRODUCT_NAME = "$(TARGET_NAME)";
				TARGETED_DEVICE_FAMILY = "1,2";
			};
			name = Debug;
		};
		676979B12345C78300E13282 /* Release */ = {
			isa = XCBuildConfiguration;
			buildSettings = {
				CODE_SIGN_STYLE = Automatic;
				INFOPLIST_FILE = NNPopObjcTests/Info.plist;
				LD_RUNPATH_SEARCH_PATHS = (
					"$(inherited)",
					"@executable_path/Frameworks",
					"@loader_path/Frameworks",
				);
				MACH_O_TYPE = mh_bundle;
				MACOSX_DEPLOYMENT_TARGET = 10.8;
				PRODUCT_BUNDLE_IDENTIFIER = com.nn.NNPopObjcTests;
				PRODUCT_NAME = "$(TARGET_NAME)";
				TARGETED_DEVICE_FAMILY = "1,2";
			};
			name = Release;
		};
		67B1B5F8241A748300EB5ECF /* Debug */ = {
			isa = XCBuildConfiguration;
			buildSettings = {
				CODE_SIGN_IDENTITY = "Apple Development";
				CODE_SIGN_STYLE = Automatic;
				DEFINES_MODULE = YES;
				DEVELOPMENT_TEAM = "";
				DYLIB_COMPATIBILITY_VERSION = 1;
				DYLIB_CURRENT_VERSION = 1;
				DYLIB_INSTALL_NAME_BASE = "@rpath";
				INFOPLIST_FILE = "$(SRCROOT)/NNPopObjc/Info.plist";
				INSTALL_PATH = "$(LOCAL_LIBRARY_DIR)/Frameworks";
				LD_RUNPATH_SEARCH_PATHS = (
					"$(inherited)",
					"@executable_path/Frameworks",
					"@loader_path/Frameworks",
				);
				MACH_O_TYPE = mh_dylib;
				MACOSX_DEPLOYMENT_TARGET = 10.7;
				PRODUCT_BUNDLE_IDENTIFIER = com.nn.NNPopObjc;
				PRODUCT_NAME = NNPopObjc;
				PROVISIONING_PROFILE_SPECIFIER = "";
				SDKROOT = macosx;
				SKIP_INSTALL = YES;
				SUPPORTS_MACCATALYST = NO;
				TARGETED_DEVICE_FAMILY = "1,2";
				TVOS_DEPLOYMENT_TARGET = 9.0;
				WATCHOS_DEPLOYMENT_TARGET = 2.0;
			};
			name = Debug;
		};
		67B1B5F9241A748300EB5ECF /* Release */ = {
			isa = XCBuildConfiguration;
			buildSettings = {
				CODE_SIGN_IDENTITY = "Apple Development";
				CODE_SIGN_STYLE = Automatic;
				DEFINES_MODULE = YES;
				DEVELOPMENT_TEAM = "";
				DYLIB_COMPATIBILITY_VERSION = 1;
				DYLIB_CURRENT_VERSION = 1;
				DYLIB_INSTALL_NAME_BASE = "@rpath";
				INFOPLIST_FILE = "$(SRCROOT)/NNPopObjc/Info.plist";
				INSTALL_PATH = "$(LOCAL_LIBRARY_DIR)/Frameworks";
				LD_RUNPATH_SEARCH_PATHS = (
					"$(inherited)",
					"@executable_path/Frameworks",
					"@loader_path/Frameworks",
				);
				MACH_O_TYPE = mh_dylib;
				MACOSX_DEPLOYMENT_TARGET = 10.7;
				PRODUCT_BUNDLE_IDENTIFIER = com.nn.NNPopObjc;
				PRODUCT_NAME = NNPopObjc;
				PROVISIONING_PROFILE_SPECIFIER = "";
				SDKROOT = macosx;
				SKIP_INSTALL = YES;
				SUPPORTS_MACCATALYST = NO;
				TARGETED_DEVICE_FAMILY = "1,2";
				TVOS_DEPLOYMENT_TARGET = 9.0;
				WATCHOS_DEPLOYMENT_TARGET = 2.0;
			};
			name = Release;
		};
		67E4F2D4241A918800A4469E /* Debug */ = {
			isa = XCBuildConfiguration;
			buildSettings = {
				APPLICATION_EXTENSION_API_ONLY = YES;
				CODE_SIGN_STYLE = Automatic;
				DEFINES_MODULE = YES;
				DYLIB_COMPATIBILITY_VERSION = 1;
				DYLIB_CURRENT_VERSION = 1;
				DYLIB_INSTALL_NAME_BASE = "@rpath";
				INFOPLIST_FILE = "$(SRCROOT)/NNPopObjc/Info.plist";
				INSTALL_PATH = "$(LOCAL_LIBRARY_DIR)/Frameworks";
				LD_RUNPATH_SEARCH_PATHS = (
					"$(inherited)",
					"@executable_path/Frameworks",
					"@loader_path/Frameworks",
				);
				PRODUCT_BUNDLE_IDENTIFIER = com.nn.NNPopObjc;
				PRODUCT_NAME = NNPopObjc;
				SDKROOT = watchos;
				SKIP_INSTALL = YES;
				TARGETED_DEVICE_FAMILY = 4;
				WATCHOS_DEPLOYMENT_TARGET = 6.1;
			};
			name = Debug;
		};
		67E4F2D5241A918800A4469E /* Release */ = {
			isa = XCBuildConfiguration;
			buildSettings = {
				APPLICATION_EXTENSION_API_ONLY = YES;
				CODE_SIGN_STYLE = Automatic;
				DEFINES_MODULE = YES;
				DYLIB_COMPATIBILITY_VERSION = 1;
				DYLIB_CURRENT_VERSION = 1;
				DYLIB_INSTALL_NAME_BASE = "@rpath";
				INFOPLIST_FILE = "$(SRCROOT)/NNPopObjc/Info.plist";
				INSTALL_PATH = "$(LOCAL_LIBRARY_DIR)/Frameworks";
				LD_RUNPATH_SEARCH_PATHS = (
					"$(inherited)",
					"@executable_path/Frameworks",
					"@loader_path/Frameworks",
				);
				PRODUCT_BUNDLE_IDENTIFIER = com.nn.NNPopObjc;
				PRODUCT_NAME = NNPopObjc;
				SDKROOT = watchos;
				SKIP_INSTALL = YES;
				TARGETED_DEVICE_FAMILY = 4;
				WATCHOS_DEPLOYMENT_TARGET = 6.1;
			};
			name = Release;
		};
		67E4F2FF241A922800A4469E /* Debug */ = {
			isa = XCBuildConfiguration;
			buildSettings = {
				CODE_SIGN_STYLE = Automatic;
				DEFINES_MODULE = YES;
				DYLIB_COMPATIBILITY_VERSION = 1;
				DYLIB_CURRENT_VERSION = 1;
				DYLIB_INSTALL_NAME_BASE = "@rpath";
				INFOPLIST_FILE = "$(SRCROOT)/NNPopObjc/Info.plist";
				INSTALL_PATH = "$(LOCAL_LIBRARY_DIR)/Frameworks";
				LD_RUNPATH_SEARCH_PATHS = (
					"$(inherited)",
					"@executable_path/Frameworks",
					"@loader_path/Frameworks",
				);
				PRODUCT_BUNDLE_IDENTIFIER = com.nn.NNPopObjc;
				PRODUCT_NAME = NNPopObjc;
				SDKROOT = appletvos;
				SKIP_INSTALL = YES;
				TARGETED_DEVICE_FAMILY = 3;
				TVOS_DEPLOYMENT_TARGET = 13.2;
			};
			name = Debug;
		};
		67E4F300241A922800A4469E /* Release */ = {
			isa = XCBuildConfiguration;
			buildSettings = {
				CODE_SIGN_STYLE = Automatic;
				DEFINES_MODULE = YES;
				DYLIB_COMPATIBILITY_VERSION = 1;
				DYLIB_CURRENT_VERSION = 1;
				DYLIB_INSTALL_NAME_BASE = "@rpath";
				INFOPLIST_FILE = "$(SRCROOT)/NNPopObjc/Info.plist";
				INSTALL_PATH = "$(LOCAL_LIBRARY_DIR)/Frameworks";
				LD_RUNPATH_SEARCH_PATHS = (
					"$(inherited)",
					"@executable_path/Frameworks",
					"@loader_path/Frameworks",
				);
				PRODUCT_BUNDLE_IDENTIFIER = com.nn.NNPopObjc;
				PRODUCT_NAME = NNPopObjc;
				SDKROOT = appletvos;
				SKIP_INSTALL = YES;
				TARGETED_DEVICE_FAMILY = 3;
				TVOS_DEPLOYMENT_TARGET = 13.2;
			};
			name = Release;
		};
		67E4F333241A96EC00A4469E /* Debug */ = {
			isa = XCBuildConfiguration;
			buildSettings = {
				CODE_SIGN_STYLE = Automatic;
				INFOPLIST_FILE = NNPopObjcTests/Info.plist;
				LD_RUNPATH_SEARCH_PATHS = (
					"$(inherited)",
					"@executable_path/Frameworks",
					"@loader_path/Frameworks",
				);
				PRODUCT_BUNDLE_IDENTIFIER = "com.nn.NNPopObjc-tvOS-Tests";
				PRODUCT_NAME = "$(TARGET_NAME)";
				SDKROOT = appletvos;
				TARGETED_DEVICE_FAMILY = 3;
				TVOS_DEPLOYMENT_TARGET = 13.2;
			};
			name = Debug;
		};
		67E4F334241A96EC00A4469E /* Release */ = {
			isa = XCBuildConfiguration;
			buildSettings = {
				CODE_SIGN_STYLE = Automatic;
				INFOPLIST_FILE = NNPopObjcTests/Info.plist;
				LD_RUNPATH_SEARCH_PATHS = (
					"$(inherited)",
					"@executable_path/Frameworks",
					"@loader_path/Frameworks",
				);
				PRODUCT_BUNDLE_IDENTIFIER = "com.nn.NNPopObjc-tvOS-Tests";
				PRODUCT_NAME = "$(TARGET_NAME)";
				SDKROOT = appletvos;
				TARGETED_DEVICE_FAMILY = 3;
				TVOS_DEPLOYMENT_TARGET = 13.2;
			};
			name = Release;
		};
		67E4F353241A985200A4469E /* Debug */ = {
			isa = XCBuildConfiguration;
			buildSettings = {
				CODE_SIGN_STYLE = Automatic;
				COMBINE_HIDPI_IMAGES = YES;
				INFOPLIST_FILE = NNPopObjcTests/Info.plist;
				LD_RUNPATH_SEARCH_PATHS = (
					"$(inherited)",
					"@executable_path/../Frameworks",
					"@loader_path/../Frameworks",
				);
				MACOSX_DEPLOYMENT_TARGET = 10.15;
				PRODUCT_BUNDLE_IDENTIFIER = "com.nn.NNPopObjc-macOS-Tests";
				PRODUCT_NAME = "$(TARGET_NAME)";
				SDKROOT = macosx;
			};
			name = Debug;
		};
		67E4F354241A985200A4469E /* Release */ = {
			isa = XCBuildConfiguration;
			buildSettings = {
				CODE_SIGN_STYLE = Automatic;
				COMBINE_HIDPI_IMAGES = YES;
				INFOPLIST_FILE = NNPopObjcTests/Info.plist;
				LD_RUNPATH_SEARCH_PATHS = (
					"$(inherited)",
					"@executable_path/../Frameworks",
					"@loader_path/../Frameworks",
				);
				MACOSX_DEPLOYMENT_TARGET = 10.15;
				PRODUCT_BUNDLE_IDENTIFIER = "com.nn.NNPopObjc-macOS-Tests";
				PRODUCT_NAME = "$(TARGET_NAME)";
				SDKROOT = macosx;
			};
			name = Release;
		};
/* End XCBuildConfiguration section */

/* Begin XCConfigurationList section */
		676979922345C78200E13282 /* Build configuration list for PBXProject "NNPopObjc" */ = {
			isa = XCConfigurationList;
			buildConfigurations = (
				676979AA2345C78300E13282 /* Debug */,
				676979AB2345C78300E13282 /* Release */,
			);
			defaultConfigurationIsVisible = 0;
			defaultConfigurationName = Release;
		};
		676979AC2345C78300E13282 /* Build configuration list for PBXNativeTarget "NNPopObjc iOS" */ = {
			isa = XCConfigurationList;
			buildConfigurations = (
				676979AD2345C78300E13282 /* Debug */,
				676979AE2345C78300E13282 /* Release */,
			);
			defaultConfigurationIsVisible = 0;
			defaultConfigurationName = Release;
		};
		676979AF2345C78300E13282 /* Build configuration list for PBXNativeTarget "NNPopObjc iOS Tests" */ = {
			isa = XCConfigurationList;
			buildConfigurations = (
				676979B02345C78300E13282 /* Debug */,
				676979B12345C78300E13282 /* Release */,
			);
			defaultConfigurationIsVisible = 0;
			defaultConfigurationName = Release;
		};
		67B1B5F7241A748300EB5ECF /* Build configuration list for PBXNativeTarget "NNPopObjc macOS" */ = {
			isa = XCConfigurationList;
			buildConfigurations = (
				67B1B5F8241A748300EB5ECF /* Debug */,
				67B1B5F9241A748300EB5ECF /* Release */,
			);
			defaultConfigurationIsVisible = 0;
			defaultConfigurationName = Release;
		};
		67E4F2D3241A918800A4469E /* Build configuration list for PBXNativeTarget "NNPopObjc watchOS" */ = {
			isa = XCConfigurationList;
			buildConfigurations = (
				67E4F2D4241A918800A4469E /* Debug */,
				67E4F2D5241A918800A4469E /* Release */,
			);
			defaultConfigurationIsVisible = 0;
			defaultConfigurationName = Release;
		};
		67E4F2FE241A922800A4469E /* Build configuration list for PBXNativeTarget "NNPopObjc tvOS" */ = {
			isa = XCConfigurationList;
			buildConfigurations = (
				67E4F2FF241A922800A4469E /* Debug */,
				67E4F300241A922800A4469E /* Release */,
			);
			defaultConfigurationIsVisible = 0;
			defaultConfigurationName = Release;
		};
		67E4F332241A96EC00A4469E /* Build configuration list for PBXNativeTarget "NNPopObjc tvOS Tests" */ = {
			isa = XCConfigurationList;
			buildConfigurations = (
				67E4F333241A96EC00A4469E /* Debug */,
				67E4F334241A96EC00A4469E /* Release */,
			);
			defaultConfigurationIsVisible = 0;
			defaultConfigurationName = Release;
		};
		67E4F352241A985200A4469E /* Build configuration list for PBXNativeTarget "NNPopObjc macOS Tests" */ = {
			isa = XCConfigurationList;
			buildConfigurations = (
				67E4F353241A985200A4469E /* Debug */,
				67E4F354241A985200A4469E /* Release */,
			);
			defaultConfigurationIsVisible = 0;
			defaultConfigurationName = Release;
		};
/* End XCConfigurationList section */
	};
	rootObject = 6769798F2345C78200E13282 /* Project object */;
}
