// !$*UTF8*$!
{
	archiveVersion = 1;
	classes = {
	};
	objectVersion = 50;
	objects = {

/* Begin PBXBuildFile section */
		676979A22345C78300E13282 /* NNPopObjc.framework in Frameworks */ = {isa = PBXBuildFile; fileRef = 676979982345C78200E13282 /* NNPopObjc.framework */; };
		676979A72345C78300E13282 /* NNPopObjcTests.mm in Sources */ = {isa = PBXBuildFile; fileRef = 676979A62345C78300E13282 /* NNPopObjcTests.mm */; };
		67832E04239C834E0096DCCE /* NNTestProtocol.mm in Sources */ = {isa = PBXBuildFile; fileRef = 67832E03239C834E0096DCCE /* NNTestProtocol.mm */; };
		67832E0C239C8D290096DCCE /* NNTestClassCase1.mm in Sources */ = {isa = PBXBuildFile; fileRef = 67832E0B239C8D290096DCCE /* NNTestClassCase1.mm */; };
		7A271C8D23FFD7EC00DFE29F /* NNTestClassCase6.mm in Sources */ = {isa = PBXBuildFile; fileRef = 7A271C8C23FFD7EC00DFE29F /* NNTestClassCase6.mm */; };
		7A271C9023FFD88200DFE29F /* NNTestClassCase6+NNTestProtocol.mm in Sources */ = {isa = PBXBuildFile; fileRef = 7A271C8F23FFD88200DFE29F /* NNTestClassCase6+NNTestProtocol.mm */; };
		7A67D44B2398D26200EEDF5B /* NNPopObjcScope.h in Headers */ = {isa = PBXBuildFile; fileRef = 7A67D44A2398D1C100EEDF5B /* NNPopObjcScope.h */; settings = {ATTRIBUTES = (Public, ); }; };
		7A81856523A72B800070DBAD /* NNTestClassCase4.mm in Sources */ = {isa = PBXBuildFile; fileRef = 7A81856423A72B800070DBAD /* NNTestClassCase4.mm */; };
		7A81856823A72CD00070DBAD /* NNTestClassCase4+NNTestProtocol.mm in Sources */ = {isa = PBXBuildFile; fileRef = 7A81856723A72CD00070DBAD /* NNTestClassCase4+NNTestProtocol.mm */; };
		7A81856B23A7456A0070DBAD /* NNTestClassCase0.mm in Sources */ = {isa = PBXBuildFile; fileRef = 7A81856A23A7456A0070DBAD /* NNTestClassCase0.mm */; };
		7A826867237E7ED600FF9359 /* NNPopObjcMemory.mm in Sources */ = {isa = PBXBuildFile; fileRef = 7A82685A237E7ED600FF9359 /* NNPopObjcMemory.mm */; };
		7A826868237E7ED600FF9359 /* NNPopObjcInjection.mm in Sources */ = {isa = PBXBuildFile; fileRef = 7A82685B237E7ED600FF9359 /* NNPopObjcInjection.mm */; };
		7A82686A237E7ED600FF9359 /* NNPopObjcProtocol.mm in Sources */ = {isa = PBXBuildFile; fileRef = 7A82685D237E7ED600FF9359 /* NNPopObjcProtocol.mm */; };
		7A82686D237E8A5A00FF9359 /* NNPopObjcDefines.h in Headers */ = {isa = PBXBuildFile; fileRef = 7A826853237E7ED600FF9359 /* NNPopObjcDefines.h */; settings = {ATTRIBUTES = (Public, ); }; };
		7A82686E237E8A5A00FF9359 /* NNPopObjcDescription.h in Headers */ = {isa = PBXBuildFile; fileRef = 7A826852237E7ED600FF9359 /* NNPopObjcDescription.h */; settings = {ATTRIBUTES = (Public, ); }; };
		7A82686F237E8A5A00FF9359 /* NNPopObjcExtension.h in Headers */ = {isa = PBXBuildFile; fileRef = 7A826855237E7ED600FF9359 /* NNPopObjcExtension.h */; settings = {ATTRIBUTES = (Public, ); }; };
		7A826870237E8A5A00FF9359 /* NNPopObjcMacros.h in Headers */ = {isa = PBXBuildFile; fileRef = 7A826856237E7ED600FF9359 /* NNPopObjcMacros.h */; settings = {ATTRIBUTES = (Public, ); }; };
		7A826871237E8A5A00FF9359 /* NNPopObjcWhere.h in Headers */ = {isa = PBXBuildFile; fileRef = 7A826854237E7ED600FF9359 /* NNPopObjcWhere.h */; settings = {ATTRIBUTES = (Public, ); }; };
		7A826872237E8A5E00FF9359 /* NNPopObjc.h in Headers */ = {isa = PBXBuildFile; fileRef = 7A826850237E7ED500FF9359 /* NNPopObjc.h */; settings = {ATTRIBUTES = (Public, ); }; };
		7A826873237E8B2800FF9359 /* NNPopObjcMetaMacros.h in Headers */ = {isa = PBXBuildFile; fileRef = 7A826858237E7ED600FF9359 /* NNPopObjcMetaMacros.h */; settings = {ATTRIBUTES = (Public, ); }; };
		7A826874237E8B3500FF9359 /* NNPopObjcInjection.h in Headers */ = {isa = PBXBuildFile; fileRef = 7A82685C237E7ED600FF9359 /* NNPopObjcInjection.h */; };
		7A826875237E8B3500FF9359 /* NNPopObjcMemory.h in Headers */ = {isa = PBXBuildFile; fileRef = 7A82685F237E7ED600FF9359 /* NNPopObjcMemory.h */; };
		7A826876237E8B3500FF9359 /* NNPopObjcProtocol.h in Headers */ = {isa = PBXBuildFile; fileRef = 7A82685E237E7ED600FF9359 /* NNPopObjcProtocol.h */; };
		7A82688F238244D300FF9359 /* NNPopObjcLogging.h in Headers */ = {isa = PBXBuildFile; fileRef = 7A82688D238244D300FF9359 /* NNPopObjcLogging.h */; };
		7A826890238244D300FF9359 /* NNPopObjcLogging.mm in Sources */ = {isa = PBXBuildFile; fileRef = 7A82688E238244D300FF9359 /* NNPopObjcLogging.mm */; };
		7A9E8D6E23A20DD2007FC1EC /* NNTestClassCase2.mm in Sources */ = {isa = PBXBuildFile; fileRef = 7A9E8D6D23A20DD2007FC1EC /* NNTestClassCase2.mm */; };
		7A9E8DB223A21A22007FC1EC /* NNTestClassCase3.mm in Sources */ = {isa = PBXBuildFile; fileRef = 7A9E8DB123A21A22007FC1EC /* NNTestClassCase3.mm */; };
		7A9E8DC523A337E5007FC1EC /* NNTestTrack.mm in Sources */ = {isa = PBXBuildFile; fileRef = 7A9E8DC423A337E5007FC1EC /* NNTestTrack.mm */; };
		7A9E8DC823A33825007FC1EC /* NNTestFunctionParse.mm in Sources */ = {isa = PBXBuildFile; fileRef = 7A9E8DC723A33825007FC1EC /* NNTestFunctionParse.mm */; };
		7A9E8DCB23A339ED007FC1EC /* NSString+NNTestTrack.mm in Sources */ = {isa = PBXBuildFile; fileRef = 7A9E8DCA23A339ED007FC1EC /* NSString+NNTestTrack.mm */; };
		7AA701AE23A863980013E48F /* NNTestClassCase5.mm in Sources */ = {isa = PBXBuildFile; fileRef = 7AA701AD23A863980013E48F /* NNTestClassCase5.mm */; };
		7AA701B123A863AF0013E48F /* NNTestClassCase5+NNTestProtocol.mm in Sources */ = {isa = PBXBuildFile; fileRef = 7AA701B023A863AF0013E48F /* NNTestClassCase5+NNTestProtocol.mm */; };
/* End PBXBuildFile section */

/* Begin PBXContainerItemProxy section */
		676979A32345C78300E13282 /* PBXContainerItemProxy */ = {
			isa = PBXContainerItemProxy;
			containerPortal = 6769798F2345C78200E13282 /* Project object */;
			proxyType = 1;
			remoteGlobalIDString = 676979972345C78200E13282;
			remoteInfo = NNPopObjc;
		};
/* End PBXContainerItemProxy section */

/* Begin PBXFileReference section */
		676979982345C78200E13282 /* NNPopObjc.framework */ = {isa = PBXFileReference; explicitFileType = wrapper.framework; includeInIndex = 0; path = NNPopObjc.framework; sourceTree = BUILT_PRODUCTS_DIR; };
		6769799C2345C78200E13282 /* Info.plist */ = {isa = PBXFileReference; lastKnownFileType = text.plist.xml; path = Info.plist; sourceTree = "<group>"; };
		676979A12345C78300E13282 /* NNPopObjcTests.xctest */ = {isa = PBXFileReference; explicitFileType = wrapper.cfbundle; includeInIndex = 0; path = NNPopObjcTests.xctest; sourceTree = BUILT_PRODUCTS_DIR; };
		676979A62345C78300E13282 /* NNPopObjcTests.mm */ = {isa = PBXFileReference; lastKnownFileType = sourcecode.cpp.objcpp; path = NNPopObjcTests.mm; sourceTree = "<group>"; wrapsLines = 1; };
		676979A82345C78300E13282 /* Info.plist */ = {isa = PBXFileReference; lastKnownFileType = text.plist.xml; path = Info.plist; sourceTree = "<group>"; };
		67832E02239C834E0096DCCE /* NNTestProtocol.h */ = {isa = PBXFileReference; lastKnownFileType = sourcecode.c.h; path = NNTestProtocol.h; sourceTree = "<group>"; };
		67832E03239C834E0096DCCE /* NNTestProtocol.mm */ = {isa = PBXFileReference; lastKnownFileType = sourcecode.cpp.objcpp; path = NNTestProtocol.mm; sourceTree = "<group>"; };
		67832E0A239C8D290096DCCE /* NNTestClassCase1.h */ = {isa = PBXFileReference; lastKnownFileType = sourcecode.c.h; path = NNTestClassCase1.h; sourceTree = "<group>"; };
		67832E0B239C8D290096DCCE /* NNTestClassCase1.mm */ = {isa = PBXFileReference; lastKnownFileType = sourcecode.cpp.objcpp; path = NNTestClassCase1.mm; sourceTree = "<group>"; };
		7A271C8B23FFD7EC00DFE29F /* NNTestClassCase6.h */ = {isa = PBXFileReference; lastKnownFileType = sourcecode.c.h; path = NNTestClassCase6.h; sourceTree = "<group>"; };
		7A271C8C23FFD7EC00DFE29F /* NNTestClassCase6.mm */ = {isa = PBXFileReference; lastKnownFileType = sourcecode.cpp.objcpp; path = NNTestClassCase6.mm; sourceTree = "<group>"; };
		7A271C8F23FFD88200DFE29F /* NNTestClassCase6+NNTestProtocol.mm */ = {isa = PBXFileReference; lastKnownFileType = sourcecode.cpp.objcpp; path = "NNTestClassCase6+NNTestProtocol.mm"; sourceTree = "<group>"; };
		7A67D44A2398D1C100EEDF5B /* NNPopObjcScope.h */ = {isa = PBXFileReference; lastKnownFileType = sourcecode.c.h; path = NNPopObjcScope.h; sourceTree = "<group>"; };
		7A81856323A72B800070DBAD /* NNTestClassCase4.h */ = {isa = PBXFileReference; lastKnownFileType = sourcecode.c.h; path = NNTestClassCase4.h; sourceTree = "<group>"; };
		7A81856423A72B800070DBAD /* NNTestClassCase4.mm */ = {isa = PBXFileReference; lastKnownFileType = sourcecode.cpp.objcpp; path = NNTestClassCase4.mm; sourceTree = "<group>"; };
		7A81856723A72CD00070DBAD /* NNTestClassCase4+NNTestProtocol.mm */ = {isa = PBXFileReference; lastKnownFileType = sourcecode.cpp.objcpp; path = "NNTestClassCase4+NNTestProtocol.mm"; sourceTree = "<group>"; };
		7A81856923A7456A0070DBAD /* NNTestClassCase0.h */ = {isa = PBXFileReference; lastKnownFileType = sourcecode.c.h; path = NNTestClassCase0.h; sourceTree = "<group>"; };
		7A81856A23A7456A0070DBAD /* NNTestClassCase0.mm */ = {isa = PBXFileReference; lastKnownFileType = sourcecode.cpp.objcpp; path = NNTestClassCase0.mm; sourceTree = "<group>"; };
		7A826850237E7ED500FF9359 /* NNPopObjc.h */ = {isa = PBXFileReference; fileEncoding = 4; lastKnownFileType = sourcecode.c.h; path = NNPopObjc.h; sourceTree = "<group>"; };
		7A826852237E7ED600FF9359 /* NNPopObjcDescription.h */ = {isa = PBXFileReference; fileEncoding = 4; lastKnownFileType = sourcecode.c.h; path = NNPopObjcDescription.h; sourceTree = "<group>"; };
		7A826853237E7ED600FF9359 /* NNPopObjcDefines.h */ = {isa = PBXFileReference; fileEncoding = 4; lastKnownFileType = sourcecode.c.h; path = NNPopObjcDefines.h; sourceTree = "<group>"; };
		7A826854237E7ED600FF9359 /* NNPopObjcWhere.h */ = {isa = PBXFileReference; fileEncoding = 4; lastKnownFileType = sourcecode.c.h; path = NNPopObjcWhere.h; sourceTree = "<group>"; };
		7A826855237E7ED600FF9359 /* NNPopObjcExtension.h */ = {isa = PBXFileReference; fileEncoding = 4; lastKnownFileType = sourcecode.c.h; path = NNPopObjcExtension.h; sourceTree = "<group>"; };
		7A826856237E7ED600FF9359 /* NNPopObjcMacros.h */ = {isa = PBXFileReference; fileEncoding = 4; lastKnownFileType = sourcecode.c.h; path = NNPopObjcMacros.h; sourceTree = "<group>"; };
		7A826858237E7ED600FF9359 /* NNPopObjcMetaMacros.h */ = {isa = PBXFileReference; fileEncoding = 4; lastKnownFileType = sourcecode.c.h; path = NNPopObjcMetaMacros.h; sourceTree = "<group>"; };
		7A82685A237E7ED600FF9359 /* NNPopObjcMemory.mm */ = {isa = PBXFileReference; fileEncoding = 4; lastKnownFileType = sourcecode.cpp.objcpp; path = NNPopObjcMemory.mm; sourceTree = "<group>"; };
		7A82685B237E7ED600FF9359 /* NNPopObjcInjection.mm */ = {isa = PBXFileReference; fileEncoding = 4; lastKnownFileType = sourcecode.cpp.objcpp; path = NNPopObjcInjection.mm; sourceTree = "<group>"; };
		7A82685C237E7ED600FF9359 /* NNPopObjcInjection.h */ = {isa = PBXFileReference; fileEncoding = 4; lastKnownFileType = sourcecode.c.h; path = NNPopObjcInjection.h; sourceTree = "<group>"; };
		7A82685D237E7ED600FF9359 /* NNPopObjcProtocol.mm */ = {isa = PBXFileReference; fileEncoding = 4; lastKnownFileType = sourcecode.cpp.objcpp; path = NNPopObjcProtocol.mm; sourceTree = "<group>"; };
		7A82685E237E7ED600FF9359 /* NNPopObjcProtocol.h */ = {isa = PBXFileReference; fileEncoding = 4; lastKnownFileType = sourcecode.c.h; path = NNPopObjcProtocol.h; sourceTree = "<group>"; };
		7A82685F237E7ED600FF9359 /* NNPopObjcMemory.h */ = {isa = PBXFileReference; fileEncoding = 4; lastKnownFileType = sourcecode.c.h; path = NNPopObjcMemory.h; sourceTree = "<group>"; };
		7A82688D238244D300FF9359 /* NNPopObjcLogging.h */ = {isa = PBXFileReference; fileEncoding = 4; lastKnownFileType = sourcecode.c.h; path = NNPopObjcLogging.h; sourceTree = "<group>"; };
		7A82688E238244D300FF9359 /* NNPopObjcLogging.mm */ = {isa = PBXFileReference; fileEncoding = 4; lastKnownFileType = sourcecode.cpp.objcpp; path = NNPopObjcLogging.mm; sourceTree = "<group>"; };
		7A9E8D6C23A20DD2007FC1EC /* NNTestClassCase2.h */ = {isa = PBXFileReference; lastKnownFileType = sourcecode.c.h; path = NNTestClassCase2.h; sourceTree = "<group>"; };
		7A9E8D6D23A20DD2007FC1EC /* NNTestClassCase2.mm */ = {isa = PBXFileReference; lastKnownFileType = sourcecode.cpp.objcpp; path = NNTestClassCase2.mm; sourceTree = "<group>"; };
		7A9E8DB023A21A22007FC1EC /* NNTestClassCase3.h */ = {isa = PBXFileReference; lastKnownFileType = sourcecode.c.h; path = NNTestClassCase3.h; sourceTree = "<group>"; };
		7A9E8DB123A21A22007FC1EC /* NNTestClassCase3.mm */ = {isa = PBXFileReference; lastKnownFileType = sourcecode.cpp.objcpp; path = NNTestClassCase3.mm; sourceTree = "<group>"; };
		7A9E8DC323A337E5007FC1EC /* NNTestTrack.h */ = {isa = PBXFileReference; lastKnownFileType = sourcecode.c.h; path = NNTestTrack.h; sourceTree = "<group>"; };
		7A9E8DC423A337E5007FC1EC /* NNTestTrack.mm */ = {isa = PBXFileReference; lastKnownFileType = sourcecode.cpp.objcpp; path = NNTestTrack.mm; sourceTree = "<group>"; };
		7A9E8DC623A33825007FC1EC /* NNTestFunctionParse.h */ = {isa = PBXFileReference; lastKnownFileType = sourcecode.c.h; path = NNTestFunctionParse.h; sourceTree = "<group>"; };
		7A9E8DC723A33825007FC1EC /* NNTestFunctionParse.mm */ = {isa = PBXFileReference; lastKnownFileType = sourcecode.cpp.objcpp; path = NNTestFunctionParse.mm; sourceTree = "<group>"; };
		7A9E8DC923A339ED007FC1EC /* NSString+NNTestTrack.h */ = {isa = PBXFileReference; lastKnownFileType = sourcecode.c.h; path = "NSString+NNTestTrack.h"; sourceTree = "<group>"; };
		7A9E8DCA23A339ED007FC1EC /* NSString+NNTestTrack.mm */ = {isa = PBXFileReference; lastKnownFileType = sourcecode.cpp.objcpp; path = "NSString+NNTestTrack.mm"; sourceTree = "<group>"; };
		7AA701AC23A863980013E48F /* NNTestClassCase5.h */ = {isa = PBXFileReference; lastKnownFileType = sourcecode.c.h; path = NNTestClassCase5.h; sourceTree = "<group>"; };
		7AA701AD23A863980013E48F /* NNTestClassCase5.mm */ = {isa = PBXFileReference; lastKnownFileType = sourcecode.cpp.objcpp; path = NNTestClassCase5.mm; sourceTree = "<group>"; };
		7AA701B023A863AF0013E48F /* NNTestClassCase5+NNTestProtocol.mm */ = {isa = PBXFileReference; lastKnownFileType = sourcecode.cpp.objcpp; path = "NNTestClassCase5+NNTestProtocol.mm"; sourceTree = "<group>"; };
/* End PBXFileReference section */

/* Begin PBXFrameworksBuildPhase section */
		676979952345C78200E13282 /* Frameworks */ = {
			isa = PBXFrameworksBuildPhase;
			buildActionMask = 2147483647;
			files = (
			);
			runOnlyForDeploymentPostprocessing = 0;
		};
		6769799E2345C78300E13282 /* Frameworks */ = {
			isa = PBXFrameworksBuildPhase;
			buildActionMask = 2147483647;
			files = (
				676979A22345C78300E13282 /* NNPopObjc.framework in Frameworks */,
			);
			runOnlyForDeploymentPostprocessing = 0;
		};
/* End PBXFrameworksBuildPhase section */

/* Begin PBXGroup section */
		6769798E2345C78200E13282 = {
			isa = PBXGroup;
			children = (
				6769799A2345C78200E13282 /* NNPopObjc */,
				676979A52345C78300E13282 /* NNPopObjcTests */,
				676979992345C78200E13282 /* Products */,
			);
			sourceTree = "<group>";
		};
		676979992345C78200E13282 /* Products */ = {
			isa = PBXGroup;
			children = (
				676979982345C78200E13282 /* NNPopObjc.framework */,
				676979A12345C78300E13282 /* NNPopObjcTests.xctest */,
			);
			name = Products;
			sourceTree = "<group>";
		};
		6769799A2345C78200E13282 /* NNPopObjc */ = {
			isa = PBXGroup;
			children = (
				7A826850237E7ED500FF9359 /* NNPopObjc.h */,
				7A826851237E7ED600FF9359 /* Public */,
				7A826859237E7ED600FF9359 /* Source */,
				7A826857237E7ED600FF9359 /* extobjc */,
				6769799C2345C78200E13282 /* Info.plist */,
			);
			path = NNPopObjc;
			sourceTree = "<group>";
		};
		676979A52345C78300E13282 /* NNPopObjcTests */ = {
			isa = PBXGroup;
			children = (
				7A9E8DC223A336E7007FC1EC /* NNTestTrack */,
				67832E0D239C8DC30096DCCE /* NNTestProtocol */,
				67832E09239C8CFB0096DCCE /* NNTestClasses */,
				676979A62345C78300E13282 /* NNPopObjcTests.mm */,
				676979A82345C78300E13282 /* Info.plist */,
			);
			path = NNPopObjcTests;
			sourceTree = "<group>";
		};
		67832E09239C8CFB0096DCCE /* NNTestClasses */ = {
			isa = PBXGroup;
			children = (
				7A81856923A7456A0070DBAD /* NNTestClassCase0.h */,
				7A81856A23A7456A0070DBAD /* NNTestClassCase0.mm */,
				67832E0A239C8D290096DCCE /* NNTestClassCase1.h */,
				67832E0B239C8D290096DCCE /* NNTestClassCase1.mm */,
				7A9E8D6C23A20DD2007FC1EC /* NNTestClassCase2.h */,
				7A9E8D6D23A20DD2007FC1EC /* NNTestClassCase2.mm */,
				7A9E8DB023A21A22007FC1EC /* NNTestClassCase3.h */,
				7A9E8DB123A21A22007FC1EC /* NNTestClassCase3.mm */,
				7A81856323A72B800070DBAD /* NNTestClassCase4.h */,
				7A81856423A72B800070DBAD /* NNTestClassCase4.mm */,
				7A81856723A72CD00070DBAD /* NNTestClassCase4+NNTestProtocol.mm */,
				7AA701AC23A863980013E48F /* NNTestClassCase5.h */,
				7AA701AD23A863980013E48F /* NNTestClassCase5.mm */,
				7AA701B023A863AF0013E48F /* NNTestClassCase5+NNTestProtocol.mm */,
				7A271C8B23FFD7EC00DFE29F /* NNTestClassCase6.h */,
				7A271C8C23FFD7EC00DFE29F /* NNTestClassCase6.mm */,
				7A271C8F23FFD88200DFE29F /* NNTestClassCase6+NNTestProtocol.mm */,
			);
			path = NNTestClasses;
			sourceTree = "<group>";
		};
		67832E0D239C8DC30096DCCE /* NNTestProtocol */ = {
			isa = PBXGroup;
			children = (
				67832E02239C834E0096DCCE /* NNTestProtocol.h */,
				67832E03239C834E0096DCCE /* NNTestProtocol.mm */,
			);
			path = NNTestProtocol;
			sourceTree = "<group>";
		};
		7A826851237E7ED600FF9359 /* Public */ = {
			isa = PBXGroup;
			children = (
				7A826853237E7ED600FF9359 /* NNPopObjcDefines.h */,
				7A826852237E7ED600FF9359 /* NNPopObjcDescription.h */,
				7A826855237E7ED600FF9359 /* NNPopObjcExtension.h */,
				7A826856237E7ED600FF9359 /* NNPopObjcMacros.h */,
				7A826854237E7ED600FF9359 /* NNPopObjcWhere.h */,
				7A67D44A2398D1C100EEDF5B /* NNPopObjcScope.h */,
			);
			path = Public;
			sourceTree = "<group>";
		};
		7A826857237E7ED600FF9359 /* extobjc */ = {
			isa = PBXGroup;
			children = (
				7A826858237E7ED600FF9359 /* NNPopObjcMetaMacros.h */,
			);
			path = extobjc;
			sourceTree = "<group>";
		};
		7A826859237E7ED600FF9359 /* Source */ = {
			isa = PBXGroup;
			children = (
				7A82685C237E7ED600FF9359 /* NNPopObjcInjection.h */,
				7A82685B237E7ED600FF9359 /* NNPopObjcInjection.mm */,
				7A82685F237E7ED600FF9359 /* NNPopObjcMemory.h */,
				7A82685A237E7ED600FF9359 /* NNPopObjcMemory.mm */,
				7A82685E237E7ED600FF9359 /* NNPopObjcProtocol.h */,
				7A82685D237E7ED600FF9359 /* NNPopObjcProtocol.mm */,
				7A82688D238244D300FF9359 /* NNPopObjcLogging.h */,
				7A82688E238244D300FF9359 /* NNPopObjcLogging.mm */,
			);
			path = Source;
			sourceTree = "<group>";
		};
		7A9E8DC223A336E7007FC1EC /* NNTestTrack */ = {
			isa = PBXGroup;
			children = (
				7A9E8DC323A337E5007FC1EC /* NNTestTrack.h */,
				7A9E8DC423A337E5007FC1EC /* NNTestTrack.mm */,
				7A9E8DC623A33825007FC1EC /* NNTestFunctionParse.h */,
				7A9E8DC723A33825007FC1EC /* NNTestFunctionParse.mm */,
				7A9E8DC923A339ED007FC1EC /* NSString+NNTestTrack.h */,
				7A9E8DCA23A339ED007FC1EC /* NSString+NNTestTrack.mm */,
			);
			path = NNTestTrack;
			sourceTree = "<group>";
		};
/* End PBXGroup section */

/* Begin PBXHeadersBuildPhase section */
		676979932345C78200E13282 /* Headers */ = {
			isa = PBXHeadersBuildPhase;
			buildActionMask = 2147483647;
			files = (
				7A826872237E8A5E00FF9359 /* NNPopObjc.h in Headers */,
				7A82686D237E8A5A00FF9359 /* NNPopObjcDefines.h in Headers */,
				7A82686E237E8A5A00FF9359 /* NNPopObjcDescription.h in Headers */,
				7A82686F237E8A5A00FF9359 /* NNPopObjcExtension.h in Headers */,
				7A826870237E8A5A00FF9359 /* NNPopObjcMacros.h in Headers */,
				7A82688F238244D300FF9359 /* NNPopObjcLogging.h in Headers */,
				7A67D44B2398D26200EEDF5B /* NNPopObjcScope.h in Headers */,
				7A826871237E8A5A00FF9359 /* NNPopObjcWhere.h in Headers */,
				7A826873237E8B2800FF9359 /* NNPopObjcMetaMacros.h in Headers */,
				7A826874237E8B3500FF9359 /* NNPopObjcInjection.h in Headers */,
				7A826875237E8B3500FF9359 /* NNPopObjcMemory.h in Headers */,
				7A826876237E8B3500FF9359 /* NNPopObjcProtocol.h in Headers */,
			);
			runOnlyForDeploymentPostprocessing = 0;
		};
/* End PBXHeadersBuildPhase section */

/* Begin PBXNativeTarget section */
		676979972345C78200E13282 /* NNPopObjc */ = {
			isa = PBXNativeTarget;
			buildConfigurationList = 676979AC2345C78300E13282 /* Build configuration list for PBXNativeTarget "NNPopObjc" */;
			buildPhases = (
				676979932345C78200E13282 /* Headers */,
				676979942345C78200E13282 /* Sources */,
				676979952345C78200E13282 /* Frameworks */,
				676979962345C78200E13282 /* Resources */,
			);
			buildRules = (
			);
			dependencies = (
			);
			name = NNPopObjc;
			productName = NNPopObjc;
			productReference = 676979982345C78200E13282 /* NNPopObjc.framework */;
			productType = "com.apple.product-type.framework";
		};
		676979A02345C78300E13282 /* NNPopObjcTests */ = {
			isa = PBXNativeTarget;
			buildConfigurationList = 676979AF2345C78300E13282 /* Build configuration list for PBXNativeTarget "NNPopObjcTests" */;
			buildPhases = (
				6769799D2345C78300E13282 /* Sources */,
				6769799E2345C78300E13282 /* Frameworks */,
				6769799F2345C78300E13282 /* Resources */,
			);
			buildRules = (
			);
			dependencies = (
				676979A42345C78300E13282 /* PBXTargetDependency */,
			);
			name = NNPopObjcTests;
			productName = NNPopObjcTests;
			productReference = 676979A12345C78300E13282 /* NNPopObjcTests.xctest */;
			productType = "com.apple.product-type.bundle.unit-test";
		};
/* End PBXNativeTarget section */

/* Begin PBXProject section */
		6769798F2345C78200E13282 /* Project object */ = {
			isa = PBXProject;
			attributes = {
				LastUpgradeCheck = 1100;
				ORGANIZATIONNAME = GuHaiJun;
				TargetAttributes = {
					676979972345C78200E13282 = {
						CreatedOnToolsVersion = 11.0;
					};
					676979A02345C78300E13282 = {
						CreatedOnToolsVersion = 11.0;
					};
				};
			};
			buildConfigurationList = 676979922345C78200E13282 /* Build configuration list for PBXProject "NNPopObjc" */;
			compatibilityVersion = "Xcode 9.3";
			developmentRegion = en;
			hasScannedForEncodings = 0;
			knownRegions = (
				en,
				Base,
			);
			mainGroup = 6769798E2345C78200E13282;
			productRefGroup = 676979992345C78200E13282 /* Products */;
			projectDirPath = "";
			projectRoot = "";
			targets = (
				676979972345C78200E13282 /* NNPopObjc */,
				676979A02345C78300E13282 /* NNPopObjcTests */,
			);
		};
/* End PBXProject section */

/* Begin PBXResourcesBuildPhase section */
		676979962345C78200E13282 /* Resources */ = {
			isa = PBXResourcesBuildPhase;
			buildActionMask = 2147483647;
			files = (
			);
			runOnlyForDeploymentPostprocessing = 0;
		};
		6769799F2345C78300E13282 /* Resources */ = {
			isa = PBXResourcesBuildPhase;
			buildActionMask = 2147483647;
			files = (
			);
			runOnlyForDeploymentPostprocessing = 0;
		};
/* End PBXResourcesBuildPhase section */

/* Begin PBXSourcesBuildPhase section */
		676979942345C78200E13282 /* Sources */ = {
			isa = PBXSourcesBuildPhase;
			buildActionMask = 2147483647;
			files = (
				7A826867237E7ED600FF9359 /* NNPopObjcMemory.mm in Sources */,
				7A826868237E7ED600FF9359 /* NNPopObjcInjection.mm in Sources */,
				7A82686A237E7ED600FF9359 /* NNPopObjcProtocol.mm in Sources */,
				7A826890238244D300FF9359 /* NNPopObjcLogging.mm in Sources */,
			);
			runOnlyForDeploymentPostprocessing = 0;
		};
		6769799D2345C78300E13282 /* Sources */ = {
			isa = PBXSourcesBuildPhase;
			buildActionMask = 2147483647;
			files = (
				7A9E8D6E23A20DD2007FC1EC /* NNTestClassCase2.mm in Sources */,
				7A271C8D23FFD7EC00DFE29F /* NNTestClassCase6.mm in Sources */,
				7A81856B23A7456A0070DBAD /* NNTestClassCase0.mm in Sources */,
				676979A72345C78300E13282 /* NNPopObjcTests.mm in Sources */,
				7A271C9023FFD88200DFE29F /* NNTestClassCase6+NNTestProtocol.mm in Sources */,
				67832E0C239C8D290096DCCE /* NNTestClassCase1.mm in Sources */,
				7A9E8DC523A337E5007FC1EC /* NNTestTrack.mm in Sources */,
				7A81856523A72B800070DBAD /* NNTestClassCase4.mm in Sources */,
				67832E04239C834E0096DCCE /* NNTestProtocol.mm in Sources */,
				7A9E8DCB23A339ED007FC1EC /* NSString+NNTestTrack.mm in Sources */,
				7AA701B123A863AF0013E48F /* NNTestClassCase5+NNTestProtocol.mm in Sources */,
				7AA701AE23A863980013E48F /* NNTestClassCase5.mm in Sources */,
				7A9E8DB223A21A22007FC1EC /* NNTestClassCase3.mm in Sources */,
				7A81856823A72CD00070DBAD /* NNTestClassCase4+NNTestProtocol.mm in Sources */,
				7A9E8DC823A33825007FC1EC /* NNTestFunctionParse.mm in Sources */,
			);
			runOnlyForDeploymentPostprocessing = 0;
		};
/* End PBXSourcesBuildPhase section */

/* Begin PBXTargetDependency section */
		676979A42345C78300E13282 /* PBXTargetDependency */ = {
			isa = PBXTargetDependency;
			target = 676979972345C78200E13282 /* NNPopObjc */;
			targetProxy = 676979A32345C78300E13282 /* PBXContainerItemProxy */;
		};
/* End PBXTargetDependency section */

/* Begin XCBuildConfiguration section */
		676979AA2345C78300E13282 /* Debug */ = {
			isa = XCBuildConfiguration;
			buildSettings = {
				ALWAYS_SEARCH_USER_PATHS = NO;
				CLANG_ANALYZER_NONNULL = YES;
				CLANG_ANALYZER_NUMBER_OBJECT_CONVERSION = YES_AGGRESSIVE;
				CLANG_CXX_LANGUAGE_STANDARD = "gnu++14";
				CLANG_CXX_LIBRARY = "libc++";
				CLANG_ENABLE_MODULES = YES;
				CLANG_ENABLE_OBJC_ARC = YES;
				CLANG_ENABLE_OBJC_WEAK = YES;
				CLANG_WARN_BLOCK_CAPTURE_AUTORELEASING = YES;
				CLANG_WARN_BOOL_CONVERSION = YES;
				CLANG_WARN_COMMA = YES;
				CLANG_WARN_CONSTANT_CONVERSION = YES;
				CLANG_WARN_DEPRECATED_OBJC_IMPLEMENTATIONS = YES;
				CLANG_WARN_DIRECT_OBJC_ISA_USAGE = YES_ERROR;
				CLANG_WARN_DOCUMENTATION_COMMENTS = YES;
				CLANG_WARN_EMPTY_BODY = YES;
				CLANG_WARN_ENUM_CONVERSION = YES;
				CLANG_WARN_INFINITE_RECURSION = YES;
				CLANG_WARN_INT_CONVERSION = YES;
				CLANG_WARN_NON_LITERAL_NULL_CONVERSION = YES;
				CLANG_WARN_OBJC_IMPLICIT_RETAIN_SELF = YES;
				CLANG_WARN_OBJC_LITERAL_CONVERSION = YES;
				CLANG_WARN_OBJC_ROOT_CLASS = YES_ERROR;
				CLANG_WARN_RANGE_LOOP_ANALYSIS = YES;
				CLANG_WARN_STRICT_PROTOTYPES = YES;
				CLANG_WARN_SUSPICIOUS_MOVE = YES;
				CLANG_WARN_UNGUARDED_AVAILABILITY = YES_AGGRESSIVE;
				CLANG_WARN_UNREACHABLE_CODE = YES;
				CLANG_WARN__DUPLICATE_METHOD_MATCH = YES;
				COPY_PHASE_STRIP = NO;
				CURRENT_PROJECT_VERSION = 1;
				DEBUG_INFORMATION_FORMAT = dwarf;
				ENABLE_STRICT_OBJC_MSGSEND = YES;
				ENABLE_TESTABILITY = YES;
				GCC_C_LANGUAGE_STANDARD = gnu11;
				GCC_DYNAMIC_NO_PIC = NO;
				GCC_NO_COMMON_BLOCKS = YES;
				GCC_OPTIMIZATION_LEVEL = 0;
				GCC_PREPROCESSOR_DEFINITIONS = (
					"DEBUG=1",
					"$(inherited)",
				);
				GCC_WARN_64_TO_32_BIT_CONVERSION = YES;
				GCC_WARN_ABOUT_RETURN_TYPE = YES_ERROR;
				GCC_WARN_UNDECLARED_SELECTOR = YES;
				GCC_WARN_UNINITIALIZED_AUTOS = YES_AGGRESSIVE;
				GCC_WARN_UNUSED_FUNCTION = YES;
				GCC_WARN_UNUSED_VARIABLE = YES;
				IPHONEOS_DEPLOYMENT_TARGET = 8.0;
				MACOSX_DEPLOYMENT_TARGET = 10.6;
				MTL_ENABLE_DEBUG_INFO = INCLUDE_SOURCE;
				MTL_FAST_MATH = YES;
				ONLY_ACTIVE_ARCH = YES;
				SDKROOT = iphoneos;
				TARGETED_DEVICE_FAMILY = "1,2";
				TVOS_DEPLOYMENT_TARGET = 9.0;
				VERSIONING_SYSTEM = "apple-generic";
				VERSION_INFO_PREFIX = "";
				WATCHOS_DEPLOYMENT_TARGET = 2.0;
			};
			name = Debug;
		};
		676979AB2345C78300E13282 /* Release */ = {
			isa = XCBuildConfiguration;
			buildSettings = {
				ALWAYS_SEARCH_USER_PATHS = NO;
				CLANG_ANALYZER_NONNULL = YES;
				CLANG_ANALYZER_NUMBER_OBJECT_CONVERSION = YES_AGGRESSIVE;
				CLANG_CXX_LANGUAGE_STANDARD = "gnu++14";
				CLANG_CXX_LIBRARY = "libc++";
				CLANG_ENABLE_MODULES = YES;
				CLANG_ENABLE_OBJC_ARC = YES;
				CLANG_ENABLE_OBJC_WEAK = YES;
				CLANG_WARN_BLOCK_CAPTURE_AUTORELEASING = YES;
				CLANG_WARN_BOOL_CONVERSION = YES;
				CLANG_WARN_COMMA = YES;
				CLANG_WARN_CONSTANT_CONVERSION = YES;
				CLANG_WARN_DEPRECATED_OBJC_IMPLEMENTATIONS = YES;
				CLANG_WARN_DIRECT_OBJC_ISA_USAGE = YES_ERROR;
				CLANG_WARN_DOCUMENTATION_COMMENTS = YES;
				CLANG_WARN_EMPTY_BODY = YES;
				CLANG_WARN_ENUM_CONVERSION = YES;
				CLANG_WARN_INFINITE_RECURSION = YES;
				CLANG_WARN_INT_CONVERSION = YES;
				CLANG_WARN_NON_LITERAL_NULL_CONVERSION = YES;
				CLANG_WARN_OBJC_IMPLICIT_RETAIN_SELF = YES;
				CLANG_WARN_OBJC_LITERAL_CONVERSION = YES;
				CLANG_WARN_OBJC_ROOT_CLASS = YES_ERROR;
				CLANG_WARN_RANGE_LOOP_ANALYSIS = YES;
				CLANG_WARN_STRICT_PROTOTYPES = YES;
				CLANG_WARN_SUSPICIOUS_MOVE = YES;
				CLANG_WARN_UNGUARDED_AVAILABILITY = YES_AGGRESSIVE;
				CLANG_WARN_UNREACHABLE_CODE = YES;
				CLANG_WARN__DUPLICATE_METHOD_MATCH = YES;
				COPY_PHASE_STRIP = NO;
				CURRENT_PROJECT_VERSION = 1;
				DEBUG_INFORMATION_FORMAT = "dwarf-with-dsym";
				ENABLE_NS_ASSERTIONS = NO;
				ENABLE_STRICT_OBJC_MSGSEND = YES;
				GCC_C_LANGUAGE_STANDARD = gnu11;
				GCC_NO_COMMON_BLOCKS = YES;
				GCC_WARN_64_TO_32_BIT_CONVERSION = YES;
				GCC_WARN_ABOUT_RETURN_TYPE = YES_ERROR;
				GCC_WARN_UNDECLARED_SELECTOR = YES;
				GCC_WARN_UNINITIALIZED_AUTOS = YES_AGGRESSIVE;
				GCC_WARN_UNUSED_FUNCTION = YES;
				GCC_WARN_UNUSED_VARIABLE = YES;
				IPHONEOS_DEPLOYMENT_TARGET = 8.0;
				MACOSX_DEPLOYMENT_TARGET = 10.6;
				MTL_ENABLE_DEBUG_INFO = NO;
				MTL_FAST_MATH = YES;
				SDKROOT = iphoneos;
				TARGETED_DEVICE_FAMILY = "1,2";
				TVOS_DEPLOYMENT_TARGET = 9.0;
				VALIDATE_PRODUCT = YES;
				VERSIONING_SYSTEM = "apple-generic";
				VERSION_INFO_PREFIX = "";
				WATCHOS_DEPLOYMENT_TARGET = 2.0;
			};
			name = Release;
		};
		676979AD2345C78300E13282 /* Debug */ = {
			isa = XCBuildConfiguration;
			buildSettings = {
				CODE_SIGN_STYLE = Automatic;
				DEFINES_MODULE = YES;
				DYLIB_COMPATIBILITY_VERSION = 1;
				DYLIB_CURRENT_VERSION = 1;
				DYLIB_INSTALL_NAME_BASE = "@rpath";
				INFOPLIST_FILE = NNPopObjc/Info.plist;
				INSTALL_PATH = "$(LOCAL_LIBRARY_DIR)/Frameworks";
				LD_RUNPATH_SEARCH_PATHS = (
					"$(inherited)",
					"@executable_path/Frameworks",
					"@loader_path/Frameworks",
				);
				MACOSX_DEPLOYMENT_TARGET = 10.7;
				PRODUCT_BUNDLE_IDENTIFIER = com.nn.NNPopObjc;
				PRODUCT_NAME = "$(TARGET_NAME:c99extidentifier)";
				SKIP_INSTALL = YES;
				SUPPORTS_MACCATALYST = NO;
				TARGETED_DEVICE_FAMILY = "1,2";
				TVOS_DEPLOYMENT_TARGET = 9.0;
				WATCHOS_DEPLOYMENT_TARGET = 2.0;
			};
			name = Debug;
		};
		676979AE2345C78300E13282 /* Release */ = {
			isa = XCBuildConfiguration;
			buildSettings = {
				CODE_SIGN_STYLE = Automatic;
				DEFINES_MODULE = YES;
				DYLIB_COMPATIBILITY_VERSION = 1;
				DYLIB_CURRENT_VERSION = 1;
				DYLIB_INSTALL_NAME_BASE = "@rpath";
				INFOPLIST_FILE = NNPopObjc/Info.plist;
				INSTALL_PATH = "$(LOCAL_LIBRARY_DIR)/Frameworks";
				LD_RUNPATH_SEARCH_PATHS = (
					"$(inherited)",
					"@executable_path/Frameworks",
					"@loader_path/Frameworks",
				);
				MACOSX_DEPLOYMENT_TARGET = 10.7;
				PRODUCT_BUNDLE_IDENTIFIER = com.nn.NNPopObjc;
				PRODUCT_NAME = "$(TARGET_NAME:c99extidentifier)";
				SKIP_INSTALL = YES;
				SUPPORTS_MACCATALYST = NO;
				TARGETED_DEVICE_FAMILY = "1,2";
				TVOS_DEPLOYMENT_TARGET = 9.0;
				WATCHOS_DEPLOYMENT_TARGET = 2.0;
			};
			name = Release;
		};
		676979B02345C78300E13282 /* Debug */ = {
			isa = XCBuildConfiguration;
			buildSettings = {
				CODE_SIGN_STYLE = Automatic;
				INFOPLIST_FILE = NNPopObjcTests/Info.plist;
				LD_RUNPATH_SEARCH_PATHS = (
					"$(inherited)",
					"@executable_path/Frameworks",
					"@loader_path/Frameworks",
				);
				PRODUCT_BUNDLE_IDENTIFIER = com.nn.NNPopObjcTests;
				PRODUCT_NAME = "$(TARGET_NAME)";
				TARGETED_DEVICE_FAMILY = "1,2";
			};
			name = Debug;
		};
		676979B12345C78300E13282 /* Release */ = {
			isa = XCBuildConfiguration;
			buildSettings = {
				CODE_SIGN_STYLE = Automatic;
				INFOPLIST_FILE = NNPopObjcTests/Info.plist;
				LD_RUNPATH_SEARCH_PATHS = (
					"$(inherited)",
					"@executable_path/Frameworks",
					"@loader_path/Frameworks",
				);
				PRODUCT_BUNDLE_IDENTIFIER = com.nn.NNPopObjcTests;
				PRODUCT_NAME = "$(TARGET_NAME)";
				TARGETED_DEVICE_FAMILY = "1,2";
			};
			name = Release;
		};
/* End XCBuildConfiguration section */

/* Begin XCConfigurationList section */
		676979922345C78200E13282 /* Build configuration list for PBXProject "NNPopObjc" */ = {
			isa = XCConfigurationList;
			buildConfigurations = (
				676979AA2345C78300E13282 /* Debug */,
				676979AB2345C78300E13282 /* Release */,
			);
			defaultConfigurationIsVisible = 0;
			defaultConfigurationName = Release;
		};
		676979AC2345C78300E13282 /* Build configuration list for PBXNativeTarget "NNPopObjc" */ = {
			isa = XCConfigurationList;
			buildConfigurations = (
				676979AD2345C78300E13282 /* Debug */,
				676979AE2345C78300E13282 /* Release */,
			);
			defaultConfigurationIsVisible = 0;
			defaultConfigurationName = Release;
		};
		676979AF2345C78300E13282 /* Build configuration list for PBXNativeTarget "NNPopObjcTests" */ = {
			isa = XCConfigurationList;
			buildConfigurations = (
				676979B02345C78300E13282 /* Debug */,
				676979B12345C78300E13282 /* Release */,
			);
			defaultConfigurationIsVisible = 0;
			defaultConfigurationName = Release;
		};
/* End XCConfigurationList section */
	};
	rootObject = 6769798F2345C78200E13282 /* Project object */;
}
